
Microsoft Visual Studio Solution File, Format Version 11.00
# Visual Studio 2010
Project("{8BC9CEB8-8B4A-11D0-8D11-00A0C91BC942}") = "Explorer++FR", "Explorer++FR\Explorer++FR.vcxproj", "{1610CD3C-0F28-46D8-8BB3-8DF637614AA0}"
EndProject
Global
	GlobalSection(SolutionConfigurationPlatforms) = preSolution
		Debug|Win32 = Debug|Win32
		Release|Win32 = Release|Win32
	EndGlobalSection
	GlobalSection(ProjectConfigurationPlatforms) = postSolution
		{1610CD3C-0F28-46D8-8BB3-8DF637614AA0}.Debug|Win32.ActiveCfg = Debug|Win32
		{1610CD3C-0F28-46D8-8BB3-8DF637614AA0}.Debug|Win32.Build.0 = Debug|Win32
		{1610CD3C-0F28-46D8-8BB3-8DF637614AA0}.Release|Win32.ActiveCfg = Release|Win32
		{1610CD3C-0F28-46D8-8BB3-8DF637614AA0}.Release|Win32.Build.0 = Release|Win32
	EndGlobalSection
	GlobalSection(SolutionProperties) = preSolution
		HideSolutionNode = FALSE
	EndGlobalSection
EndGlobal
