
Microsoft Visual Studio Solution File, Format Version 10.00
# Visual Studio 2008
Project("{8BC9CEB8-8B4A-11D0-8D11-00A0C91BC942}") = "Explorer++DE", "Explorer++DE\Explorer++DE.vcproj", "{866A029F-39B3-4FA4-9FBD-45C2F24CDB11}"
EndProject
Global
	GlobalSection(SolutionConfigurationPlatforms) = preSolution
		Debug|Win32 = Debug|Win32
		Release|Win32 = Release|Win32
	EndGlobalSection
	GlobalSection(ProjectConfigurationPlatforms) = postSolution
		{866A029F-39B3-4FA4-9FBD-45C2F24CDB11}.Debug|Win32.ActiveCfg = Debug|Win32
		{866A029F-39B3-4FA4-9FBD-45C2F24CDB11}.Debug|Win32.Build.0 = Debug|Win32
		{866A029F-39B3-4FA4-9FBD-45C2F24CDB11}.Release|Win32.ActiveCfg = Release|Win32
		{866A029F-39B3-4FA4-9FBD-45C2F24CDB11}.Release|Win32.Build.0 = Release|Win32
	EndGlobalSection
	GlobalSection(SolutionProperties) = preSolution
		HideSolutionNode = FALSE
	EndGlobalSection
EndGlobal
