
Microsoft Visual Studio Solution File, Format Version 10.00
# Visual Studio 2008
Project("{8BC9CEB8-8B4A-11D0-8D11-00A0C91BC942}") = "Versioner", "Versioner\Versioner.vcproj", "{08C63CA5-6507-4A7E-9EFE-4B22AB4D1A66}"
EndProject
Global
	GlobalSection(SolutionConfigurationPlatforms) = preSolution
		Debug|Win32 = Debug|Win32
		Release|Win32 = Release|Win32
	EndGlobalSection
	GlobalSection(ProjectConfigurationPlatforms) = postSolution
		{08C63CA5-6507-4A7E-9EFE-4B22AB4D1A66}.Debug|Win32.ActiveCfg = Release|Win32
		{08C63CA5-6507-4A7E-9EFE-4B22AB4D1A66}.Debug|Win32.Build.0 = Release|Win32
		{08C63CA5-6507-4A7E-9EFE-4B22AB4D1A66}.Release|Win32.ActiveCfg = Release|Win32
		{08C63CA5-6507-4A7E-9EFE-4B22AB4D1A66}.Release|Win32.Build.0 = Release|Win32
	EndGlobalSection
	GlobalSection(SolutionProperties) = preSolution
		HideSolutionNode = FALSE
	EndGlobalSection
EndGlobal
