
Microsoft Visual Studio Solution File, Format Version 11.00
# Visual Studio 2010
Project("{8BC9CEB8-8B4A-11D0-8D11-00A0C91BC942}") = "Explorer++KO", "Explorer++KO\Explorer++KO.vcxproj", "{EA394F59-EA04-49BE-85FE-8801452BFCE3}"
EndProject
Global
	GlobalSection(SolutionConfigurationPlatforms) = preSolution
		Debug|Win32 = Debug|Win32
		Release|Win32 = Release|Win32
	EndGlobalSection
	GlobalSection(ProjectConfigurationPlatforms) = postSolution
		{EA394F59-EA04-49BE-85FE-8801452BFCE3}.Debug|Win32.ActiveCfg = Debug|Win32
		{EA394F59-EA04-49BE-85FE-8801452BFCE3}.Debug|Win32.Build.0 = Debug|Win32
		{EA394F59-EA04-49BE-85FE-8801452BFCE3}.Release|Win32.ActiveCfg = Release|Win32
		{EA394F59-EA04-49BE-85FE-8801452BFCE3}.Release|Win32.Build.0 = Release|Win32
	EndGlobalSection
	GlobalSection(SolutionProperties) = preSolution
		HideSolutionNode = FALSE
	EndGlobalSection
EndGlobal
