<?xml version="1.0" encoding="utf-8"?>
<Project ToolsVersion="4.0" xmlns="http://schemas.microsoft.com/developer/msbuild/2003">
  <ItemGroup>
    <ClCompile Include="Bookmarks\BookmarkHelper.cpp">
      <Filter>Bookmarks</Filter>
    </ClCompile>
    <ClCompile Include="TabBackingHandler.cpp">
      <Filter>Tabs</Filter>
    </ClCompile>
    <ClCompile Include="TabContainer.cpp">
      <Filter>Tabs</Filter>
    </ClCompile>
    <ClCompile Include="TabHandler.cpp">
      <Filter>Tabs</Filter>
    </ClCompile>
    <ClCompile Include="DialogHelper.cpp">
      <Filter>Dialog Support</Filter>
    </ClCompile>
    <ClCompile Include="AboutDialog.cpp">
      <Filter>General Dialogs</Filter>
    </ClCompile>
    <ClCompile Include="DestroyFilesDialog.cpp">
      <Filter>General Dialogs</Filter>
    </ClCompile>
    <ClCompile Include="DisplayColoursDialog.cpp">
      <Filter>General Dialogs</Filter>
    </ClCompile>
    <ClCompile Include="FilterDialog.cpp">
      <Filter>General Dialogs</Filter>
    </ClCompile>
    <ClCompile Include="MassRenameDialog.cpp">
      <Filter>General Dialogs</Filter>
    </ClCompile>
    <ClCompile Include="MergeFilesDialog.cpp">
      <Filter>General Dialogs</Filter>
    </ClCompile>
    <ClCompile Include="RenameTabDialog.cpp">
      <Filter>Tabs</Filter>
    </ClCompile>
    <ClCompile Include="SelectColumnsDialog.cpp">
      <Filter>General Dialogs</Filter>
    </ClCompile>
    <ClCompile Include="SetDefaultColumnsDialog.cpp">
      <Filter>General Dialogs</Filter>
    </ClCompile>
    <ClCompile Include="SetFileAttributesDialog.cpp">
      <Filter>General Dialogs</Filter>
    </ClCompile>
    <ClCompile Include="SplitFileDialog.cpp">
      <Filter>General Dialogs</Filter>
    </ClCompile>
    <ClCompile Include="UpdateCheckDialog.cpp">
      <Filter>General Dialogs</Filter>
    </ClCompile>
    <ClCompile Include="WildcardSelectDialog.cpp">
      <Filter>General Dialogs</Filter>
    </ClCompile>
    <ClCompile Include="SearchDialog.cpp">
      <Filter>General Dialogs</Filter>
    </ClCompile>
    <ClCompile Include="EventSwitcher.cpp">
      <Filter>Core</Filter>
    </ClCompile>
    <ClCompile Include="Explorer++.cpp">
      <Filter>Core</Filter>
    </ClCompile>
    <ClCompile Include="HandleWindowState.cpp">
      <Filter>Core</Filter>
    </ClCompile>
    <ClCompile Include="Initialization.cpp">
      <Filter>Core</Filter>
    </ClCompile>
    <ClCompile Include="ListViewHandler.cpp">
      <Filter>Core</Filter>
    </ClCompile>
    <ClCompile Include="MainWndSwitch.cpp">
      <Filter>Core</Filter>
    </ClCompile>
    <ClCompile Include="Misc.cpp">
      <Filter>Core</Filter>
    </ClCompile>
    <ClCompile Include="MsgHandler.cpp">
      <Filter>Core</Filter>
    </ClCompile>
    <ClCompile Include="WindowHandler.cpp">
      <Filter>Core</Filter>
    </ClCompile>
    <ClCompile Include="IDropFilesCallback.cpp">
      <Filter>Core</Filter>
    </ClCompile>
    <ClCompile Include="TreeViewHandler.cpp">
      <Filter>Core</Filter>
    </ClCompile>
    <ClCompile Include="ShellContextMenuHandler.cpp">
      <Filter>Context Menu Support</Filter>
    </ClCompile>
    <ClCompile Include="TaskbarThumbnails.cpp">
      <Filter>Core</Filter>
    </ClCompile>
    <ClCompile Include="stdafx.cpp">
      <Filter>Core</Filter>
    </ClCompile>
    <ClCompile Include="WinMain.cpp">
      <Filter>Core</Filter>
    </ClCompile>
    <ClCompile Include="XMLSettings.cpp">
      <Filter>Settings</Filter>
    </ClCompile>
    <ClCompile Include="RegistrySettings.cpp">
      <Filter>Settings</Filter>
    </ClCompile>
    <ClCompile Include="Language.cpp">
      <Filter>Core</Filter>
    </ClCompile>
    <ClCompile Include="MainMenuHandler.cpp">
      <Filter>Core</Filter>
    </ClCompile>
    <ClCompile Include="DisplayWindow.cpp">
      <Filter>Core</Filter>
    </ClCompile>
    <ClCompile Include="HolderWindow.cpp">
      <Filter>Holder Window</Filter>
    </ClCompile>
    <ClCompile Include="ShellBrowser\BrowsingHandler.cpp">
      <Filter>ShellBrowser</Filter>
    </ClCompile>
    <ClCompile Include="ShellBrowser\ColumnManager.cpp">
      <Filter>ShellBrowser</Filter>
    </ClCompile>
    <ClCompile Include="ShellBrowser\DirectoryModificationHandler.cpp">
      <Filter>ShellBrowser</Filter>
    </ClCompile>
    <ClCompile Include="ShellBrowser\GroupManager.cpp">
      <Filter>ShellBrowser</Filter>
    </ClCompile>
    <ClCompile Include="ShellBrowser\HandleThumbnails.cpp">
      <Filter>ShellBrowser</Filter>
    </ClCompile>
    <ClCompile Include="ShellBrowser\SortManager.cpp">
      <Filter>ShellBrowser</Filter>
    </ClCompile>
    <ClCompile Include="ShellBrowser\ListView.cpp">
      <Filter>ShellBrowser</Filter>
    </ClCompile>
    <ClCompile Include="ShellBrowser\ColumnDataRetrieval.cpp">
      <Filter>ShellBrowser</Filter>
    </ClCompile>
    <ClCompile Include="MainToolbar.cpp">
      <Filter>Main Toolbar</Filter>
    </ClCompile>
    <ClCompile Include="ShellBrowser\ViewModes.cpp">
      <Filter>ShellBrowser</Filter>
    </ClCompile>
    <ClCompile Include="FileSelectionTests.cpp">
      <Filter>Core</Filter>
    </ClCompile>
    <ClCompile Include="ScriptingDialog.cpp">
      <Filter>General Dialogs</Filter>
    </ClCompile>
    <ClCompile Include="Plugins\LuaPlugin.cpp">
      <Filter>Plugins</Filter>
    </ClCompile>
    <ClCompile Include="Plugins\ApiBinding.cpp">
      <Filter>Plugins</Filter>
    </ClCompile>
    <ClCompile Include="Plugins\MenuApi.cpp">
      <Filter>Plugins</Filter>
    </ClCompile>
    <ClCompile Include="Plugins\PluginMenuManager.cpp">
      <Filter>Plugins</Filter>
    </ClCompile>
    <ClCompile Include="Plugins\Manifest.cpp">
      <Filter>Plugins</Filter>
    </ClCompile>
    <ClCompile Include="Plugins\PluginManager.cpp">
      <Filter>Plugins</Filter>
    </ClCompile>
    <ClCompile Include="PluginInitialization.cpp">
      <Filter>Core</Filter>
    </ClCompile>
    <ClCompile Include="Plugins\UiApi.cpp">
      <Filter>Plugins</Filter>
    </ClCompile>
    <ClCompile Include="UiTheming.cpp">
      <Filter>Core</Filter>
    </ClCompile>
    <ClCompile Include="Plugins\AcceleratorParser.cpp">
      <Filter>Plugins</Filter>
    </ClCompile>
    <ClCompile Include="MainRebar.cpp">
      <Filter>Core</Filter>
    </ClCompile>
    <ClCompile Include="Plugins\PluginCommandManager.cpp">
      <Filter>Plugins</Filter>
    </ClCompile>
    <ClCompile Include="PluginInterface.cpp">
      <Filter>Core</Filter>
    </ClCompile>
    <ClCompile Include="FileProgressSink.cpp">
      <Filter>Core</Filter>
    </ClCompile>
    <ClCompile Include="Tab.cpp">
      <Filter>Tabs</Filter>
    </ClCompile>
    <ClCompile Include="Plugins\Event.cpp">
      <Filter>Plugins</Filter>
    </ClCompile>
    <ClCompile Include="Plugins\TabsApi\TabsApi.cpp">
      <Filter>Plugins\TabsApi</Filter>
    </ClCompile>
    <ClCompile Include="Plugins\TabsApi\Events\TabCreated.cpp">
      <Filter>Plugins\TabsApi\Events</Filter>
    </ClCompile>
    <ClCompile Include="Plugins\TabsApi\Events\TabMoved.cpp">
      <Filter>Plugins\TabsApi\Events</Filter>
    </ClCompile>
    <ClCompile Include="Plugins\TabsApi\Events\TabRemoved.cpp">
      <Filter>Plugins\TabsApi\Events</Filter>
    </ClCompile>
    <ClCompile Include="Plugins\CommandApi\Events\CommandInvoked.cpp">
      <Filter>Plugins\CommandApi\Events</Filter>
    </ClCompile>
    <ClCompile Include="Plugins\TabsApi\Events\TabUpdated.cpp">
      <Filter>Plugins\TabsApi\Events</Filter>
    </ClCompile>
    <ClCompile Include="Plugins\TabsApi\TabProperties.cpp">
      <Filter>Plugins\TabsApi</Filter>
    </ClCompile>
    <ClCompile Include="AddressBar.cpp">
      <Filter>Core</Filter>
    </ClCompile>
    <ClCompile Include="StatusBar.cpp">
      <Filter>Core</Filter>
    </ClCompile>
    <ClCompile Include="LoadSaveRegistry.cpp">
      <Filter>Core</Filter>
    </ClCompile>
    <ClCompile Include="LoadSaveXml.cpp">
      <Filter>Core</Filter>
    </ClCompile>
    <ClCompile Include="MainWindow.cpp">
      <Filter>Core</Filter>
    </ClCompile>
    <ClCompile Include="ResourceHelper.cpp">
      <Filter>Core</Filter>
    </ClCompile>
    <ClCompile Include="CommandLine.cpp">
      <Filter>Core</Filter>
    </ClCompile>
    <ClCompile Include="Console.cpp">
      <Filter>Core</Filter>
    </ClCompile>
    <ClCompile Include="AcceleratorUpdater.cpp">
      <Filter>Core</Filter>
    </ClCompile>
    <ClCompile Include="MenuHelper.cpp">
      <Filter>Core</Filter>
    </ClCompile>
    <ClCompile Include="MainMenu.cpp">
      <Filter>Core</Filter>
    </ClCompile>
    <ClCompile Include="IconResourceLoader.cpp">
      <Filter>Core</Filter>
    </ClCompile>
    <ClCompile Include="ShellBrowser\SortHelper.cpp">
      <Filter>ShellBrowser</Filter>
    </ClCompile>
    <ClCompile Include="ShellBrowser\ShellBrowser.cpp">
      <Filter>ShellBrowser</Filter>
    </ClCompile>
    <ClCompile Include="ShellBrowser\TileView.cpp">
      <Filter>ShellBrowser</Filter>
    </ClCompile>
    <ClCompile Include="TabRestorer.cpp">
      <Filter>Tabs</Filter>
    </ClCompile>
    <ClCompile Include="TabRestorerUI.cpp">
      <Filter>Tabs</Filter>
    </ClCompile>
    <ClCompile Include="ShellBrowser\HistoryEntry.cpp">
      <Filter>ShellBrowser</Filter>
    </ClCompile>
    <ClCompile Include="Bookmarks\BookmarkTree.cpp">
      <Filter>Bookmarks</Filter>
    </ClCompile>
    <ClCompile Include="Bookmarks\BookmarkItem.cpp">
      <Filter>Bookmarks</Filter>
    </ClCompile>
    <ClCompile Include="Bookmarks\BookmarkClipboard.cpp">
      <Filter>Bookmarks</Filter>
    </ClCompile>
    <ClCompile Include="Bookmarks\BookmarkDataExchange.cpp">
      <Filter>Bookmarks</Filter>
    </ClCompile>
    <ClCompile Include="Bookmarks\UI\AddBookmarkDialog.cpp">
      <Filter>Bookmarks\UI</Filter>
    </ClCompile>
    <ClCompile Include="Bookmarks\UI\BookmarkContextMenu.cpp">
      <Filter>Bookmarks\UI</Filter>
    </ClCompile>
    <ClCompile Include="Bookmarks\UI\BookmarkListView.cpp">
      <Filter>Bookmarks\UI</Filter>
    </ClCompile>
    <ClCompile Include="Bookmarks\UI\BookmarkMenu.cpp">
      <Filter>Bookmarks\UI</Filter>
    </ClCompile>
    <ClCompile Include="Bookmarks\UI\BookmarkMenuBuilder.cpp">
      <Filter>Bookmarks\UI</Filter>
    </ClCompile>
    <ClCompile Include="Bookmarks\UI\BookmarksMainMenu.cpp">
      <Filter>Bookmarks\UI</Filter>
    </ClCompile>
    <ClCompile Include="Bookmarks\UI\BookmarkTreeView.cpp">
      <Filter>Bookmarks\UI</Filter>
    </ClCompile>
    <ClCompile Include="Bookmarks\UI\ManageBookmarksDialog.cpp">
      <Filter>Bookmarks\UI</Filter>
    </ClCompile>
    <ClCompile Include="Bookmarks\UI\BookmarkDropTargetWindow.cpp">
      <Filter>Bookmarks\UI</Filter>
    </ClCompile>
    <ClCompile Include="Bookmarks\BookmarkRegistryStorage.cpp">
      <Filter>Bookmarks</Filter>
    </ClCompile>
    <ClCompile Include="Bookmarks\BookmarkXmlStorage.cpp">
      <Filter>Bookmarks</Filter>
    </ClCompile>
    <ClCompile Include="Bookmarks\UI\BookmarkContextMenuController.cpp">
      <Filter>Bookmarks\UI</Filter>
    </ClCompile>
    <ClCompile Include="ShellTreeView\DirectoryModificationHandler.cpp">
      <Filter>ShellTreeView</Filter>
    </ClCompile>
    <ClCompile Include="ShellTreeView\ShellTreeView.cpp">
      <Filter>ShellTreeView</Filter>
    </ClCompile>
    <ClCompile Include="DisplayWindow\DisplayWindow.cpp">
      <Filter>DisplayWindow</Filter>
    </ClCompile>
    <ClCompile Include="DisplayWindow\MsgHandler.cpp">
      <Filter>DisplayWindow</Filter>
    </ClCompile>
    <ClCompile Include="ShellBrowser\PreservedFolderState.cpp">
      <Filter>ShellBrowser</Filter>
    </ClCompile>
    <ClCompile Include="ShellBrowser\PreservedHistoryEntry.cpp">
      <Filter>ShellBrowser</Filter>
    </ClCompile>
    <ClCompile Include="PreservedTab.cpp">
      <Filter>Tabs</Filter>
    </ClCompile>
    <ClCompile Include="ShellBrowser\ShellNavigationController.cpp">
      <Filter>ShellBrowser</Filter>
    </ClCompile>
    <ClCompile Include="Bookmarks\BookmarkNavigationController.cpp">
      <Filter>Bookmarks</Filter>
    </ClCompile>
    <ClCompile Include="SortMenuBuilder.cpp">
      <Filter>Core</Filter>
    </ClCompile>
    <ClCompile Include="Bookmarks\BookmarkDropper.cpp">
      <Filter>Bookmarks</Filter>
    </ClCompile>
    <ClCompile Include="ApplicationToolbarHelper.cpp">
      <Filter>Application Toolbar</Filter>
    </ClCompile>
    <ClCompile Include="Bookmarks\UI\BookmarkMenuController.cpp">
      <Filter>Bookmarks\UI</Filter>
    </ClCompile>
    <ClCompile Include="Bookmarks\BookmarkIconManager.cpp">
      <Filter>Bookmarks</Filter>
    </ClCompile>
    <ClCompile Include="ShellBrowser\DropTarget.cpp">
      <Filter>ShellBrowser</Filter>
    </ClCompile>
    <ClCompile Include="ThirdPartyCreditsDialog.cpp">
      <Filter>General Dialogs</Filter>
    </ClCompile>
    <ClCompile Include="ShellBrowser\Filtering.cpp">
      <Filter>ShellBrowser</Filter>
    </ClCompile>
    <ClCompile Include="ServiceProvider.cpp">
      <Filter>Context Menu Support</Filter>
    </ClCompile>
    <ClCompile Include="FolderView.cpp">
      <Filter>Context Menu Support</Filter>
    </ClCompile>
    <ClCompile Include="NewMenuClient.cpp">
      <Filter>Context Menu Support\New Menu</Filter>
    </ClCompile>
    <ClCompile Include="ShellView.cpp">
      <Filter>Context Menu Support</Filter>
    </ClCompile>
    <ClCompile Include="ShellTreeView\DropTarget.cpp">
      <Filter>ShellTreeView</Filter>
    </ClCompile>
    <ClCompile Include="ShellBrowser\WebBrowserApp.cpp">
      <Filter>ShellBrowser\Shell Integration</Filter>
    </ClCompile>
    <ClCompile Include="ShellBrowser\DocumentServiceProvider.cpp">
      <Filter>ShellBrowser\Shell Integration</Filter>
    </ClCompile>
    <ClCompile Include="ToolbarView.cpp">
      <Filter>Views</Filter>
    </ClCompile>
    <ClCompile Include="DriveModel.cpp">
      <Filter>Drives Toolbar</Filter>
    </ClCompile>
    <ClCompile Include="DriveEnumeratorImpl.cpp">
      <Filter>Drives Toolbar</Filter>
    </ClCompile>
    <ClCompile Include="DriveWatcherImpl.cpp">
      <Filter>Drives Toolbar</Filter>
    </ClCompile>
    <ClCompile Include="ApplicationToolbarRegistryStorage.cpp">
      <Filter>Application Toolbar</Filter>
    </ClCompile>
    <ClCompile Include="ApplicationToolbarXmlStorage.cpp">
      <Filter>Application Toolbar</Filter>
    </ClCompile>
    <ClCompile Include="Application.cpp">
      <Filter>Application Toolbar</Filter>
    </ClCompile>
    <ClCompile Include="ApplicationContextMenuController.cpp">
      <Filter>Application Toolbar\UI</Filter>
    </ClCompile>
    <ClCompile Include="ApplicationToolbar.cpp">
      <Filter>Application Toolbar\UI</Filter>
    </ClCompile>
    <ClCompile Include="ApplicationContextMenu.cpp">
      <Filter>Application Toolbar\UI\Views</Filter>
    </ClCompile>
    <ClCompile Include="ApplicationToolbarView.cpp">
      <Filter>Application Toolbar\UI\Views</Filter>
    </ClCompile>
    <ClCompile Include="ApplicationEditorDialog.cpp">
      <Filter>Application Toolbar\UI\Views</Filter>
    </ClCompile>
    <ClCompile Include="DrivesToolbar.cpp">
      <Filter>Drives Toolbar\UI</Filter>
    </ClCompile>
    <ClCompile Include="DrivesToolbarView.cpp">
      <Filter>Drives Toolbar\UI\Views</Filter>
    </ClCompile>
    <ClCompile Include="Bookmarks\UI\BookmarksToolbar.cpp">
      <Filter>Bookmarks\UI</Filter>
    </ClCompile>
    <ClCompile Include="Bookmarks\UI\BookmarkMenuDropTarget.cpp">
      <Filter>Bookmarks\UI</Filter>
    </ClCompile>
    <ClCompile Include="Bookmarks\UI\Views\BookmarksToolbarView.cpp">
      <Filter>Bookmarks\UI\Views</Filter>
    </ClCompile>
    <ClCompile Include="DarkModeHelper.cpp">
      <Filter>Dark Mode Support</Filter>
    </ClCompile>
    <ClCompile Include="CrashHandlerHelper.cpp">
      <Filter>Core</Filter>
    </ClCompile>
    <ClCompile Include="ApplicationCrashedDialog.cpp">
      <Filter>Core</Filter>
    </ClCompile>
    <ClCompile Include="Bookmarks\BookmarkTreeFactory.cpp">
      <Filter>Bookmarks</Filter>
    </ClCompile>
    <ClCompile Include="ApplicationModelFactory.cpp">
      <Filter>Application Toolbar</Filter>
    </ClCompile>
    <ClCompile Include="ColorRuleRegistryStorage.cpp">
      <Filter>Color Rules</Filter>
    </ClCompile>
    <ClCompile Include="ColorRuleXmlStorage.cpp">
      <Filter>Color Rules</Filter>
    </ClCompile>
    <ClCompile Include="ColorRule.cpp">
      <Filter>Color Rules</Filter>
    </ClCompile>
    <ClCompile Include="ColorRuleEditorDialog.cpp">
      <Filter>Color Rules\UI</Filter>
    </ClCompile>
    <ClCompile Include="CustomizeColorsDialog.cpp">
      <Filter>Color Rules\UI</Filter>
    </ClCompile>
    <ClCompile Include="ColorRuleListView.cpp">
      <Filter>Color Rules\UI</Filter>
    </ClCompile>
    <ClCompile Include="ColorRuleModelFactory.cpp">
      <Filter>Color Rules</Filter>
    </ClCompile>
    <ClCompile Include="ShellChangeWatcher.cpp">
      <Filter>Core</Filter>
    </ClCompile>
    <ClCompile Include="ShellTreeView\ShellTreeNode.cpp">
      <Filter>ShellTreeView</Filter>
    </ClCompile>
    <ClCompile Include="ShellBrowser\SortModes.cpp">
      <Filter>ShellBrowser</Filter>
    </ClCompile>
    <ClCompile Include="OptionsPage.cpp">
      <Filter>General Dialogs\Options</Filter>
    </ClCompile>
    <ClCompile Include="GeneralOptionsPage.cpp">
      <Filter>General Dialogs\Options</Filter>
    </ClCompile>
    <ClCompile Include="AppearanceOptionsPage.cpp">
      <Filter>General Dialogs\Options</Filter>
    </ClCompile>
    <ClCompile Include="DefaultSettingsOptionsPage.cpp">
      <Filter>General Dialogs\Options</Filter>
    </ClCompile>
    <ClCompile Include="FilesFoldersOptionsPage.cpp">
      <Filter>General Dialogs\Options</Filter>
    </ClCompile>
    <ClCompile Include="TabsOptionsPage.cpp">
      <Filter>General Dialogs\Options</Filter>
    </ClCompile>
    <ClCompile Include="WindowOptionsPage.cpp">
      <Filter>General Dialogs\Options</Filter>
    </ClCompile>
    <ClCompile Include="AdvancedOptionsPage.cpp">
      <Filter>General Dialogs\Options</Filter>
    </ClCompile>
    <ClCompile Include="OptionsDialog.cpp">
      <Filter>General Dialogs\Options</Filter>
    </ClCompile>
    <ClCompile Include="Theme.cpp">
      <Filter>Core</Filter>
    </ClCompile>
    <ClCompile Include="SearchTabsDialog.cpp">
      <Filter>General Dialogs</Filter>
    </ClCompile>
    <ClCompile Include="ThemeManager.cpp">
      <Filter>Dark Mode Support</Filter>
    </ClCompile>
    <ClCompile Include="ThemedDialog.cpp">
      <Filter>Dark Mode Support</Filter>
    </ClCompile>
    <ClCompile Include="ThemeWindowTracker.cpp">
      <Filter>Dark Mode Support</Filter>
    </ClCompile>
    <ClCompile Include="ToolbarHelper.cpp">
      <Filter>Core</Filter>
    </ClCompile>
    <ClCompile Include="FontsOptionsPage.cpp">
      <Filter>General Dialogs\Options</Filter>
    </ClCompile>
    <ClCompile Include="FontHelper.cpp">
      <Filter>Core</Filter>
    </ClCompile>
    <ClCompile Include="MainFontSetter.cpp">
      <Filter>Core</Filter>
    </ClCompile>
    <ClCompile Include="SystemFontHelper.cpp">
      <Filter>Core</Filter>
    </ClCompile>
    <ClCompile Include="CustomFontStorage.cpp">
      <Filter>Core</Filter>
    </ClCompile>
    <ClCompile Include="CustomFont.cpp">
      <Filter>Core</Filter>
    </ClCompile>
    <ClCompile Include="FeatureList.cpp">
      <Filter>Core</Filter>
    </ClCompile>
    <ClCompile Include="BrowserPane.cpp">
      <Filter>Core</Filter>
    </ClCompile>
    <ClCompile Include="ItemNameEditControl.cpp">
      <Filter>Core</Filter>
    </ClCompile>
    <ClCompile Include="ShellItemsMenu.cpp">
      <Filter>Core\UI</Filter>
    </ClCompile>
    <ClCompile Include="PopupMenuView.cpp">
      <Filter>Core\UI\Views</Filter>
    </ClCompile>
    <ClCompile Include="IconFetcherImpl.cpp">
      <Filter>Core</Filter>
    </ClCompile>
    <ClCompile Include="HistoryMenu.cpp">
      <Filter>Core\UI</Filter>
    </ClCompile>
    <ClCompile Include="OneShotTimerManager.cpp">
      <Filter>Core</Filter>
    </ClCompile>
    <ClCompile Include="OneShotTimer.cpp">
      <Filter>Core</Filter>
    </ClCompile>
    <ClCompile Include="BrowserCommandController.cpp">
      <Filter>Core</Filter>
    </ClCompile>
    <ClCompile Include="HistoryService.cpp">
      <Filter>History</Filter>
    </ClCompile>
    <ClCompile Include="ShellBrowserHistoryHelper.cpp">
      <Filter>History</Filter>
    </ClCompile>
    <ClCompile Include="HistoryServiceFactory.cpp">
      <Filter>History</Filter>
    </ClCompile>
    <ClCompile Include="ShellBrowser\ShellBrowserHelper.cpp">
      <Filter>ShellBrowser</Filter>
    </ClCompile>
  </ItemGroup>
  <ItemGroup>
    <ClInclude Include="Bookmarks\BookmarkHelper.h">
      <Filter>Bookmarks</Filter>
    </ClInclude>
    <ClInclude Include="TabContainer.h">
      <Filter>Tabs</Filter>
    </ClInclude>
    <ClInclude Include="AboutDialog.h">
      <Filter>General Dialogs</Filter>
    </ClInclude>
    <ClInclude Include="DestroyFilesDialog.h">
      <Filter>General Dialogs</Filter>
    </ClInclude>
    <ClInclude Include="DisplayColoursDialog.h">
      <Filter>General Dialogs</Filter>
    </ClInclude>
    <ClInclude Include="Explorer++.h">
      <Filter>Core</Filter>
    </ClInclude>
    <ClInclude Include="Explorer++_internal.h">
      <Filter>Core</Filter>
    </ClInclude>
    <ClInclude Include="FilterDialog.h">
      <Filter>General Dialogs</Filter>
    </ClInclude>
    <ClInclude Include="IDropFilesCallback.h">
      <Filter>Core</Filter>
    </ClInclude>
    <ClInclude Include="MassRenameDialog.h">
      <Filter>General Dialogs</Filter>
    </ClInclude>
    <ClInclude Include="MergeFilesDialog.h">
      <Filter>General Dialogs</Filter>
    </ClInclude>
    <ClInclude Include="DefaultColumns.h">
      <Filter>Core</Filter>
    </ClInclude>
    <ClInclude Include="SearchDialog.h">
      <Filter>General Dialogs</Filter>
    </ClInclude>
    <ClInclude Include="SelectColumnsDialog.h">
      <Filter>General Dialogs</Filter>
    </ClInclude>
    <ClInclude Include="RenameTabDialog.h">
      <Filter>Tabs</Filter>
    </ClInclude>
    <ClInclude Include="SetDefaultColumnsDialog.h">
      <Filter>General Dialogs</Filter>
    </ClInclude>
    <ClInclude Include="SetFileAttributesDialog.h">
      <Filter>General Dialogs</Filter>
    </ClInclude>
    <ClInclude Include="SplitFileDialog.h">
      <Filter>General Dialogs</Filter>
    </ClInclude>
    <ClInclude Include="UpdateCheckDialog.h">
      <Filter>General Dialogs</Filter>
    </ClInclude>
    <ClInclude Include="WildcardSelectDialog.h">
      <Filter>General Dialogs</Filter>
    </ClInclude>
    <ClInclude Include="stdafx.h">
      <Filter>Core</Filter>
    </ClInclude>
    <ClInclude Include="XMLSettings.h">
      <Filter>Settings</Filter>
    </ClInclude>
    <ClInclude Include="RegistrySettings.h">
      <Filter>Settings</Filter>
    </ClInclude>
    <ClInclude Include="ModelessDialogs.h">
      <Filter>Dialog Support</Filter>
    </ClInclude>
    <ClInclude Include="..\targetver.h">
      <Filter>Core</Filter>
    </ClInclude>
    <ClInclude Include="HolderWindow.h">
      <Filter>Holder Window</Filter>
    </ClInclude>
    <ClInclude Include="ShellBrowser\SortModes.h">
      <Filter>ShellBrowser</Filter>
    </ClInclude>
    <ClInclude Include="ShellBrowser\ViewModes.h">
      <Filter>ShellBrowser</Filter>
    </ClInclude>
    <ClInclude Include="ShellBrowser\Columns.h">
      <Filter>ShellBrowser</Filter>
    </ClInclude>
    <ClInclude Include="ShellBrowser\ColumnDataRetrieval.h">
      <Filter>ShellBrowser</Filter>
    </ClInclude>
    <ClInclude Include="ShellBrowser\ItemData.h">
      <Filter>ShellBrowser</Filter>
    </ClInclude>
    <ClInclude Include="Config.h">
      <Filter>Core</Filter>
    </ClInclude>
    <ClInclude Include="MainToolbar.h">
      <Filter>Main Toolbar</Filter>
    </ClInclude>
    <ClInclude Include="DefaultToolbarButtons.h">
      <Filter>Main Toolbar</Filter>
    </ClInclude>
    <ClInclude Include="MainToolbarButtons.h">
      <Filter>Main Toolbar</Filter>
    </ClInclude>
    <ClInclude Include="ScriptingDialog.h">
      <Filter>General Dialogs</Filter>
    </ClInclude>
    <ClInclude Include="Plugins\LuaPlugin.h">
      <Filter>Plugins</Filter>
    </ClInclude>
    <ClInclude Include="Plugins\ApiBinding.h">
      <Filter>Plugins</Filter>
    </ClInclude>
    <ClInclude Include="Tab.h">
      <Filter>Tabs</Filter>
    </ClInclude>
    <ClInclude Include="Plugins\MenuApi.h">
      <Filter>Plugins</Filter>
    </ClInclude>
    <ClInclude Include="Plugins\PluginMenuManager.h">
      <Filter>Plugins</Filter>
    </ClInclude>
    <ClInclude Include="Plugins\Manifest.h">
      <Filter>Plugins</Filter>
    </ClInclude>
    <ClInclude Include="Plugins\PluginManager.h">
      <Filter>Plugins</Filter>
    </ClInclude>
    <ClInclude Include="Plugins\UiApi.h">
      <Filter>Plugins</Filter>
    </ClInclude>
    <ClInclude Include="UiTheming.h">
      <Filter>Core</Filter>
    </ClInclude>
    <ClInclude Include="Plugins\AcceleratorParser.h">
      <Filter>Plugins</Filter>
    </ClInclude>
    <ClInclude Include="Accelerator.h">
      <Filter>Core</Filter>
    </ClInclude>
    <ClInclude Include="Plugins\PluginCommandManager.h">
      <Filter>Plugins</Filter>
    </ClInclude>
    <ClInclude Include="MenuRanges.h">
      <Filter>Core</Filter>
    </ClInclude>
    <ClInclude Include="PluginInterface.h">
      <Filter>Core</Filter>
    </ClInclude>
    <ClInclude Include="FileProgressSink.h">
      <Filter>Core</Filter>
    </ClInclude>
    <ClInclude Include="Plugins\Event.h">
      <Filter>Plugins</Filter>
    </ClInclude>
    <ClInclude Include="Plugins\TabsApi\TabsApi.h">
      <Filter>Plugins\TabsApi</Filter>
    </ClInclude>
    <ClInclude Include="Plugins\TabsApi\Events\TabCreated.h">
      <Filter>Plugins\TabsApi\Events</Filter>
    </ClInclude>
    <ClInclude Include="Plugins\TabsApi\Events\TabMoved.h">
      <Filter>Plugins\TabsApi\Events</Filter>
    </ClInclude>
    <ClInclude Include="Plugins\TabsApi\Events\TabRemoved.h">
      <Filter>Plugins\TabsApi\Events</Filter>
    </ClInclude>
    <ClInclude Include="Plugins\CommandApi\Events\CommandInvoked.h">
      <Filter>Plugins\CommandApi\Events</Filter>
    </ClInclude>
    <ClInclude Include="Plugins\TabsApi\Events\TabUpdated.h">
      <Filter>Plugins\TabsApi\Events</Filter>
    </ClInclude>
    <ClInclude Include="ShellBrowser\FolderSettings.h">
      <Filter>ShellBrowser</Filter>
    </ClInclude>
    <ClInclude Include="Plugins\TabsApi\TabProperties.h">
      <Filter>Plugins\TabsApi</Filter>
    </ClInclude>
    <ClInclude Include="BetterEnumsWrapper.h">
      <Filter>Core</Filter>
    </ClInclude>
    <ClInclude Include="TaskbarThumbnails.h">
      <Filter>Core</Filter>
    </ClInclude>
    <ClInclude Include="AddressBar.h">
      <Filter>Core</Filter>
    </ClInclude>
    <ClInclude Include="ViewModeHelper.h">
      <Filter>Core</Filter>
    </ClInclude>
    <ClInclude Include="LoadSaveInterface.h">
      <Filter>Core</Filter>
    </ClInclude>
    <ClInclude Include="LoadSaveRegistry.h">
      <Filter>Core</Filter>
    </ClInclude>
    <ClInclude Include="LoadSaveXml.h">
      <Filter>Core</Filter>
    </ClInclude>
    <ClInclude Include="CoreInterface.h">
      <Filter>Core</Filter>
    </ClInclude>
    <ClInclude Include="MainWindow.h">
      <Filter>Core</Filter>
    </ClInclude>
    <ClInclude Include="ResourceHelper.h">
      <Filter>Core</Filter>
    </ClInclude>
    <ClInclude Include="CommandLine.h">
      <Filter>Core</Filter>
    </ClInclude>
    <ClInclude Include="Console.h">
      <Filter>Core</Filter>
    </ClInclude>
    <ClInclude Include="SignalWrapper.h">
      <Filter>Core</Filter>
    </ClInclude>
    <ClInclude Include="TabBacking.h">
      <Filter>Tabs</Filter>
    </ClInclude>
    <ClInclude Include="AcceleratorMappings.h">
      <Filter>Core</Filter>
    </ClInclude>
    <ClInclude Include="AcceleratorUpdater.h">
      <Filter>Core</Filter>
    </ClInclude>
    <ClInclude Include="MenuHelper.h">
      <Filter>Core</Filter>
    </ClInclude>
    <ClInclude Include="NoTranslationResource.h">
      <Filter>Resource Files</Filter>
    </ClInclude>
    <ClInclude Include="resource.h">
      <Filter>Resource Files</Filter>
    </ClInclude>
    <ClInclude Include="Icon.h">
      <Filter>Core</Filter>
    </ClInclude>
    <ClInclude Include="IconResourceLoader.h">
      <Filter>Core</Filter>
    </ClInclude>
    <ClInclude Include="ShellBrowser\SortHelper.h">
      <Filter>ShellBrowser</Filter>
    </ClInclude>
    <ClInclude Include="ShellBrowser\ShellBrowser.h">
      <Filter>ShellBrowser</Filter>
    </ClInclude>
    <ClInclude Include="ValueWrapper.h">
      <Filter>Core</Filter>
    </ClInclude>
    <ClInclude Include="PreservedTab.h">
      <Filter>Tabs</Filter>
    </ClInclude>
    <ClInclude Include="TabRestorer.h">
      <Filter>Tabs</Filter>
    </ClInclude>
    <ClInclude Include="TabRestorerUI.h">
      <Filter>Tabs</Filter>
    </ClInclude>
    <ClInclude Include="ShellBrowser\PreservedFolderState.h">
      <Filter>ShellBrowser</Filter>
    </ClInclude>
    <ClInclude Include="TabNavigationInterface.h">
      <Filter>Core</Filter>
    </ClInclude>
    <ClInclude Include="ShellBrowser\ShellNavigator.h">
      <Filter>ShellBrowser</Filter>
    </ClInclude>
    <ClInclude Include="ShellBrowser\HistoryEntry.h">
      <Filter>ShellBrowser</Filter>
    </ClInclude>
    <ClInclude Include="ShellBrowser\PreservedHistoryEntry.h">
      <Filter>ShellBrowser</Filter>
    </ClInclude>
    <ClInclude Include="Bookmarks\BookmarkTree.h">
      <Filter>Bookmarks</Filter>
    </ClInclude>
    <ClInclude Include="Bookmarks\BookmarkItem.h">
      <Filter>Bookmarks</Filter>
    </ClInclude>
    <ClInclude Include="Bookmarks\BookmarkClipboard.h">
      <Filter>Bookmarks</Filter>
    </ClInclude>
    <ClInclude Include="Bookmarks\BookmarkDataExchange.h">
      <Filter>Bookmarks</Filter>
    </ClInclude>
    <ClInclude Include="Bookmarks\UI\AddBookmarkDialog.h">
      <Filter>Bookmarks\UI</Filter>
    </ClInclude>
    <ClInclude Include="Bookmarks\UI\BookmarkContextMenu.h">
      <Filter>Bookmarks\UI</Filter>
    </ClInclude>
    <ClInclude Include="Bookmarks\UI\BookmarkListView.h">
      <Filter>Bookmarks\UI</Filter>
    </ClInclude>
    <ClInclude Include="Bookmarks\UI\BookmarkMenu.h">
      <Filter>Bookmarks\UI</Filter>
    </ClInclude>
    <ClInclude Include="Bookmarks\UI\BookmarkMenuBuilder.h">
      <Filter>Bookmarks\UI</Filter>
    </ClInclude>
    <ClInclude Include="Bookmarks\UI\BookmarksMainMenu.h">
      <Filter>Bookmarks\UI</Filter>
    </ClInclude>
    <ClInclude Include="Bookmarks\UI\BookmarkTreeView.h">
      <Filter>Bookmarks\UI</Filter>
    </ClInclude>
    <ClInclude Include="Bookmarks\UI\ManageBookmarksDialog.h">
      <Filter>Bookmarks\UI</Filter>
    </ClInclude>
    <ClInclude Include="Bookmarks\UI\BookmarkDropTargetWindow.h">
      <Filter>Bookmarks\UI</Filter>
    </ClInclude>
    <ClInclude Include="Bookmarks\BookmarkRegistryStorage.h">
      <Filter>Bookmarks</Filter>
    </ClInclude>
    <ClInclude Include="Bookmarks\BookmarkXmlStorage.h">
      <Filter>Bookmarks</Filter>
    </ClInclude>
    <ClInclude Include="Bookmarks\BookmarkStorage.h">
      <Filter>Bookmarks</Filter>
    </ClInclude>
    <ClInclude Include="Bookmarks\UI\BookmarkContextMenuController.h">
      <Filter>Bookmarks\UI</Filter>
    </ClInclude>
    <ClInclude Include="ShellTreeView\ShellTreeView.h">
      <Filter>ShellTreeView</Filter>
    </ClInclude>
    <ClInclude Include="DisplayWindow\DisplayWindow.h">
      <Filter>DisplayWindow</Filter>
    </ClInclude>
    <ClInclude Include="ShellBrowser\ShellNavigationController.h">
      <Filter>ShellBrowser</Filter>
    </ClInclude>
    <ClInclude Include="NavigationController.h">
      <Filter>Core</Filter>
    </ClInclude>
    <ClInclude Include="Bookmarks\BookmarkNavigationController.h">
      <Filter>Bookmarks</Filter>
    </ClInclude>
    <ClInclude Include="Bookmarks\BookmarkNavigatorInterface.h">
      <Filter>Bookmarks</Filter>
    </ClInclude>
    <ClInclude Include="SortMenuBuilder.h">
      <Filter>Core</Filter>
    </ClInclude>
    <ClInclude Include="Bookmarks\BookmarkDropper.h">
      <Filter>Bookmarks</Filter>
    </ClInclude>
    <ClInclude Include="ApplicationToolbarHelper.h">
      <Filter>Application Toolbar</Filter>
    </ClInclude>
    <ClInclude Include="Bookmarks\UI\BookmarkMenuController.h">
      <Filter>Bookmarks\UI</Filter>
    </ClInclude>
    <ClInclude Include="Bookmarks\BookmarkIconManager.h">
      <Filter>Bookmarks</Filter>
    </ClInclude>
    <ClInclude Include="DialogConstants.h">
      <Filter>Dialog Support</Filter>
    </ClInclude>
    <ClInclude Include="ThirdPartyCreditsDialog.h">
      <Filter>General Dialogs</Filter>
    </ClInclude>
    <ClInclude Include="Explorer++VersionInfo.h">
      <Filter>Resource Files</Filter>
    </ClInclude>
    <ClInclude Include="MainResource.h">
      <Filter>Resource Files</Filter>
    </ClInclude>
    <ClInclude Include="IconMappings.h">
      <Filter>Core</Filter>
    </ClInclude>
    <ClInclude Include="ServiceProvider.h">
      <Filter>Context Menu Support</Filter>
    </ClInclude>
    <ClInclude Include="FolderView.h">
      <Filter>Context Menu Support</Filter>
    </ClInclude>
    <ClInclude Include="NewMenuClient.h">
      <Filter>Context Menu Support\New Menu</Filter>
    </ClInclude>
    <ClInclude Include="ShellView.h">
      <Filter>Context Menu Support</Filter>
    </ClInclude>
    <ClInclude Include="ShellBrowser\WebBrowserApp.h">
      <Filter>ShellBrowser\Shell Integration</Filter>
    </ClInclude>
    <ClInclude Include="ShellBrowser\DocumentServiceProvider.h">
      <Filter>ShellBrowser\Shell Integration</Filter>
    </ClInclude>
    <ClInclude Include="ToolbarView.h">
      <Filter>Views</Filter>
    </ClInclude>
    <ClInclude Include="DriveModel.h">
      <Filter>Drives Toolbar</Filter>
    </ClInclude>
    <ClInclude Include="DriveEnumerator.h">
      <Filter>Drives Toolbar</Filter>
    </ClInclude>
    <ClInclude Include="DriveEnumeratorImpl.h">
      <Filter>Drives Toolbar</Filter>
    </ClInclude>
    <ClInclude Include="DriveWatcherImpl.h">
      <Filter>Drives Toolbar</Filter>
    </ClInclude>
    <ClInclude Include="DriveWatcher.h">
      <Filter>Drives Toolbar</Filter>
    </ClInclude>
    <ClInclude Include="ApplicationModel.h">
      <Filter>Application Toolbar</Filter>
    </ClInclude>
    <ClInclude Include="ApplicationToolbarRegistryStorage.h">
      <Filter>Application Toolbar</Filter>
    </ClInclude>
    <ClInclude Include="ApplicationToolbarXmlStorage.h">
      <Filter>Application Toolbar</Filter>
    </ClInclude>
    <ClInclude Include="Application.h">
      <Filter>Application Toolbar</Filter>
    </ClInclude>
    <ClInclude Include="ApplicationContextMenuController.h">
      <Filter>Application Toolbar\UI</Filter>
    </ClInclude>
    <ClInclude Include="ApplicationToolbar.h">
      <Filter>Application Toolbar\UI</Filter>
    </ClInclude>
    <ClInclude Include="ApplicationContextMenu.h">
      <Filter>Application Toolbar\UI\Views</Filter>
    </ClInclude>
    <ClInclude Include="ApplicationToolbarView.h">
      <Filter>Application Toolbar\UI\Views</Filter>
    </ClInclude>
    <ClInclude Include="ApplicationEditorDialog.h">
      <Filter>Application Toolbar\UI\Views</Filter>
    </ClInclude>
    <ClInclude Include="DrivesToolbar.h">
      <Filter>Drives Toolbar\UI</Filter>
    </ClInclude>
    <ClInclude Include="DrivesToolbarView.h">
      <Filter>Drives Toolbar\UI\Views</Filter>
    </ClInclude>
    <ClInclude Include="Bookmarks\UI\BookmarksToolbar.h">
      <Filter>Bookmarks\UI</Filter>
    </ClInclude>
    <ClInclude Include="Bookmarks\UI\BookmarkMenuDropTarget.h">
      <Filter>Bookmarks\UI</Filter>
    </ClInclude>
    <ClInclude Include="Bookmarks\UI\Views\BookmarksToolbarView.h">
      <Filter>Bookmarks\UI\Views</Filter>
    </ClInclude>
    <ClInclude Include="DarkModeHelper.h">
      <Filter>Dark Mode Support</Filter>
    </ClInclude>
    <ClInclude Include="Navigator.h">
      <Filter>Core</Filter>
    </ClInclude>
    <ClInclude Include="CrashHandlerHelper.h">
      <Filter>Core</Filter>
    </ClInclude>
    <ClInclude Include="ApplicationCrashedDialog.h">
      <Filter>Core</Filter>
    </ClInclude>
    <ClInclude Include="Bookmarks\BookmarkTreeFactory.h">
      <Filter>Bookmarks</Filter>
    </ClInclude>
    <ClInclude Include="ApplicationModelFactory.h">
      <Filter>Application Toolbar</Filter>
    </ClInclude>
    <ClInclude Include="ColorRuleRegistryStorage.h">
      <Filter>Color Rules</Filter>
    </ClInclude>
    <ClInclude Include="ColorRuleXmlStorage.h">
      <Filter>Color Rules</Filter>
    </ClInclude>
    <ClInclude Include="ColorRule.h">
      <Filter>Color Rules</Filter>
    </ClInclude>
    <ClInclude Include="ColorRuleModel.h">
      <Filter>Color Rules</Filter>
    </ClInclude>
    <ClInclude Include="ColorRuleEditorDialog.h">
      <Filter>Color Rules\UI</Filter>
    </ClInclude>
    <ClInclude Include="CustomizeColorsDialog.h">
      <Filter>Color Rules\UI</Filter>
    </ClInclude>
    <ClInclude Include="ColorRuleListView.h">
      <Filter>Color Rules\UI</Filter>
    </ClInclude>
    <ClInclude Include="ColorRuleModelFactory.h">
      <Filter>Color Rules</Filter>
    </ClInclude>
    <ClInclude Include="DialogHelper.h">
      <Filter>Dialog Support</Filter>
    </ClInclude>
    <ClInclude Include="ShellChangeWatcher.h">
      <Filter>Core</Filter>
    </ClInclude>
    <ClInclude Include="ShellTreeView\ShellTreeNode.h">
      <Filter>ShellTreeView</Filter>
    </ClInclude>
    <ClInclude Include="OptionsPage.h">
      <Filter>General Dialogs\Options</Filter>
    </ClInclude>
    <ClInclude Include="GeneralOptionsPage.h">
      <Filter>General Dialogs\Options</Filter>
    </ClInclude>
    <ClInclude Include="AppearanceOptionsPage.h">
      <Filter>General Dialogs\Options</Filter>
    </ClInclude>
    <ClInclude Include="DefaultSettingsOptionsPage.h">
      <Filter>General Dialogs\Options</Filter>
    </ClInclude>
    <ClInclude Include="FilesFoldersOptionsPage.h">
      <Filter>General Dialogs\Options</Filter>
    </ClInclude>
    <ClInclude Include="TabsOptionsPage.h">
      <Filter>General Dialogs\Options</Filter>
    </ClInclude>
    <ClInclude Include="WindowOptionsPage.h">
      <Filter>General Dialogs\Options</Filter>
    </ClInclude>
    <ClInclude Include="AdvancedOptionsPage.h">
      <Filter>General Dialogs\Options</Filter>
    </ClInclude>
    <ClInclude Include="OptionsDialog.h">
      <Filter>General Dialogs\Options</Filter>
    </ClInclude>
    <ClInclude Include="Theme.h">
      <Filter>Core</Filter>
    </ClInclude>
    <ClInclude Include="SearchTabsDialog.h">
      <Filter>General Dialogs</Filter>
    </ClInclude>
    <ClInclude Include="ThemeManager.h">
      <Filter>Dark Mode Support</Filter>
    </ClInclude>
    <ClInclude Include="ThemedDialog.h">
      <Filter>Dark Mode Support</Filter>
    </ClInclude>
    <ClInclude Include="ThemeWindowTracker.h">
      <Filter>Dark Mode Support</Filter>
    </ClInclude>
    <ClInclude Include="Literals.h">
      <Filter>Core</Filter>
    </ClInclude>
    <ClInclude Include="ToolbarHelper.h">
      <Filter>Core</Filter>
    </ClInclude>
    <ClInclude Include="FontsOptionsPage.h">
      <Filter>General Dialogs\Options</Filter>
    </ClInclude>
    <ClInclude Include="FontHelper.h">
      <Filter>Core</Filter>
    </ClInclude>
    <ClInclude Include="CustomFont.h">
      <Filter>Core</Filter>
    </ClInclude>
    <ClInclude Include="MainFontSetter.h">
      <Filter>Core</Filter>
    </ClInclude>
    <ClInclude Include="SystemFontHelper.h">
      <Filter>Core</Filter>
    </ClInclude>
    <ClInclude Include="CustomFontStorage.h">
      <Filter>Core</Filter>
    </ClInclude>
    <ClInclude Include="FeatureList.h">
      <Filter>Core</Filter>
    </ClInclude>
    <ClInclude Include="Feature.h">
      <Filter>Core</Filter>
    </ClInclude>
    <ClInclude Include="BrowserPane.h">
      <Filter>Core</Filter>
    </ClInclude>
    <ClInclude Include="ItemNameEditControl.h">
      <Filter>Core</Filter>
    </ClInclude>
    <ClInclude Include="ShellItemsMenu.h">
      <Filter>Core\UI</Filter>
    </ClInclude>
    <ClInclude Include="PopupMenuView.h">
      <Filter>Core\UI\Views</Filter>
    </ClInclude>
    <ClInclude Include="IconFetcher.h">
      <Filter>Core</Filter>
    </ClInclude>
    <ClInclude Include="IconFetcherImpl.h">
      <Filter>Core</Filter>
    </ClInclude>
    <ClInclude Include="HistoryMenu.h">
      <Filter>Core\UI</Filter>
    </ClInclude>
    <ClInclude Include="BrowserWindow.h">
      <Filter>Core</Filter>
    </ClInclude>
    <ClInclude Include="ShellBrowser\ShellBrowserInterface.h">
      <Filter>ShellBrowser</Filter>
    </ClInclude>
    <ClInclude Include="OneShotTimerManager.h">
      <Filter>Core</Filter>
    </ClInclude>
    <ClInclude Include="OneShotTimer.h">
      <Filter>Core</Filter>
    </ClInclude>
    <ClInclude Include="BrowserCommandController.h">
      <Filter>Core</Filter>
    </ClInclude>
    <ClInclude Include="HistoryService.h">
      <Filter>History</Filter>
    </ClInclude>
    <ClInclude Include="ShellBrowserHistoryHelper.h">
      <Filter>History</Filter>
    </ClInclude>
    <ClInclude Include="HistoryServiceFactory.h">
      <Filter>History</Filter>
    </ClInclude>
    <ClInclude Include="ShellBrowser\ShellBrowserHelper.h">
      <Filter>ShellBrowser</Filter>
    </ClInclude>
    <ClInclude Include="ShellBrowser\ShellBrowserEmbedder.h">
      <Filter>ShellBrowser</Filter>
    </ClInclude>
  </ItemGroup>
  <ItemGroup>
    <ResourceCompile Include="Explorer++.rc">
      <Filter>Resource Files</Filter>
    </ResourceCompile>
    <ResourceCompile Include="Explorer++_NoTranslation.rc">
      <Filter>Resource Files</Filter>
    </ResourceCompile>
    <ResourceCompile Include="Explorer++Main.rc">
      <Filter>Resource Files</Filter>
    </ResourceCompile>
    <ResourceCompile Include="Explorer++VersionInfo.rc">
      <Filter>Resource Files</Filter>
    </ResourceCompile>
  </ItemGroup>
  <ItemGroup>
    <None Include="res\Display Window.ico">
      <Filter>Resource Files</Filter>
    </None>
    <None Include="res\Explorer++.ico">
      <Filter>Resource Files</Filter>
    </None>
    <None Include="res\Filtering Applied.bmp">
      <Filter>Resource Files</Filter>
    </None>
    <None Include="res\Folder Empty.bmp">
      <Filter>Resource Files</Filter>
    </None>
    <None Include="res\No Preview Available.bmp">
      <Filter>Resource Files</Filter>
    </None>
    <None Include="Version.h">
      <Filter>Core</Filter>
    </None>
  </ItemGroup>
  <ItemGroup>
    <Filter Include="Resource Files">
      <UniqueIdentifier>{d9baeb37-aac3-4b01-aeae-77a84256303a}</UniqueIdentifier>
    </Filter>
    <Filter Include="Application Toolbar">
      <UniqueIdentifier>{4810f11d-193a-43ea-88f8-68aace59ecc2}</UniqueIdentifier>
    </Filter>
    <Filter Include="Bookmarks">
      <UniqueIdentifier>{29e54ae7-9c6d-410e-9dca-22bd467ca6d5}</UniqueIdentifier>
    </Filter>
    <Filter Include="Color Rules">
      <UniqueIdentifier>{5ac9210d-3a7b-496c-9049-811bb1d4306f}</UniqueIdentifier>
    </Filter>
    <Filter Include="Tabs">
      <UniqueIdentifier>{e3b2a10c-f5d5-4d00-b7da-606ab09d32ff}</UniqueIdentifier>
    </Filter>
    <Filter Include="Dialog Support">
      <UniqueIdentifier>{de7aee89-b700-43b0-b0ee-0f3e1c0e0414}</UniqueIdentifier>
    </Filter>
    <Filter Include="General Dialogs">
      <UniqueIdentifier>{c4dacd32-7f5f-4214-bcd4-9e9e1c4f4cc1}</UniqueIdentifier>
    </Filter>
    <Filter Include="Drives Toolbar">
      <UniqueIdentifier>{e52be830-f885-4f05-a86a-121c31f6bb3d}</UniqueIdentifier>
    </Filter>
    <Filter Include="Core">
      <UniqueIdentifier>{456a11ae-0e84-47d8-8849-57d15479dcbb}</UniqueIdentifier>
    </Filter>
    <Filter Include="Context Menu Support">
      <UniqueIdentifier>{b842f15b-b7db-453c-9d09-3e9acc40b607}</UniqueIdentifier>
    </Filter>
    <Filter Include="Context Menu Support\New Menu">
      <UniqueIdentifier>{ab5e701f-15f5-4cd1-901a-77738a8f1779}</UniqueIdentifier>
    </Filter>
    <Filter Include="Settings">
      <UniqueIdentifier>{7611b74e-ed4f-469a-9ac8-eb7ce05b6942}</UniqueIdentifier>
    </Filter>
    <Filter Include="Holder Window">
      <UniqueIdentifier>{d9276f12-e3f5-4d23-a177-79772ff8b9dc}</UniqueIdentifier>
    </Filter>
    <Filter Include="ShellBrowser">
      <UniqueIdentifier>{c4c4c6aa-6087-4b72-bcd0-4a1c19499130}</UniqueIdentifier>
    </Filter>
    <Filter Include="Main Toolbar">
      <UniqueIdentifier>{2fe51f54-3d26-4449-92f3-ff8ee95f7751}</UniqueIdentifier>
    </Filter>
    <Filter Include="Plugins">
      <UniqueIdentifier>{09198397-1dae-4619-a80f-5af293a9b949}</UniqueIdentifier>
    </Filter>
    <Filter Include="Plugins\TabsApi">
      <UniqueIdentifier>{973ffc2c-3cf3-423d-abbe-e31ebcd18f81}</UniqueIdentifier>
    </Filter>
    <Filter Include="Plugins\TabsApi\Events">
      <UniqueIdentifier>{d95cc55b-536e-4787-ad7f-0e8f606aaaf9}</UniqueIdentifier>
    </Filter>
    <Filter Include="Plugins\CommandApi">
      <UniqueIdentifier>{50af2fb1-0a7d-45b6-9c5f-6acdfebd8efe}</UniqueIdentifier>
    </Filter>
    <Filter Include="Plugins\CommandApi\Events">
      <UniqueIdentifier>{79e9c559-5c9a-4111-8aba-39fc4208f1fb}</UniqueIdentifier>
    </Filter>
    <Filter Include="Bookmarks\UI">
      <UniqueIdentifier>{ce3e8ee9-017a-43b7-b601-015d3d2d1b4c}</UniqueIdentifier>
    </Filter>
    <Filter Include="ShellTreeView">
      <UniqueIdentifier>{e9f8553a-d212-4c0f-a749-708a1664278c}</UniqueIdentifier>
    </Filter>
    <Filter Include="DisplayWindow">
      <UniqueIdentifier>{fae666be-a68a-4fd0-91cd-01523513a8d4}</UniqueIdentifier>
    </Filter>
    <Filter Include="ShellBrowser\Shell Integration">
      <UniqueIdentifier>{5b4c01f6-2a4f-4423-9e67-b861a64bf5e8}</UniqueIdentifier>
    </Filter>
    <Filter Include="Views">
      <UniqueIdentifier>{a5bb582e-2ab4-463c-b4e4-216257c0c29f}</UniqueIdentifier>
    </Filter>
    <Filter Include="Application Toolbar\UI">
      <UniqueIdentifier>{d77733b3-5157-437b-bc26-cd28b368b052}</UniqueIdentifier>
    </Filter>
    <Filter Include="Application Toolbar\UI\Views">
      <UniqueIdentifier>{ffca9f15-b69b-468f-9859-162c29af9c4f}</UniqueIdentifier>
    </Filter>
    <Filter Include="Drives Toolbar\UI">
      <UniqueIdentifier>{3c07facd-96fb-4697-a57f-927ac759ed36}</UniqueIdentifier>
    </Filter>
    <Filter Include="Drives Toolbar\UI\Views">
      <UniqueIdentifier>{ae00fb9f-bc03-4910-856f-5a16c6ca24b0}</UniqueIdentifier>
    </Filter>
    <Filter Include="Bookmarks\UI\Views">
      <UniqueIdentifier>{87d572e6-f08d-48b8-b55e-7bd4107c3d53}</UniqueIdentifier>
    </Filter>
    <Filter Include="Dark Mode Support">
      <UniqueIdentifier>{9ba5d339-25dc-420e-97ef-a84e1cc12f84}</UniqueIdentifier>
    </Filter>
    <Filter Include="Color Rules\UI">
      <UniqueIdentifier>{75d9a3fc-5fa8-45b6-a300-6e1d711ec008}</UniqueIdentifier>
    </Filter>
    <Filter Include="General Dialogs\Options">
      <UniqueIdentifier>{2904c500-a16e-431c-a86d-9c687bb0bb42}</UniqueIdentifier>
    </Filter>
    <Filter Include="Core\UI">
      <UniqueIdentifier>{f7610d99-baa5-4d9f-be3e-708c8822cda3}</UniqueIdentifier>
    </Filter>
    <Filter Include="Core\UI\Views">
      <UniqueIdentifier>{6590f498-1426-4089-b90b-9174b6a9462e}</UniqueIdentifier>
    </Filter>
    <Filter Include="History">
      <UniqueIdentifier>{415a5098-0a21-44a5-9850-90e513b38ed4}</UniqueIdentifier>
    </Filter>
  </ItemGroup>
  <ItemGroup>
    <Manifest Include="Explorer++.exe.manifest">
      <Filter>Resource Files</Filter>
    </Manifest>
  </ItemGroup>
</Project>