<?xml version="1.0" encoding="utf-8"?>
<Project ToolsVersion="4.0" xmlns="http://schemas.microsoft.com/developer/msbuild/2003">
  <ItemGroup>
    <ClCompile Include="AboutDialog.cpp">
      <Filter>Source Files</Filter>
    </ClCompile>
    <ClCompile Include="AddBookmarkDialog.cpp">
      <Filter>Source Files</Filter>
    </ClCompile>
    <ClCompile Include="AddressBarHandler.cpp">
      <Filter>Source Files</Filter>
    </ClCompile>
    <ClCompile Include="ApplicationToolbarDropHandler.cpp">
      <Filter>Source Files</Filter>
    </ClCompile>
    <ClCompile Include="ApplicationToolbarHandler.cpp">
      <Filter>Source Files</Filter>
    </ClCompile>
    <ClCompile Include="ArrangeMenuHandler.cpp">
      <Filter>Source Files</Filter>
    </ClCompile>
    <ClCompile Include="BookmarkHandler.cpp">
      <Filter>Source Files</Filter>
    </ClCompile>
    <ClCompile Include="BookmarkPropertiesDialog.cpp">
      <Filter>Source Files</Filter>
    </ClCompile>
    <ClCompile Include="BookmarkToolbarDropHandler.cpp">
      <Filter>Source Files</Filter>
    </ClCompile>
    <ClCompile Include="ChangeDisplayWindowDetailsDialog.cpp">
      <Filter>Source Files</Filter>
    </ClCompile>
    <ClCompile Include="ColorRuleDialog.cpp">
      <Filter>Source Files</Filter>
    </ClCompile>
    <ClCompile Include="CustomizeColorsDialog.cpp">
      <Filter>Source Files</Filter>
    </ClCompile>
    <ClCompile Include="DestroyFilesDialog.cpp">
      <Filter>Source Files</Filter>
    </ClCompile>
    <ClCompile Include="DisplayColoursDialog.cpp">
      <Filter>Source Files</Filter>
    </ClCompile>
    <ClCompile Include="DisplayWindowLinePropertiesDialog.cpp">
      <Filter>Source Files</Filter>
    </ClCompile>
    <ClCompile Include="DrivesToolbarHandler.cpp">
      <Filter>Source Files</Filter>
    </ClCompile>
    <ClCompile Include="EventSwitcher.cpp">
      <Filter>Source Files</Filter>
    </ClCompile>
    <ClCompile Include="Explorer++.cpp">
      <Filter>Source Files</Filter>
    </ClCompile>
    <ClCompile Include="FilterDialog.cpp">
      <Filter>Source Files</Filter>
    </ClCompile>
    <ClCompile Include="HandleWindowState.cpp">
      <Filter>Source Files</Filter>
    </ClCompile>
    <ClCompile Include="iDropSource.cpp">
      <Filter>Source Files</Filter>
    </ClCompile>
    <ClCompile Include="Initialization.cpp">
      <Filter>Source Files</Filter>
    </ClCompile>
    <ClCompile Include="ListViewHandler.cpp">
      <Filter>Source Files</Filter>
    </ClCompile>
    <ClCompile Include="MainToolbarHandler.cpp">
      <Filter>Source Files</Filter>
    </ClCompile>
    <ClCompile Include="MassRenameDialog.cpp">
      <Filter>Source Files</Filter>
    </ClCompile>
    <ClCompile Include="Misc.cpp">
      <Filter>Source Files</Filter>
    </ClCompile>
    <ClCompile Include="NewBookmarkFolderDialog.cpp">
      <Filter>Source Files</Filter>
    </ClCompile>
    <ClCompile Include="OptionsDialog.cpp">
      <Filter>Source Files</Filter>
    </ClCompile>
    <ClCompile Include="OrganizeBookmarksDialog.cpp">
      <Filter>Source Files</Filter>
    </ClCompile>
    <ClCompile Include="RenameTabDialog.cpp">
      <Filter>Source Files</Filter>
    </ClCompile>
    <ClCompile Include="SearchDialog.cpp">
      <Filter>Source Files</Filter>
    </ClCompile>
    <ClCompile Include="SelectColumnsDialog.cpp">
      <Filter>Source Files</Filter>
    </ClCompile>
    <ClCompile Include="SetDefaultColumnsDialog.cpp">
      <Filter>Source Files</Filter>
    </ClCompile>
    <ClCompile Include="SetFileAttributesDialog.cpp">
      <Filter>Source Files</Filter>
    </ClCompile>
    <ClCompile Include="ShellContextMenuHandler.cpp">
      <Filter>Source Files</Filter>
    </ClCompile>
    <ClCompile Include="stdafx.cpp">
      <Filter>Source Files</Filter>
    </ClCompile>
    <ClCompile Include="TabBackingHandler.cpp">
      <Filter>Source Files</Filter>
    </ClCompile>
    <ClCompile Include="TabDropHandler.cpp">
      <Filter>Source Files</Filter>
    </ClCompile>
    <ClCompile Include="TabHandler.cpp">
      <Filter>Source Files</Filter>
    </ClCompile>
    <ClCompile Include="TreeViewHandler.cpp">
      <Filter>Source Files</Filter>
    </ClCompile>
    <ClCompile Include="WildcardSelectDialog.cpp">
      <Filter>Source Files</Filter>
    </ClCompile>
    <ClCompile Include="WindowHandler.cpp">
      <Filter>Source Files</Filter>
    </ClCompile>
    <ClCompile Include="XMLSettings.cpp">
      <Filter>Source Files</Filter>
    </ClCompile>
    <ClCompile Include="MainWndSwitch.cpp">
      <Filter>Source Files</Filter>
    </ClCompile>
    <ClCompile Include="WinMain.cpp">
      <Filter>Source Files</Filter>
    </ClCompile>
    <ClCompile Include="MsgHandler.cpp">
      <Filter>Source Files</Filter>
    </ClCompile>
    <ClCompile Include="SplitFileDialog.cpp">
      <Filter>Source Files</Filter>
    </ClCompile>
    <ClCompile Include="RegistrySettings.cpp">
      <Filter>Source Files</Filter>
    </ClCompile>
    <ClCompile Include="MergeFilesDialog.cpp">
      <Filter>Source Files</Filter>
    </ClCompile>
  </ItemGroup>
  <ItemGroup>
    <ClInclude Include="Explorer++.h">
      <Filter>Header Files</Filter>
    </ClInclude>
    <ClInclude Include="Explorer++_internal.h">
      <Filter>Header Files</Filter>
    </ClInclude>
    <ClInclude Include="iDropSource.h">
      <Filter>Header Files</Filter>
    </ClInclude>
    <ClInclude Include="NoTranslationResource.h">
      <Filter>Header Files</Filter>
    </ClInclude>
    <ClInclude Include="MainResource.h">
      <Filter>Header Files</Filter>
    </ClInclude>
    <ClInclude Include="resource.h">
      <Filter>Header Files</Filter>
    </ClInclude>
    <ClInclude Include="stdafx.h">
      <Filter>Header Files</Filter>
    </ClInclude>
    <ClInclude Include="Version.h">
      <Filter>Header Files</Filter>
    </ClInclude>
    <ClInclude Include="AboutDialog.h">
      <Filter>Header Files</Filter>
    </ClInclude>
    <ClInclude Include="SearchDialog.h">
      <Filter>Header Files</Filter>
    </ClInclude>
    <ClInclude Include="WildcardSelectDialog.h">
      <Filter>Header Files</Filter>
    </ClInclude>
    <ClInclude Include="SetFileAttributesDialog.h">
      <Filter>Header Files</Filter>
    </ClInclude>
    <ClInclude Include="RenameTabDialog.h">
      <Filter>Header Files</Filter>
    </ClInclude>
    <ClInclude Include="MassRenameDialog.h">
      <Filter>Header Files</Filter>
    </ClInclude>
    <ClInclude Include="FilterDialog.h">
      <Filter>Header Files</Filter>
    </ClInclude>
    <ClInclude Include="ColorRuleDialog.h">
      <Filter>Header Files</Filter>
    </ClInclude>
    <ClInclude Include="CustomizeColorsDialog.h">
      <Filter>Header Files</Filter>
    </ClInclude>
    <ClInclude Include="SplitFileDialog.h">
      <Filter>Header Files</Filter>
    </ClInclude>
    <ClInclude Include="DestroyFilesDialog.h">
      <Filter>Header Files</Filter>
    </ClInclude>
    <ClInclude Include="MergeFilesDialog.h">
      <Filter>Header Files</Filter>
    </ClInclude>
    <ClInclude Include="SelectColumnsDialog.h">
      <Filter>Header Files</Filter>
    </ClInclude>
    <ClInclude Include="SetDefaultColumnsDialog.h">
      <Filter>Header Files</Filter>
    </ClInclude>
  </ItemGroup>
  <ItemGroup>
    <ResourceCompile Include="Explorer++.rc">
      <Filter>Resource Files</Filter>
    </ResourceCompile>
    <ResourceCompile Include="Explorer++_NoTranslation.rc">
      <Filter>Resource Files</Filter>
    </ResourceCompile>
    <ResourceCompile Include="Explorer++Main.rc">
      <Filter>Resource Files</Filter>
    </ResourceCompile>
  </ItemGroup>
  <ItemGroup>
    <None Include="res\About Image.bmp">
      <Filter>Resource Files</Filter>
    </None>
    <None Include="res\Display Window.ico">
      <Filter>Resource Files</Filter>
    </None>
    <None Include="res\Explorer++ Small.ico">
      <Filter>Resource Files</Filter>
    </None>
    <None Include="res\Explorer++.ico">
      <Filter>Resource Files</Filter>
    </None>
    <None Include="res\Filtering Applied.bmp">
      <Filter>Resource Files</Filter>
    </None>
    <None Include="res\Folder Empty.bmp">
      <Filter>Resource Files</Filter>
    </None>
    <None Include="res\Folder Locked.bmp">
      <Filter>Resource Files</Filter>
    </None>
    <None Include="res\Navigation Start.wav">
      <Filter>Resource Files</Filter>
    </None>
    <None Include="res\Shell Go.bmp">
      <Filter>Resource Files</Filter>
    </None>
    <None Include="res\Shell Images.bmp">
      <Filter>Resource Files</Filter>
    </None>
    <None Include="res\Tab Close.bmp">
      <Filter>Resource Files</Filter>
    </None>
    <None Include="res\No Preview Available.bmp">
      <Filter>Resource Files</Filter>
    </None>
    <None Include="res\Shell Images Large.bmp">
      <Filter>Resource Files</Filter>
    </None>
  </ItemGroup>
  <ItemGroup>
    <Filter Include="Source Files">
      <UniqueIdentifier>{1b2c5a3d-8f72-441c-8aee-58cd231f149c}</UniqueIdentifier>
    </Filter>
    <Filter Include="Header Files">
      <UniqueIdentifier>{d16e7693-2e66-47ec-89c7-b0c6de98a4e0}</UniqueIdentifier>
    </Filter>
    <Filter Include="Resource Files">
      <UniqueIdentifier>{d9baeb37-aac3-4b01-aeae-77a84256303a}</UniqueIdentifier>
    </Filter>
  </ItemGroup>
  <ItemGroup>
    <Manifest Include="Explorer++.exe.manifest">
      <Filter>Resource Files</Filter>
    </Manifest>
  </ItemGroup>
</Project>