Microsoft Visual Studio Solution File, Format Version 11.00
# Visual Studio 2010
Project("{8BC9CEB8-8B4A-11D0-8D11-00A0C91BC942}") = "Explorer++", "Explorer++\Explorer++.vcxproj", "{7544A240-2EBF-4DC1-B55B-C8AE32672ED0}"
EndProject
Project("{8BC9CEB8-8B4A-11D0-8D11-00A0C91BC942}") = "Helper", "Helper\Helper.vcxproj", "{FAADBE00-9376-45F8-AEAC-1BA3A8E58A1D}"
EndProject
Project("{8BC9CEB8-8B4A-11D0-8D11-00A0C91BC942}") = "ShellBrowser", "ShellBrowser\ShellBrowser.vcxproj", "{BE577FA5-BE11-49BE-867D-D106AB0A34D8}"
EndProject
Project("{8BC9CEB8-8B4A-11D0-8D11-00A0C91BC942}") = "MyTreeView", "MyTreeView\MyTreeView.vcxproj", "{074CE152-1C5C-4B88-9C59-FD7F8C171321}"
	ProjectSection(ProjectDependencies) = postProject
		{FAADBE00-9376-45F8-AEAC-1BA3A8E58A1D} = {FAADBE00-9376-45F8-AEAC-1BA3A8E58A1D}
	EndProjectSection
EndProject
Project("{8BC9CEB8-8B4A-11D0-8D11-00A0C91BC942}") = "DisplayWindow", "DisplayWindow\DisplayWindow.vcxproj", "{2E9B7B3E-476E-4745-B05E-ABC34819DAF2}"
EndProject
Project("{8BC9CEB8-8B4A-11D0-8D11-00A0C91BC942}") = "HolderWindow", "HolderWindow\HolderWindow.vcxproj", "{3392C377-0C08-4B57-8C79-56F2AA3B0921}"
EndProject
Global
	GlobalSection(SolutionConfigurationPlatforms) = preSolution
		Debug|Win32 = Debug|Win32
		Debug|x64 = Debug|x64
		Release|Win32 = Release|Win32
		Release|x64 = Release|x64
		Test|Win32 = Test|Win32
		Test|x64 = Test|x64
	EndGlobalSection
	GlobalSection(ProjectConfigurationPlatforms) = postSolution
		{7544A240-2EBF-4DC1-B55B-C8AE32672ED0}.Debug|Win32.ActiveCfg = Debug|Win32
		{7544A240-2EBF-4DC1-B55B-C8AE32672ED0}.Debug|Win32.Build.0 = Debug|Win32
		{7544A240-2EBF-4DC1-B55B-C8AE32672ED0}.Debug|x64.ActiveCfg = Debug|x64
		{7544A240-2EBF-4DC1-B55B-C8AE32672ED0}.Debug|x64.Build.0 = Debug|x64
		{7544A240-2EBF-4DC1-B55B-C8AE32672ED0}.Release|Win32.ActiveCfg = Release|Win32
		{7544A240-2EBF-4DC1-B55B-C8AE32672ED0}.Release|Win32.Build.0 = Release|Win32
		{7544A240-2EBF-4DC1-B55B-C8AE32672ED0}.Release|x64.ActiveCfg = Release|x64
		{7544A240-2EBF-4DC1-B55B-C8AE32672ED0}.Release|x64.Build.0 = Release|x64
		{7544A240-2EBF-4DC1-B55B-C8AE32672ED0}.Test|Win32.ActiveCfg = Test|Win32
		{7544A240-2EBF-4DC1-B55B-C8AE32672ED0}.Test|Win32.Build.0 = Test|Win32
		{7544A240-2EBF-4DC1-B55B-C8AE32672ED0}.Test|x64.ActiveCfg = Test|x64
		{7544A240-2EBF-4DC1-B55B-C8AE32672ED0}.Test|x64.Build.0 = Test|x64
		{FAADBE00-9376-45F8-AEAC-1BA3A8E58A1D}.Debug|Win32.ActiveCfg = Debug|Win32
		{FAADBE00-9376-45F8-AEAC-1BA3A8E58A1D}.Debug|Win32.Build.0 = Debug|Win32
		{FAADBE00-9376-45F8-AEAC-1BA3A8E58A1D}.Debug|x64.ActiveCfg = Debug|x64
		{FAADBE00-9376-45F8-AEAC-1BA3A8E58A1D}.Debug|x64.Build.0 = Debug|x64
		{FAADBE00-9376-45F8-AEAC-1BA3A8E58A1D}.Release|Win32.ActiveCfg = Release|Win32
		{FAADBE00-9376-45F8-AEAC-1BA3A8E58A1D}.Release|Win32.Build.0 = Release|Win32
		{FAADBE00-9376-45F8-AEAC-1BA3A8E58A1D}.Release|x64.ActiveCfg = Release|x64
		{FAADBE00-9376-45F8-AEAC-1BA3A8E58A1D}.Release|x64.Build.0 = Release|x64
		{FAADBE00-9376-45F8-AEAC-1BA3A8E58A1D}.Test|Win32.ActiveCfg = Test|Win32
		{FAADBE00-9376-45F8-AEAC-1BA3A8E58A1D}.Test|Win32.Build.0 = Test|Win32
		{FAADBE00-9376-45F8-AEAC-1BA3A8E58A1D}.Test|x64.ActiveCfg = Test|x64
		{FAADBE00-9376-45F8-AEAC-1BA3A8E58A1D}.Test|x64.Build.0 = Test|x64
		{BE577FA5-BE11-49BE-867D-D106AB0A34D8}.Debug|Win32.ActiveCfg = Debug|Win32
		{BE577FA5-BE11-49BE-867D-D106AB0A34D8}.Debug|Win32.Build.0 = Debug|Win32
		{BE577FA5-BE11-49BE-867D-D106AB0A34D8}.Debug|x64.ActiveCfg = Debug|x64
		{BE577FA5-BE11-49BE-867D-D106AB0A34D8}.Debug|x64.Build.0 = Debug|x64
		{BE577FA5-BE11-49BE-867D-D106AB0A34D8}.Release|Win32.ActiveCfg = Release|Win32
		{BE577FA5-BE11-49BE-867D-D106AB0A34D8}.Release|Win32.Build.0 = Release|Win32
		{BE577FA5-BE11-49BE-867D-D106AB0A34D8}.Release|x64.ActiveCfg = Release|x64
		{BE577FA5-BE11-49BE-867D-D106AB0A34D8}.Release|x64.Build.0 = Release|x64
		{BE577FA5-BE11-49BE-867D-D106AB0A34D8}.Test|Win32.ActiveCfg = Test|Win32
		{BE577FA5-BE11-49BE-867D-D106AB0A34D8}.Test|Win32.Build.0 = Test|Win32
		{BE577FA5-BE11-49BE-867D-D106AB0A34D8}.Test|x64.ActiveCfg = Test|x64
		{BE577FA5-BE11-49BE-867D-D106AB0A34D8}.Test|x64.Build.0 = Test|x64
		{074CE152-1C5C-4B88-9C59-FD7F8C171321}.Debug|Win32.ActiveCfg = Debug|Win32
		{074CE152-1C5C-4B88-9C59-FD7F8C171321}.Debug|Win32.Build.0 = Debug|Win32
		{074CE152-1C5C-4B88-9C59-FD7F8C171321}.Debug|x64.ActiveCfg = Debug|x64
		{074CE152-1C5C-4B88-9C59-FD7F8C171321}.Debug|x64.Build.0 = Debug|x64
		{074CE152-1C5C-4B88-9C59-FD7F8C171321}.Release|Win32.ActiveCfg = Release|Win32
		{074CE152-1C5C-4B88-9C59-FD7F8C171321}.Release|Win32.Build.0 = Release|Win32
		{074CE152-1C5C-4B88-9C59-FD7F8C171321}.Release|x64.ActiveCfg = Release|x64
		{074CE152-1C5C-4B88-9C59-FD7F8C171321}.Release|x64.Build.0 = Release|x64
		{074CE152-1C5C-4B88-9C59-FD7F8C171321}.Test|Win32.ActiveCfg = Release|Win32
		{074CE152-1C5C-4B88-9C59-FD7F8C171321}.Test|Win32.Build.0 = Release|Win32
		{074CE152-1C5C-4B88-9C59-FD7F8C171321}.Test|x64.ActiveCfg = Release|Win32
		{2E9B7B3E-476E-4745-B05E-ABC34819DAF2}.Debug|Win32.ActiveCfg = Debug|Win32
		{2E9B7B3E-476E-4745-B05E-ABC34819DAF2}.Debug|Win32.Build.0 = Debug|Win32
		{2E9B7B3E-476E-4745-B05E-ABC34819DAF2}.Debug|x64.ActiveCfg = Debug|x64
		{2E9B7B3E-476E-4745-B05E-ABC34819DAF2}.Debug|x64.Build.0 = Debug|x64
		{2E9B7B3E-476E-4745-B05E-ABC34819DAF2}.Release|Win32.ActiveCfg = Release|Win32
		{2E9B7B3E-476E-4745-B05E-ABC34819DAF2}.Release|Win32.Build.0 = Release|Win32
		{2E9B7B3E-476E-4745-B05E-ABC34819DAF2}.Release|x64.ActiveCfg = Release|x64
		{2E9B7B3E-476E-4745-B05E-ABC34819DAF2}.Release|x64.Build.0 = Release|x64
		{2E9B7B3E-476E-4745-B05E-ABC34819DAF2}.Test|Win32.ActiveCfg = Release|Win32
		{2E9B7B3E-476E-4745-B05E-ABC34819DAF2}.Test|Win32.Build.0 = Release|Win32
		{2E9B7B3E-476E-4745-B05E-ABC34819DAF2}.Test|x64.ActiveCfg = Release|Win32
		{3392C377-0C08-4B57-8C79-56F2AA3B0921}.Debug|Win32.ActiveCfg = Debug|Win32
		{3392C377-0C08-4B57-8C79-56F2AA3B0921}.Debug|Win32.Build.0 = Debug|Win32
		{3392C377-0C08-4B57-8C79-56F2AA3B0921}.Debug|x64.ActiveCfg = Debug|x64
		{3392C377-0C08-4B57-8C79-56F2AA3B0921}.Debug|x64.Build.0 = Debug|x64
		{3392C377-0C08-4B57-8C79-56F2AA3B0921}.Release|Win32.ActiveCfg = Release|Win32
		{3392C377-0C08-4B57-8C79-56F2AA3B0921}.Release|Win32.Build.0 = Release|Win32
		{3392C377-0C08-4B57-8C79-56F2AA3B0921}.Release|x64.ActiveCfg = Release|x64
		{3392C377-0C08-4B57-8C79-56F2AA3B0921}.Release|x64.Build.0 = Release|x64
		{3392C377-0C08-4B57-8C79-56F2AA3B0921}.Test|Win32.ActiveCfg = Release|Win32
		{3392C377-0C08-4B57-8C79-56F2AA3B0921}.Test|Win32.Build.0 = Release|Win32
		{3392C377-0C08-4B57-8C79-56F2AA3B0921}.Test|x64.ActiveCfg = Release|Win32
	EndGlobalSection
	GlobalSection(SolutionProperties) = preSolution
		HideSolutionNode = FALSE
	EndGlobalSection
	GlobalSection(ExtensibilityGlobals) = postSolution
		VisualSVNWorkingCopyRoot = 
	EndGlobalSection
EndGlobal
