Microsoft Visual Studio Solution File, Format Version 12.00
# Visual Studio Version 17
VisualStudioVersion = 17.2.32630.192
MinimumVisualStudioVersion = 10.0.40219.1
Project("{8BC9CEB8-8B4A-11D0-8D11-00A0C91BC942}") = "Explorer++", "Explorer++\Explorer++.vcxproj", "{7544A240-2EBF-4DC1-B55B-C8AE32672ED0}"
EndProject
Project("{8BC9CEB8-8B4A-11D0-8D11-00A0C91BC942}") = "Helper", "Helper\Helper.vcxproj", "{FAADBE00-9376-45F8-AEAC-1BA3A8E58A1D}"
EndProject
Project("{8BC9CEB8-8B4A-11D0-8D11-00A0C91BC942}") = "TestHelper", "TestHelper\TestHelper.vcxproj", "{AA859AD3-B805-4EC6-AF00-A063A63886EC}"
	ProjectSection(ProjectDependencies) = postProject
		{FAADBE00-9376-45F8-AEAC-1BA3A8E58A1D} = {FAADBE00-9376-45F8-AEAC-1BA3A8E58A1D}
	EndProjectSection
EndProject
Project("{2150E333-8FDC-42A3-9474-1A3956D46DE8}") = "Translations", "Translations", "{F29F24CD-0668-462F-80AE-649CB12F1860}"
EndProject
Project("{8BC9CEB8-8B4A-11D0-8D11-00A0C91BC942}") = "Explorer++CA", "..\Translations\Explorer++CA\Explorer++CA.vcxproj", "{B04F5FB8-E387-46CA-95E3-FB5EB9BA13AA}"
EndProject
Project("{8BC9CEB8-8B4A-11D0-8D11-00A0C91BC942}") = "Explorer++CS", "..\Translations\Explorer++CS\Explorer++CS.vcxproj", "{41A8E3D6-1DA0-4659-92E4-4DA770A3301E}"
EndProject
Project("{8BC9CEB8-8B4A-11D0-8D11-00A0C91BC942}") = "Explorer++DA", "..\Translations\Explorer++DA\Explorer++DA.vcxproj", "{F7E8D901-B316-447D-95F7-7FC45A34E2B0}"
EndProject
Project("{8BC9CEB8-8B4A-11D0-8D11-00A0C91BC942}") = "Explorer++DE", "..\Translations\Explorer++DE\Explorer++DE.vcxproj", "{866A029F-39B3-4FA4-9FBD-45C2F24CDB11}"
EndProject
Project("{8BC9CEB8-8B4A-11D0-8D11-00A0C91BC942}") = "Explorer++ES", "..\Translations\Explorer++ES\Explorer++ES.vcxproj", "{0556BC85-8759-4DF3-B000-8861C1DF5FFB}"
EndProject
Project("{8BC9CEB8-8B4A-11D0-8D11-00A0C91BC942}") = "Explorer++FA", "..\Translations\Explorer++FA\Explorer++FA.vcxproj", "{3009733D-08D2-4050-B7E6-F1D691CD00ED}"
EndProject
Project("{8BC9CEB8-8B4A-11D0-8D11-00A0C91BC942}") = "Explorer++FR", "..\Translations\Explorer++FR\Explorer++FR.vcxproj", "{1610CD3C-0F28-46D8-8BB3-8DF637614AA0}"
EndProject
Project("{8BC9CEB8-8B4A-11D0-8D11-00A0C91BC942}") = "Explorer++HU", "..\Translations\Explorer++HU\Explorer++HU.vcxproj", "{F71CBEDC-07F5-4C44-ACAF-2E4C1FF83F44}"
EndProject
Project("{8BC9CEB8-8B4A-11D0-8D11-00A0C91BC942}") = "Explorer++IT", "..\Translations\Explorer++IT\Explorer++IT.vcxproj", "{A6ED4294-D661-433D-AA3B-6E08377E8660}"
EndProject
Project("{8BC9CEB8-8B4A-11D0-8D11-00A0C91BC942}") = "Explorer++JA", "..\Translations\Explorer++JA\Explorer++JA.vcxproj", "{56F9DE1E-4A09-4295-B79D-E77F8EF7A72F}"
EndProject
Project("{8BC9CEB8-8B4A-11D0-8D11-00A0C91BC942}") = "Explorer++KO", "..\Translations\Explorer++KO\Explorer++KO.vcxproj", "{EA394F59-EA04-49BE-85FE-8801452BFCE3}"
EndProject
Project("{8BC9CEB8-8B4A-11D0-8D11-00A0C91BC942}") = "Explorer++NL", "..\Translations\Explorer++NL\Explorer++NL.vcxproj", "{36663C1C-AFC5-4AE6-A3E0-DF35FD0A529E}"
EndProject
Project("{8BC9CEB8-8B4A-11D0-8D11-00A0C91BC942}") = "Explorer++NO", "..\Translations\Explorer++NO\Explorer++NO.vcxproj", "{9EEBE31B-C6EC-4602-AF18-70A1B2655ED3}"
EndProject
Project("{8BC9CEB8-8B4A-11D0-8D11-00A0C91BC942}") = "Explorer++PL", "..\Translations\Explorer++PL\Explorer++PL.vcxproj", "{8D9A2712-7719-4A37-95F2-032CBC4433FA}"
EndProject
Project("{8BC9CEB8-8B4A-11D0-8D11-00A0C91BC942}") = "Explorer++PT", "..\Translations\Explorer++PT\Explorer++PT.vcxproj", "{B17D5217-D79B-4A19-B439-A96743862558}"
EndProject
Project("{8BC9CEB8-8B4A-11D0-8D11-00A0C91BC942}") = "Explorer++RO", "..\Translations\Explorer++RO\Explorer++RO.vcxproj", "{DB50FB8F-1547-4D64-A892-D29500E7CBB3}"
EndProject
Project("{8BC9CEB8-8B4A-11D0-8D11-00A0C91BC942}") = "Explorer++RU", "..\Translations\Explorer++RU\Explorer++RU.vcxproj", "{FBE246F1-7C03-4238-B771-801523BFCBDA}"
EndProject
Project("{8BC9CEB8-8B4A-11D0-8D11-00A0C91BC942}") = "Explorer++SI", "..\Translations\Explorer++SI\Explorer++SI.vcxproj", "{9C2DE9F7-9181-4FA4-8DC0-05779A631C32}"
EndProject
Project("{8BC9CEB8-8B4A-11D0-8D11-00A0C91BC942}") = "Explorer++SV", "..\Translations\Explorer++SV\Explorer++SV.vcxproj", "{D9350B7E-1EB4-41FC-81DB-FEB223A911F4}"
EndProject
Project("{8BC9CEB8-8B4A-11D0-8D11-00A0C91BC942}") = "Explorer++TR", "..\Translations\Explorer++TR\Explorer++TR.vcxproj", "{E885F322-0EE6-4BD3-A35D-B262EFA94639}"
EndProject
Project("{8BC9CEB8-8B4A-11D0-8D11-00A0C91BC942}") = "Explorer++UK", "..\Translations\Explorer++UK\Explorer++UK.vcxproj", "{B31026C5-6BAF-4C69-BB4C-9C811B1BEEC7}"
EndProject
Project("{8BC9CEB8-8B4A-11D0-8D11-00A0C91BC942}") = "Explorer++ZH_CN", "..\Translations\Explorer++ZH_CN\Explorer++ZH_CN.vcxproj", "{C12096BF-F80B-4ABE-892C-247AF2A5458A}"
EndProject
Project("{930C7802-8A8C-48F9-8165-68863BCCD9DD}") = "Installer", "Installer\Installer.wixproj", "{3CD109B0-FB57-446C-AE40-CF4FD45793EF}"
	ProjectSection(ProjectDependencies) = postProject
		{7544A240-2EBF-4DC1-B55B-C8AE32672ED0} = {7544A240-2EBF-4DC1-B55B-C8AE32672ED0}
	EndProjectSection
EndProject
Project("{8BC9CEB8-8B4A-11D0-8D11-00A0C91BC942}") = "TestExplorer++", "TestExplorer++\TestExplorer++.vcxproj", "{1964E0F5-1A0F-4CB1-BAB5-B793F130F0FB}"
EndProject
Project("{8BC9CEB8-8B4A-11D0-8D11-00A0C91BC942}") = "Explorer++HE", "..\Translations\Explorer++HE\Explorer++HE.vcxproj", "{AD497D19-0B88-4E37-95B9-991C6514B156}"
EndProject
Project("{8BC9CEB8-8B4A-11D0-8D11-00A0C91BC942}") = "Explorer++FI", "..\Translations\Explorer++FI\Explorer++FI.vcxproj", "{41047779-715C-4018-B21C-2AEAD581E54D}"
EndProject
Project("{8BC9CEB8-8B4A-11D0-8D11-00A0C91BC942}") = "Explorer++VI", "..\Translations\Explorer++VI\Explorer++VI.vcxproj", "{D480B32C-BDF2-4364-92C9-2A0E446AE9CD}"
EndProject
Project("{8BC9CEB8-8B4A-11D0-8D11-00A0C91BC942}") = "Explorer++ZH_TW", "..\Translations\Explorer++ZH_TW\Explorer++ZH_TW.vcxproj", "{C76E8EF4-B0BD-4B8A-87BF-09F4CD129D7B}"
EndProject
Project("{8BC9CEB8-8B4A-11D0-8D11-00A0C91BC942}") = "Explorer++PT_BR", "..\Translations\Explorer++PT_BR\Explorer++PT_BR.vcxproj", "{EA5B918A-CE1E-4E03-81A7-C9E7A590627C}"
EndProject
Project("{8BC9CEB8-8B4A-11D0-8D11-00A0C91BC942}") = "Explorer++EL", "..\Translations\Explorer++EL\Explorer++EL.vcxproj", "{28A90A7D-8A10-4772-9882-1ECA5ADFA72E}"
EndProject
Global
	GlobalSection(SolutionConfigurationPlatforms) = preSolution
		Debug|ARM64 = Debug|ARM64
		Debug|Win32 = Debug|Win32
		Debug|x64 = Debug|x64
		Debug-Asan|ARM64 = Debug-Asan|ARM64
		Debug-Asan|Win32 = Debug-Asan|Win32
		Debug-Asan|x64 = Debug-Asan|x64
		Debug-LLVM|ARM64 = Debug-LLVM|ARM64
		Debug-LLVM|Win32 = Debug-LLVM|Win32
		Debug-LLVM|x64 = Debug-LLVM|x64
		Release|ARM64 = Release|ARM64
		Release|Win32 = Release|Win32
		Release|x64 = Release|x64
		Test|ARM64 = Test|ARM64
		Test|Win32 = Test|Win32
		Test|x64 = Test|x64
	EndGlobalSection
	GlobalSection(ProjectConfigurationPlatforms) = postSolution
		{7544A240-2EBF-4DC1-B55B-C8AE32672ED0}.Debug|ARM64.ActiveCfg = Debug|ARM64
		{7544A240-2EBF-4DC1-B55B-C8AE32672ED0}.Debug|ARM64.Build.0 = Debug|ARM64
		{7544A240-2EBF-4DC1-B55B-C8AE32672ED0}.Debug|Win32.ActiveCfg = Debug|Win32
		{7544A240-2EBF-4DC1-B55B-C8AE32672ED0}.Debug|Win32.Build.0 = Debug|Win32
		{7544A240-2EBF-4DC1-B55B-C8AE32672ED0}.Debug|x64.ActiveCfg = Debug|x64
		{7544A240-2EBF-4DC1-B55B-C8AE32672ED0}.Debug|x64.Build.0 = Debug|x64
		{7544A240-2EBF-4DC1-B55B-C8AE32672ED0}.Debug|x64.Deploy.0 = Debug|x64
		{7544A240-2EBF-4DC1-B55B-C8AE32672ED0}.Debug-Asan|ARM64.ActiveCfg = Debug|ARM64
		{7544A240-2EBF-4DC1-B55B-C8AE32672ED0}.Debug-Asan|ARM64.Build.0 = Debug|ARM64
		{7544A240-2EBF-4DC1-B55B-C8AE32672ED0}.Debug-Asan|Win32.ActiveCfg = Debug-Asan|Win32
		{7544A240-2EBF-4DC1-B55B-C8AE32672ED0}.Debug-Asan|Win32.Build.0 = Debug-Asan|Win32
		{7544A240-2EBF-4DC1-B55B-C8AE32672ED0}.Debug-Asan|x64.ActiveCfg = Debug-Asan|x64
		{7544A240-2EBF-4DC1-B55B-C8AE32672ED0}.Debug-Asan|x64.Build.0 = Debug-Asan|x64
		{7544A240-2EBF-4DC1-B55B-C8AE32672ED0}.Debug-Asan|x64.Deploy.0 = Debug-Asan|x64
		{7544A240-2EBF-4DC1-B55B-C8AE32672ED0}.Debug-LLVM|ARM64.ActiveCfg = Debug-LLVM|ARM64
		{7544A240-2EBF-4DC1-B55B-C8AE32672ED0}.Debug-LLVM|ARM64.Build.0 = Debug-LLVM|ARM64
		{7544A240-2EBF-4DC1-B55B-C8AE32672ED0}.Debug-LLVM|Win32.ActiveCfg = Debug-LLVM|Win32
		{7544A240-2EBF-4DC1-B55B-C8AE32672ED0}.Debug-LLVM|Win32.Build.0 = Debug-LLVM|Win32
		{7544A240-2EBF-4DC1-B55B-C8AE32672ED0}.Debug-LLVM|x64.ActiveCfg = Debug-LLVM|x64
		{7544A240-2EBF-4DC1-B55B-C8AE32672ED0}.Debug-LLVM|x64.Build.0 = Debug-LLVM|x64
		{7544A240-2EBF-4DC1-B55B-C8AE32672ED0}.Release|ARM64.ActiveCfg = Release|ARM64
		{7544A240-2EBF-4DC1-B55B-C8AE32672ED0}.Release|ARM64.Build.0 = Release|ARM64
		{7544A240-2EBF-4DC1-B55B-C8AE32672ED0}.Release|Win32.ActiveCfg = Release|Win32
		{7544A240-2EBF-4DC1-B55B-C8AE32672ED0}.Release|Win32.Build.0 = Release|Win32
		{7544A240-2EBF-4DC1-B55B-C8AE32672ED0}.Release|x64.ActiveCfg = Release|x64
		{7544A240-2EBF-4DC1-B55B-C8AE32672ED0}.Release|x64.Build.0 = Release|x64
		{7544A240-2EBF-4DC1-B55B-C8AE32672ED0}.Test|ARM64.ActiveCfg = Debug|Win32
		{7544A240-2EBF-4DC1-B55B-C8AE32672ED0}.Test|Win32.ActiveCfg = Debug|Win32
		{7544A240-2EBF-4DC1-B55B-C8AE32672ED0}.Test|x64.ActiveCfg = Debug|Win32
		{FAADBE00-9376-45F8-AEAC-1BA3A8E58A1D}.Debug|ARM64.ActiveCfg = Debug|ARM64
		{FAADBE00-9376-45F8-AEAC-1BA3A8E58A1D}.Debug|ARM64.Build.0 = Debug|ARM64
		{FAADBE00-9376-45F8-AEAC-1BA3A8E58A1D}.Debug|Win32.ActiveCfg = Debug|Win32
		{FAADBE00-9376-45F8-AEAC-1BA3A8E58A1D}.Debug|Win32.Build.0 = Debug|Win32
		{FAADBE00-9376-45F8-AEAC-1BA3A8E58A1D}.Debug|x64.ActiveCfg = Debug|x64
		{FAADBE00-9376-45F8-AEAC-1BA3A8E58A1D}.Debug|x64.Build.0 = Debug|x64
		{FAADBE00-9376-45F8-AEAC-1BA3A8E58A1D}.Debug-Asan|ARM64.ActiveCfg = Debug|ARM64
		{FAADBE00-9376-45F8-AEAC-1BA3A8E58A1D}.Debug-Asan|ARM64.Build.0 = Debug|ARM64
		{FAADBE00-9376-45F8-AEAC-1BA3A8E58A1D}.Debug-Asan|Win32.ActiveCfg = Debug-Asan|Win32
		{FAADBE00-9376-45F8-AEAC-1BA3A8E58A1D}.Debug-Asan|Win32.Build.0 = Debug-Asan|Win32
		{FAADBE00-9376-45F8-AEAC-1BA3A8E58A1D}.Debug-Asan|x64.ActiveCfg = Debug-Asan|x64
		{FAADBE00-9376-45F8-AEAC-1BA3A8E58A1D}.Debug-Asan|x64.Build.0 = Debug-Asan|x64
		{FAADBE00-9376-45F8-AEAC-1BA3A8E58A1D}.Debug-LLVM|ARM64.ActiveCfg = Debug-LLVM|ARM64
		{FAADBE00-9376-45F8-AEAC-1BA3A8E58A1D}.Debug-LLVM|ARM64.Build.0 = Debug-LLVM|ARM64
		{FAADBE00-9376-45F8-AEAC-1BA3A8E58A1D}.Debug-LLVM|Win32.ActiveCfg = Debug-LLVM|Win32
		{FAADBE00-9376-45F8-AEAC-1BA3A8E58A1D}.Debug-LLVM|Win32.Build.0 = Debug-LLVM|Win32
		{FAADBE00-9376-45F8-AEAC-1BA3A8E58A1D}.Debug-LLVM|x64.ActiveCfg = Debug-LLVM|x64
		{FAADBE00-9376-45F8-AEAC-1BA3A8E58A1D}.Debug-LLVM|x64.Build.0 = Debug-LLVM|x64
		{FAADBE00-9376-45F8-AEAC-1BA3A8E58A1D}.Release|ARM64.ActiveCfg = Release|ARM64
		{FAADBE00-9376-45F8-AEAC-1BA3A8E58A1D}.Release|ARM64.Build.0 = Release|ARM64
		{FAADBE00-9376-45F8-AEAC-1BA3A8E58A1D}.Release|Win32.ActiveCfg = Release|Win32
		{FAADBE00-9376-45F8-AEAC-1BA3A8E58A1D}.Release|Win32.Build.0 = Release|Win32
		{FAADBE00-9376-45F8-AEAC-1BA3A8E58A1D}.Release|x64.ActiveCfg = Release|x64
		{FAADBE00-9376-45F8-AEAC-1BA3A8E58A1D}.Release|x64.Build.0 = Release|x64
		{FAADBE00-9376-45F8-AEAC-1BA3A8E58A1D}.Test|ARM64.ActiveCfg = Debug|Win32
		{FAADBE00-9376-45F8-AEAC-1BA3A8E58A1D}.Test|ARM64.Build.0 = Debug|Win32
		{FAADBE00-9376-45F8-AEAC-1BA3A8E58A1D}.Test|Win32.ActiveCfg = Debug|Win32
		{FAADBE00-9376-45F8-AEAC-1BA3A8E58A1D}.Test|Win32.Build.0 = Debug|Win32
		{FAADBE00-9376-45F8-AEAC-1BA3A8E58A1D}.Test|x64.ActiveCfg = Debug|Win32
		{FAADBE00-9376-45F8-AEAC-1BA3A8E58A1D}.Test|x64.Build.0 = Debug|Win32
		{AA859AD3-B805-4EC6-AF00-A063A63886EC}.Debug|ARM64.ActiveCfg = Debug|Win32
		{AA859AD3-B805-4EC6-AF00-A063A63886EC}.Debug|Win32.ActiveCfg = Debug|Win32
		{AA859AD3-B805-4EC6-AF00-A063A63886EC}.Debug|x64.ActiveCfg = Debug|Win32
		{AA859AD3-B805-4EC6-AF00-A063A63886EC}.Debug-Asan|ARM64.ActiveCfg = Debug|Win32
		{AA859AD3-B805-4EC6-AF00-A063A63886EC}.Debug-Asan|Win32.ActiveCfg = Debug|Win32
		{AA859AD3-B805-4EC6-AF00-A063A63886EC}.Debug-Asan|x64.ActiveCfg = Debug|Win32
		{AA859AD3-B805-4EC6-AF00-A063A63886EC}.Debug-LLVM|ARM64.ActiveCfg = Debug-LLVM|Win32
		{AA859AD3-B805-4EC6-AF00-A063A63886EC}.Debug-LLVM|Win32.ActiveCfg = Debug-LLVM|Win32
		{AA859AD3-B805-4EC6-AF00-A063A63886EC}.Debug-LLVM|x64.ActiveCfg = Debug-LLVM|Win32
		{AA859AD3-B805-4EC6-AF00-A063A63886EC}.Release|ARM64.ActiveCfg = Release|Win32
		{AA859AD3-B805-4EC6-AF00-A063A63886EC}.Release|Win32.ActiveCfg = Release|Win32
		{AA859AD3-B805-4EC6-AF00-A063A63886EC}.Release|x64.ActiveCfg = Release|Win32
		{AA859AD3-B805-4EC6-AF00-A063A63886EC}.Test|ARM64.ActiveCfg = Debug|Win32
		{AA859AD3-B805-4EC6-AF00-A063A63886EC}.Test|ARM64.Build.0 = Debug|Win32
		{AA859AD3-B805-4EC6-AF00-A063A63886EC}.Test|Win32.ActiveCfg = Debug|Win32
		{AA859AD3-B805-4EC6-AF00-A063A63886EC}.Test|Win32.Build.0 = Debug|Win32
		{AA859AD3-B805-4EC6-AF00-A063A63886EC}.Test|x64.ActiveCfg = Debug|Win32
		{AA859AD3-B805-4EC6-AF00-A063A63886EC}.Test|x64.Build.0 = Debug|Win32
		{B04F5FB8-E387-46CA-95E3-FB5EB9BA13AA}.Debug|ARM64.ActiveCfg = Debug|Win32
		{B04F5FB8-E387-46CA-95E3-FB5EB9BA13AA}.Debug|Win32.ActiveCfg = Debug|Win32
		{B04F5FB8-E387-46CA-95E3-FB5EB9BA13AA}.Debug|x64.ActiveCfg = Debug|Win32
		{B04F5FB8-E387-46CA-95E3-FB5EB9BA13AA}.Debug-Asan|ARM64.ActiveCfg = Debug|Win32
		{B04F5FB8-E387-46CA-95E3-FB5EB9BA13AA}.Debug-Asan|Win32.ActiveCfg = Debug|Win32
		{B04F5FB8-E387-46CA-95E3-FB5EB9BA13AA}.Debug-Asan|x64.ActiveCfg = Debug|Win32
		{B04F5FB8-E387-46CA-95E3-FB5EB9BA13AA}.Debug-LLVM|ARM64.ActiveCfg = Debug|Win32
		{B04F5FB8-E387-46CA-95E3-FB5EB9BA13AA}.Debug-LLVM|Win32.ActiveCfg = Debug|Win32
		{B04F5FB8-E387-46CA-95E3-FB5EB9BA13AA}.Debug-LLVM|x64.ActiveCfg = Debug|Win32
		{B04F5FB8-E387-46CA-95E3-FB5EB9BA13AA}.Release|ARM64.ActiveCfg = Release|Win32
		{B04F5FB8-E387-46CA-95E3-FB5EB9BA13AA}.Release|ARM64.Build.0 = Release|Win32
		{B04F5FB8-E387-46CA-95E3-FB5EB9BA13AA}.Release|Win32.ActiveCfg = Release|Win32
		{B04F5FB8-E387-46CA-95E3-FB5EB9BA13AA}.Release|Win32.Build.0 = Release|Win32
		{B04F5FB8-E387-46CA-95E3-FB5EB9BA13AA}.Release|x64.ActiveCfg = Release|Win32
		{B04F5FB8-E387-46CA-95E3-FB5EB9BA13AA}.Release|x64.Build.0 = Release|Win32
		{B04F5FB8-E387-46CA-95E3-FB5EB9BA13AA}.Test|ARM64.ActiveCfg = Debug|Win32
		{B04F5FB8-E387-46CA-95E3-FB5EB9BA13AA}.Test|Win32.ActiveCfg = Release|Win32
		{B04F5FB8-E387-46CA-95E3-FB5EB9BA13AA}.Test|x64.ActiveCfg = Release|Win32
		{41A8E3D6-1DA0-4659-92E4-4DA770A3301E}.Debug|ARM64.ActiveCfg = Debug|Win32
		{41A8E3D6-1DA0-4659-92E4-4DA770A3301E}.Debug|Win32.ActiveCfg = Debug|Win32
		{41A8E3D6-1DA0-4659-92E4-4DA770A3301E}.Debug|x64.ActiveCfg = Debug|Win32
		{41A8E3D6-1DA0-4659-92E4-4DA770A3301E}.Debug-Asan|ARM64.ActiveCfg = Debug|Win32
		{41A8E3D6-1DA0-4659-92E4-4DA770A3301E}.Debug-Asan|Win32.ActiveCfg = Debug|Win32
		{41A8E3D6-1DA0-4659-92E4-4DA770A3301E}.Debug-Asan|x64.ActiveCfg = Debug|Win32
		{41A8E3D6-1DA0-4659-92E4-4DA770A3301E}.Debug-LLVM|ARM64.ActiveCfg = Debug|Win32
		{41A8E3D6-1DA0-4659-92E4-4DA770A3301E}.Debug-LLVM|Win32.ActiveCfg = Debug|Win32
		{41A8E3D6-1DA0-4659-92E4-4DA770A3301E}.Debug-LLVM|x64.ActiveCfg = Debug|Win32
		{41A8E3D6-1DA0-4659-92E4-4DA770A3301E}.Release|ARM64.ActiveCfg = Release|Win32
		{41A8E3D6-1DA0-4659-92E4-4DA770A3301E}.Release|ARM64.Build.0 = Release|Win32
		{41A8E3D6-1DA0-4659-92E4-4DA770A3301E}.Release|Win32.ActiveCfg = Release|Win32
		{41A8E3D6-1DA0-4659-92E4-4DA770A3301E}.Release|Win32.Build.0 = Release|Win32
		{41A8E3D6-1DA0-4659-92E4-4DA770A3301E}.Release|x64.ActiveCfg = Release|Win32
		{41A8E3D6-1DA0-4659-92E4-4DA770A3301E}.Release|x64.Build.0 = Release|Win32
		{41A8E3D6-1DA0-4659-92E4-4DA770A3301E}.Test|ARM64.ActiveCfg = Debug|Win32
		{41A8E3D6-1DA0-4659-92E4-4DA770A3301E}.Test|Win32.ActiveCfg = Release|Win32
		{41A8E3D6-1DA0-4659-92E4-4DA770A3301E}.Test|x64.ActiveCfg = Release|Win32
		{F7E8D901-B316-447D-95F7-7FC45A34E2B0}.Debug|ARM64.ActiveCfg = Debug|Win32
		{F7E8D901-B316-447D-95F7-7FC45A34E2B0}.Debug|Win32.ActiveCfg = Debug|Win32
		{F7E8D901-B316-447D-95F7-7FC45A34E2B0}.Debug|x64.ActiveCfg = Debug|Win32
		{F7E8D901-B316-447D-95F7-7FC45A34E2B0}.Debug-Asan|ARM64.ActiveCfg = Debug|Win32
		{F7E8D901-B316-447D-95F7-7FC45A34E2B0}.Debug-Asan|Win32.ActiveCfg = Debug|Win32
		{F7E8D901-B316-447D-95F7-7FC45A34E2B0}.Debug-Asan|x64.ActiveCfg = Debug|Win32
		{F7E8D901-B316-447D-95F7-7FC45A34E2B0}.Debug-LLVM|ARM64.ActiveCfg = Debug|Win32
		{F7E8D901-B316-447D-95F7-7FC45A34E2B0}.Debug-LLVM|Win32.ActiveCfg = Debug|Win32
		{F7E8D901-B316-447D-95F7-7FC45A34E2B0}.Debug-LLVM|x64.ActiveCfg = Debug|Win32
		{F7E8D901-B316-447D-95F7-7FC45A34E2B0}.Release|ARM64.ActiveCfg = Release|Win32
		{F7E8D901-B316-447D-95F7-7FC45A34E2B0}.Release|ARM64.Build.0 = Release|Win32
		{F7E8D901-B316-447D-95F7-7FC45A34E2B0}.Release|Win32.ActiveCfg = Release|Win32
		{F7E8D901-B316-447D-95F7-7FC45A34E2B0}.Release|Win32.Build.0 = Release|Win32
		{F7E8D901-B316-447D-95F7-7FC45A34E2B0}.Release|x64.ActiveCfg = Release|Win32
		{F7E8D901-B316-447D-95F7-7FC45A34E2B0}.Release|x64.Build.0 = Release|Win32
		{F7E8D901-B316-447D-95F7-7FC45A34E2B0}.Test|ARM64.ActiveCfg = Debug|Win32
		{F7E8D901-B316-447D-95F7-7FC45A34E2B0}.Test|Win32.ActiveCfg = Release|Win32
		{F7E8D901-B316-447D-95F7-7FC45A34E2B0}.Test|x64.ActiveCfg = Release|Win32
		{866A029F-39B3-4FA4-9FBD-45C2F24CDB11}.Debug|ARM64.ActiveCfg = Debug|Win32
		{866A029F-39B3-4FA4-9FBD-45C2F24CDB11}.Debug|Win32.ActiveCfg = Debug|Win32
		{866A029F-39B3-4FA4-9FBD-45C2F24CDB11}.Debug|x64.ActiveCfg = Debug|Win32
		{866A029F-39B3-4FA4-9FBD-45C2F24CDB11}.Debug-Asan|ARM64.ActiveCfg = Debug|Win32
		{866A029F-39B3-4FA4-9FBD-45C2F24CDB11}.Debug-Asan|Win32.ActiveCfg = Debug|Win32
		{866A029F-39B3-4FA4-9FBD-45C2F24CDB11}.Debug-Asan|x64.ActiveCfg = Debug|Win32
		{866A029F-39B3-4FA4-9FBD-45C2F24CDB11}.Debug-LLVM|ARM64.ActiveCfg = Debug|Win32
		{866A029F-39B3-4FA4-9FBD-45C2F24CDB11}.Debug-LLVM|Win32.ActiveCfg = Debug|Win32
		{866A029F-39B3-4FA4-9FBD-45C2F24CDB11}.Debug-LLVM|x64.ActiveCfg = Debug|Win32
		{866A029F-39B3-4FA4-9FBD-45C2F24CDB11}.Release|ARM64.ActiveCfg = Release|Win32
		{866A029F-39B3-4FA4-9FBD-45C2F24CDB11}.Release|ARM64.Build.0 = Release|Win32
		{866A029F-39B3-4FA4-9FBD-45C2F24CDB11}.Release|Win32.ActiveCfg = Release|Win32
		{866A029F-39B3-4FA4-9FBD-45C2F24CDB11}.Release|Win32.Build.0 = Release|Win32
		{866A029F-39B3-4FA4-9FBD-45C2F24CDB11}.Release|x64.ActiveCfg = Release|Win32
		{866A029F-39B3-4FA4-9FBD-45C2F24CDB11}.Release|x64.Build.0 = Release|Win32
		{866A029F-39B3-4FA4-9FBD-45C2F24CDB11}.Test|ARM64.ActiveCfg = Debug|Win32
		{866A029F-39B3-4FA4-9FBD-45C2F24CDB11}.Test|Win32.ActiveCfg = Release|Win32
		{866A029F-39B3-4FA4-9FBD-45C2F24CDB11}.Test|x64.ActiveCfg = Release|Win32
		{0556BC85-8759-4DF3-B000-8861C1DF5FFB}.Debug|ARM64.ActiveCfg = Debug|Win32
		{0556BC85-8759-4DF3-B000-8861C1DF5FFB}.Debug|Win32.ActiveCfg = Debug|Win32
		{0556BC85-8759-4DF3-B000-8861C1DF5FFB}.Debug|x64.ActiveCfg = Debug|Win32
		{0556BC85-8759-4DF3-B000-8861C1DF5FFB}.Debug-Asan|ARM64.ActiveCfg = Debug|Win32
		{0556BC85-8759-4DF3-B000-8861C1DF5FFB}.Debug-Asan|Win32.ActiveCfg = Debug|Win32
		{0556BC85-8759-4DF3-B000-8861C1DF5FFB}.Debug-Asan|x64.ActiveCfg = Debug|Win32
		{0556BC85-8759-4DF3-B000-8861C1DF5FFB}.Debug-LLVM|ARM64.ActiveCfg = Debug|Win32
		{0556BC85-8759-4DF3-B000-8861C1DF5FFB}.Debug-LLVM|Win32.ActiveCfg = Debug|Win32
		{0556BC85-8759-4DF3-B000-8861C1DF5FFB}.Debug-LLVM|x64.ActiveCfg = Debug|Win32
		{0556BC85-8759-4DF3-B000-8861C1DF5FFB}.Release|ARM64.ActiveCfg = Release|Win32
		{0556BC85-8759-4DF3-B000-8861C1DF5FFB}.Release|ARM64.Build.0 = Release|Win32
		{0556BC85-8759-4DF3-B000-8861C1DF5FFB}.Release|Win32.ActiveCfg = Release|Win32
		{0556BC85-8759-4DF3-B000-8861C1DF5FFB}.Release|Win32.Build.0 = Release|Win32
		{0556BC85-8759-4DF3-B000-8861C1DF5FFB}.Release|x64.ActiveCfg = Release|Win32
		{0556BC85-8759-4DF3-B000-8861C1DF5FFB}.Release|x64.Build.0 = Release|Win32
		{0556BC85-8759-4DF3-B000-8861C1DF5FFB}.Test|ARM64.ActiveCfg = Debug|Win32
		{0556BC85-8759-4DF3-B000-8861C1DF5FFB}.Test|Win32.ActiveCfg = Release|Win32
		{0556BC85-8759-4DF3-B000-8861C1DF5FFB}.Test|x64.ActiveCfg = Release|Win32
		{3009733D-08D2-4050-B7E6-F1D691CD00ED}.Debug|ARM64.ActiveCfg = Debug|Win32
		{3009733D-08D2-4050-B7E6-F1D691CD00ED}.Debug|Win32.ActiveCfg = Debug|Win32
		{3009733D-08D2-4050-B7E6-F1D691CD00ED}.Debug|x64.ActiveCfg = Debug|Win32
		{3009733D-08D2-4050-B7E6-F1D691CD00ED}.Debug-Asan|ARM64.ActiveCfg = Debug|Win32
		{3009733D-08D2-4050-B7E6-F1D691CD00ED}.Debug-Asan|Win32.ActiveCfg = Debug|Win32
		{3009733D-08D2-4050-B7E6-F1D691CD00ED}.Debug-Asan|x64.ActiveCfg = Debug|Win32
		{3009733D-08D2-4050-B7E6-F1D691CD00ED}.Debug-LLVM|ARM64.ActiveCfg = Debug|Win32
		{3009733D-08D2-4050-B7E6-F1D691CD00ED}.Debug-LLVM|Win32.ActiveCfg = Debug|Win32
		{3009733D-08D2-4050-B7E6-F1D691CD00ED}.Debug-LLVM|x64.ActiveCfg = Debug|Win32
		{3009733D-08D2-4050-B7E6-F1D691CD00ED}.Release|ARM64.ActiveCfg = Release|Win32
		{3009733D-08D2-4050-B7E6-F1D691CD00ED}.Release|ARM64.Build.0 = Release|Win32
		{3009733D-08D2-4050-B7E6-F1D691CD00ED}.Release|Win32.ActiveCfg = Release|Win32
		{3009733D-08D2-4050-B7E6-F1D691CD00ED}.Release|Win32.Build.0 = Release|Win32
		{3009733D-08D2-4050-B7E6-F1D691CD00ED}.Release|x64.ActiveCfg = Release|Win32
		{3009733D-08D2-4050-B7E6-F1D691CD00ED}.Release|x64.Build.0 = Release|Win32
		{3009733D-08D2-4050-B7E6-F1D691CD00ED}.Test|ARM64.ActiveCfg = Debug|Win32
		{3009733D-08D2-4050-B7E6-F1D691CD00ED}.Test|Win32.ActiveCfg = Release|Win32
		{3009733D-08D2-4050-B7E6-F1D691CD00ED}.Test|x64.ActiveCfg = Release|Win32
		{1610CD3C-0F28-46D8-8BB3-8DF637614AA0}.Debug|ARM64.ActiveCfg = Debug|Win32
		{1610CD3C-0F28-46D8-8BB3-8DF637614AA0}.Debug|Win32.ActiveCfg = Debug|Win32
		{1610CD3C-0F28-46D8-8BB3-8DF637614AA0}.Debug|x64.ActiveCfg = Debug|Win32
		{1610CD3C-0F28-46D8-8BB3-8DF637614AA0}.Debug-Asan|ARM64.ActiveCfg = Debug|Win32
		{1610CD3C-0F28-46D8-8BB3-8DF637614AA0}.Debug-Asan|Win32.ActiveCfg = Debug|Win32
		{1610CD3C-0F28-46D8-8BB3-8DF637614AA0}.Debug-Asan|x64.ActiveCfg = Debug|Win32
		{1610CD3C-0F28-46D8-8BB3-8DF637614AA0}.Debug-LLVM|ARM64.ActiveCfg = Debug|Win32
		{1610CD3C-0F28-46D8-8BB3-8DF637614AA0}.Debug-LLVM|Win32.ActiveCfg = Debug|Win32
		{1610CD3C-0F28-46D8-8BB3-8DF637614AA0}.Debug-LLVM|x64.ActiveCfg = Debug|Win32
		{1610CD3C-0F28-46D8-8BB3-8DF637614AA0}.Release|ARM64.ActiveCfg = Release|Win32
		{1610CD3C-0F28-46D8-8BB3-8DF637614AA0}.Release|ARM64.Build.0 = Release|Win32
		{1610CD3C-0F28-46D8-8BB3-8DF637614AA0}.Release|Win32.ActiveCfg = Release|Win32
		{1610CD3C-0F28-46D8-8BB3-8DF637614AA0}.Release|Win32.Build.0 = Release|Win32
		{1610CD3C-0F28-46D8-8BB3-8DF637614AA0}.Release|x64.ActiveCfg = Release|Win32
		{1610CD3C-0F28-46D8-8BB3-8DF637614AA0}.Release|x64.Build.0 = Release|Win32
		{1610CD3C-0F28-46D8-8BB3-8DF637614AA0}.Test|ARM64.ActiveCfg = Debug|Win32
		{1610CD3C-0F28-46D8-8BB3-8DF637614AA0}.Test|Win32.ActiveCfg = Release|Win32
		{1610CD3C-0F28-46D8-8BB3-8DF637614AA0}.Test|x64.ActiveCfg = Release|Win32
		{F71CBEDC-07F5-4C44-ACAF-2E4C1FF83F44}.Debug|ARM64.ActiveCfg = Debug|Win32
		{F71CBEDC-07F5-4C44-ACAF-2E4C1FF83F44}.Debug|Win32.ActiveCfg = Debug|Win32
		{F71CBEDC-07F5-4C44-ACAF-2E4C1FF83F44}.Debug|x64.ActiveCfg = Debug|Win32
		{F71CBEDC-07F5-4C44-ACAF-2E4C1FF83F44}.Debug-Asan|ARM64.ActiveCfg = Debug|Win32
		{F71CBEDC-07F5-4C44-ACAF-2E4C1FF83F44}.Debug-Asan|Win32.ActiveCfg = Debug|Win32
		{F71CBEDC-07F5-4C44-ACAF-2E4C1FF83F44}.Debug-Asan|x64.ActiveCfg = Debug|Win32
		{F71CBEDC-07F5-4C44-ACAF-2E4C1FF83F44}.Debug-LLVM|ARM64.ActiveCfg = Debug|Win32
		{F71CBEDC-07F5-4C44-ACAF-2E4C1FF83F44}.Debug-LLVM|Win32.ActiveCfg = Debug|Win32
		{F71CBEDC-07F5-4C44-ACAF-2E4C1FF83F44}.Debug-LLVM|x64.ActiveCfg = Debug|Win32
		{F71CBEDC-07F5-4C44-ACAF-2E4C1FF83F44}.Release|ARM64.ActiveCfg = Release|Win32
		{F71CBEDC-07F5-4C44-ACAF-2E4C1FF83F44}.Release|ARM64.Build.0 = Release|Win32
		{F71CBEDC-07F5-4C44-ACAF-2E4C1FF83F44}.Release|Win32.ActiveCfg = Release|Win32
		{F71CBEDC-07F5-4C44-ACAF-2E4C1FF83F44}.Release|Win32.Build.0 = Release|Win32
		{F71CBEDC-07F5-4C44-ACAF-2E4C1FF83F44}.Release|x64.ActiveCfg = Release|Win32
		{F71CBEDC-07F5-4C44-ACAF-2E4C1FF83F44}.Release|x64.Build.0 = Release|Win32
		{F71CBEDC-07F5-4C44-ACAF-2E4C1FF83F44}.Test|ARM64.ActiveCfg = Debug|Win32
		{F71CBEDC-07F5-4C44-ACAF-2E4C1FF83F44}.Test|Win32.ActiveCfg = Release|Win32
		{F71CBEDC-07F5-4C44-ACAF-2E4C1FF83F44}.Test|x64.ActiveCfg = Release|Win32
		{A6ED4294-D661-433D-AA3B-6E08377E8660}.Debug|ARM64.ActiveCfg = Debug|Win32
		{A6ED4294-D661-433D-AA3B-6E08377E8660}.Debug|Win32.ActiveCfg = Debug|Win32
		{A6ED4294-D661-433D-AA3B-6E08377E8660}.Debug|x64.ActiveCfg = Debug|Win32
		{A6ED4294-D661-433D-AA3B-6E08377E8660}.Debug-Asan|ARM64.ActiveCfg = Debug|Win32
		{A6ED4294-D661-433D-AA3B-6E08377E8660}.Debug-Asan|Win32.ActiveCfg = Debug|Win32
		{A6ED4294-D661-433D-AA3B-6E08377E8660}.Debug-Asan|x64.ActiveCfg = Debug|Win32
		{A6ED4294-D661-433D-AA3B-6E08377E8660}.Debug-LLVM|ARM64.ActiveCfg = Debug|Win32
		{A6ED4294-D661-433D-AA3B-6E08377E8660}.Debug-LLVM|Win32.ActiveCfg = Debug|Win32
		{A6ED4294-D661-433D-AA3B-6E08377E8660}.Debug-LLVM|x64.ActiveCfg = Debug|Win32
		{A6ED4294-D661-433D-AA3B-6E08377E8660}.Release|ARM64.ActiveCfg = Release|Win32
		{A6ED4294-D661-433D-AA3B-6E08377E8660}.Release|ARM64.Build.0 = Release|Win32
		{A6ED4294-D661-433D-AA3B-6E08377E8660}.Release|Win32.ActiveCfg = Release|Win32
		{A6ED4294-D661-433D-AA3B-6E08377E8660}.Release|Win32.Build.0 = Release|Win32
		{A6ED4294-D661-433D-AA3B-6E08377E8660}.Release|x64.ActiveCfg = Release|Win32
		{A6ED4294-D661-433D-AA3B-6E08377E8660}.Release|x64.Build.0 = Release|Win32
		{A6ED4294-D661-433D-AA3B-6E08377E8660}.Test|ARM64.ActiveCfg = Debug|Win32
		{A6ED4294-D661-433D-AA3B-6E08377E8660}.Test|Win32.ActiveCfg = Release|Win32
		{A6ED4294-D661-433D-AA3B-6E08377E8660}.Test|x64.ActiveCfg = Release|Win32
		{56F9DE1E-4A09-4295-B79D-E77F8EF7A72F}.Debug|ARM64.ActiveCfg = Debug|Win32
		{56F9DE1E-4A09-4295-B79D-E77F8EF7A72F}.Debug|Win32.ActiveCfg = Debug|Win32
		{56F9DE1E-4A09-4295-B79D-E77F8EF7A72F}.Debug|x64.ActiveCfg = Debug|Win32
		{56F9DE1E-4A09-4295-B79D-E77F8EF7A72F}.Debug-Asan|ARM64.ActiveCfg = Debug|Win32
		{56F9DE1E-4A09-4295-B79D-E77F8EF7A72F}.Debug-Asan|Win32.ActiveCfg = Debug|Win32
		{56F9DE1E-4A09-4295-B79D-E77F8EF7A72F}.Debug-Asan|x64.ActiveCfg = Debug|Win32
		{56F9DE1E-4A09-4295-B79D-E77F8EF7A72F}.Debug-LLVM|ARM64.ActiveCfg = Debug|Win32
		{56F9DE1E-4A09-4295-B79D-E77F8EF7A72F}.Debug-LLVM|Win32.ActiveCfg = Debug|Win32
		{56F9DE1E-4A09-4295-B79D-E77F8EF7A72F}.Debug-LLVM|x64.ActiveCfg = Debug|Win32
		{56F9DE1E-4A09-4295-B79D-E77F8EF7A72F}.Release|ARM64.ActiveCfg = Release|Win32
		{56F9DE1E-4A09-4295-B79D-E77F8EF7A72F}.Release|ARM64.Build.0 = Release|Win32
		{56F9DE1E-4A09-4295-B79D-E77F8EF7A72F}.Release|Win32.ActiveCfg = Release|Win32
		{56F9DE1E-4A09-4295-B79D-E77F8EF7A72F}.Release|Win32.Build.0 = Release|Win32
		{56F9DE1E-4A09-4295-B79D-E77F8EF7A72F}.Release|x64.ActiveCfg = Release|Win32
		{56F9DE1E-4A09-4295-B79D-E77F8EF7A72F}.Release|x64.Build.0 = Release|Win32
		{56F9DE1E-4A09-4295-B79D-E77F8EF7A72F}.Test|ARM64.ActiveCfg = Debug|Win32
		{56F9DE1E-4A09-4295-B79D-E77F8EF7A72F}.Test|Win32.ActiveCfg = Release|Win32
		{56F9DE1E-4A09-4295-B79D-E77F8EF7A72F}.Test|x64.ActiveCfg = Release|Win32
		{EA394F59-EA04-49BE-85FE-8801452BFCE3}.Debug|ARM64.ActiveCfg = Debug|Win32
		{EA394F59-EA04-49BE-85FE-8801452BFCE3}.Debug|Win32.ActiveCfg = Debug|Win32
		{EA394F59-EA04-49BE-85FE-8801452BFCE3}.Debug|x64.ActiveCfg = Debug|Win32
		{EA394F59-EA04-49BE-85FE-8801452BFCE3}.Debug-Asan|ARM64.ActiveCfg = Debug|Win32
		{EA394F59-EA04-49BE-85FE-8801452BFCE3}.Debug-Asan|Win32.ActiveCfg = Debug|Win32
		{EA394F59-EA04-49BE-85FE-8801452BFCE3}.Debug-Asan|x64.ActiveCfg = Debug|Win32
		{EA394F59-EA04-49BE-85FE-8801452BFCE3}.Debug-LLVM|ARM64.ActiveCfg = Debug|Win32
		{EA394F59-EA04-49BE-85FE-8801452BFCE3}.Debug-LLVM|Win32.ActiveCfg = Debug|Win32
		{EA394F59-EA04-49BE-85FE-8801452BFCE3}.Debug-LLVM|x64.ActiveCfg = Debug|Win32
		{EA394F59-EA04-49BE-85FE-8801452BFCE3}.Release|ARM64.ActiveCfg = Release|Win32
		{EA394F59-EA04-49BE-85FE-8801452BFCE3}.Release|ARM64.Build.0 = Release|Win32
		{EA394F59-EA04-49BE-85FE-8801452BFCE3}.Release|Win32.ActiveCfg = Release|Win32
		{EA394F59-EA04-49BE-85FE-8801452BFCE3}.Release|Win32.Build.0 = Release|Win32
		{EA394F59-EA04-49BE-85FE-8801452BFCE3}.Release|x64.ActiveCfg = Release|Win32
		{EA394F59-EA04-49BE-85FE-8801452BFCE3}.Release|x64.Build.0 = Release|Win32
		{EA394F59-EA04-49BE-85FE-8801452BFCE3}.Test|ARM64.ActiveCfg = Debug|Win32
		{EA394F59-EA04-49BE-85FE-8801452BFCE3}.Test|Win32.ActiveCfg = Release|Win32
		{EA394F59-EA04-49BE-85FE-8801452BFCE3}.Test|x64.ActiveCfg = Release|Win32
		{36663C1C-AFC5-4AE6-A3E0-DF35FD0A529E}.Debug|ARM64.ActiveCfg = Debug|Win32
		{36663C1C-AFC5-4AE6-A3E0-DF35FD0A529E}.Debug|Win32.ActiveCfg = Debug|Win32
		{36663C1C-AFC5-4AE6-A3E0-DF35FD0A529E}.Debug|x64.ActiveCfg = Debug|Win32
		{36663C1C-AFC5-4AE6-A3E0-DF35FD0A529E}.Debug-Asan|ARM64.ActiveCfg = Debug|Win32
		{36663C1C-AFC5-4AE6-A3E0-DF35FD0A529E}.Debug-Asan|Win32.ActiveCfg = Debug|Win32
		{36663C1C-AFC5-4AE6-A3E0-DF35FD0A529E}.Debug-Asan|x64.ActiveCfg = Debug|Win32
		{36663C1C-AFC5-4AE6-A3E0-DF35FD0A529E}.Debug-LLVM|ARM64.ActiveCfg = Debug|Win32
		{36663C1C-AFC5-4AE6-A3E0-DF35FD0A529E}.Debug-LLVM|Win32.ActiveCfg = Debug|Win32
		{36663C1C-AFC5-4AE6-A3E0-DF35FD0A529E}.Debug-LLVM|x64.ActiveCfg = Debug|Win32
		{36663C1C-AFC5-4AE6-A3E0-DF35FD0A529E}.Release|ARM64.ActiveCfg = Release|Win32
		{36663C1C-AFC5-4AE6-A3E0-DF35FD0A529E}.Release|ARM64.Build.0 = Release|Win32
		{36663C1C-AFC5-4AE6-A3E0-DF35FD0A529E}.Release|Win32.ActiveCfg = Release|Win32
		{36663C1C-AFC5-4AE6-A3E0-DF35FD0A529E}.Release|Win32.Build.0 = Release|Win32
		{36663C1C-AFC5-4AE6-A3E0-DF35FD0A529E}.Release|x64.ActiveCfg = Release|Win32
		{36663C1C-AFC5-4AE6-A3E0-DF35FD0A529E}.Release|x64.Build.0 = Release|Win32
		{36663C1C-AFC5-4AE6-A3E0-DF35FD0A529E}.Test|ARM64.ActiveCfg = Debug|Win32
		{36663C1C-AFC5-4AE6-A3E0-DF35FD0A529E}.Test|Win32.ActiveCfg = Release|Win32
		{36663C1C-AFC5-4AE6-A3E0-DF35FD0A529E}.Test|x64.ActiveCfg = Release|Win32
		{9EEBE31B-C6EC-4602-AF18-70A1B2655ED3}.Debug|ARM64.ActiveCfg = Debug|Win32
		{9EEBE31B-C6EC-4602-AF18-70A1B2655ED3}.Debug|Win32.ActiveCfg = Debug|Win32
		{9EEBE31B-C6EC-4602-AF18-70A1B2655ED3}.Debug|x64.ActiveCfg = Debug|Win32
		{9EEBE31B-C6EC-4602-AF18-70A1B2655ED3}.Debug-Asan|ARM64.ActiveCfg = Debug|Win32
		{9EEBE31B-C6EC-4602-AF18-70A1B2655ED3}.Debug-Asan|Win32.ActiveCfg = Debug|Win32
		{9EEBE31B-C6EC-4602-AF18-70A1B2655ED3}.Debug-Asan|x64.ActiveCfg = Debug|Win32
		{9EEBE31B-C6EC-4602-AF18-70A1B2655ED3}.Debug-LLVM|ARM64.ActiveCfg = Debug|Win32
		{9EEBE31B-C6EC-4602-AF18-70A1B2655ED3}.Debug-LLVM|Win32.ActiveCfg = Debug|Win32
		{9EEBE31B-C6EC-4602-AF18-70A1B2655ED3}.Debug-LLVM|x64.ActiveCfg = Debug|Win32
		{9EEBE31B-C6EC-4602-AF18-70A1B2655ED3}.Release|ARM64.ActiveCfg = Release|Win32
		{9EEBE31B-C6EC-4602-AF18-70A1B2655ED3}.Release|ARM64.Build.0 = Release|Win32
		{9EEBE31B-C6EC-4602-AF18-70A1B2655ED3}.Release|Win32.ActiveCfg = Release|Win32
		{9EEBE31B-C6EC-4602-AF18-70A1B2655ED3}.Release|Win32.Build.0 = Release|Win32
		{9EEBE31B-C6EC-4602-AF18-70A1B2655ED3}.Release|x64.ActiveCfg = Release|Win32
		{9EEBE31B-C6EC-4602-AF18-70A1B2655ED3}.Release|x64.Build.0 = Release|Win32
		{9EEBE31B-C6EC-4602-AF18-70A1B2655ED3}.Test|ARM64.ActiveCfg = Debug|Win32
		{9EEBE31B-C6EC-4602-AF18-70A1B2655ED3}.Test|Win32.ActiveCfg = Release|Win32
		{9EEBE31B-C6EC-4602-AF18-70A1B2655ED3}.Test|x64.ActiveCfg = Release|Win32
		{8D9A2712-7719-4A37-95F2-032CBC4433FA}.Debug|ARM64.ActiveCfg = Debug|Win32
		{8D9A2712-7719-4A37-95F2-032CBC4433FA}.Debug|Win32.ActiveCfg = Debug|Win32
		{8D9A2712-7719-4A37-95F2-032CBC4433FA}.Debug|x64.ActiveCfg = Debug|Win32
		{8D9A2712-7719-4A37-95F2-032CBC4433FA}.Debug-Asan|ARM64.ActiveCfg = Debug|Win32
		{8D9A2712-7719-4A37-95F2-032CBC4433FA}.Debug-Asan|Win32.ActiveCfg = Debug|Win32
		{8D9A2712-7719-4A37-95F2-032CBC4433FA}.Debug-Asan|x64.ActiveCfg = Debug|Win32
		{8D9A2712-7719-4A37-95F2-032CBC4433FA}.Debug-LLVM|ARM64.ActiveCfg = Debug|Win32
		{8D9A2712-7719-4A37-95F2-032CBC4433FA}.Debug-LLVM|Win32.ActiveCfg = Debug|Win32
		{8D9A2712-7719-4A37-95F2-032CBC4433FA}.Debug-LLVM|x64.ActiveCfg = Debug|Win32
		{8D9A2712-7719-4A37-95F2-032CBC4433FA}.Release|ARM64.ActiveCfg = Release|Win32
		{8D9A2712-7719-4A37-95F2-032CBC4433FA}.Release|ARM64.Build.0 = Release|Win32
		{8D9A2712-7719-4A37-95F2-032CBC4433FA}.Release|Win32.ActiveCfg = Release|Win32
		{8D9A2712-7719-4A37-95F2-032CBC4433FA}.Release|Win32.Build.0 = Release|Win32
		{8D9A2712-7719-4A37-95F2-032CBC4433FA}.Release|x64.ActiveCfg = Release|Win32
		{8D9A2712-7719-4A37-95F2-032CBC4433FA}.Release|x64.Build.0 = Release|Win32
		{8D9A2712-7719-4A37-95F2-032CBC4433FA}.Test|ARM64.ActiveCfg = Debug|Win32
		{8D9A2712-7719-4A37-95F2-032CBC4433FA}.Test|Win32.ActiveCfg = Release|Win32
		{8D9A2712-7719-4A37-95F2-032CBC4433FA}.Test|x64.ActiveCfg = Release|Win32
		{B17D5217-D79B-4A19-B439-A96743862558}.Debug|ARM64.ActiveCfg = Debug|Win32
		{B17D5217-D79B-4A19-B439-A96743862558}.Debug|Win32.ActiveCfg = Debug|Win32
		{B17D5217-D79B-4A19-B439-A96743862558}.Debug|x64.ActiveCfg = Debug|Win32
		{B17D5217-D79B-4A19-B439-A96743862558}.Debug-Asan|ARM64.ActiveCfg = Debug|Win32
		{B17D5217-D79B-4A19-B439-A96743862558}.Debug-Asan|Win32.ActiveCfg = Debug|Win32
		{B17D5217-D79B-4A19-B439-A96743862558}.Debug-Asan|x64.ActiveCfg = Debug|Win32
		{B17D5217-D79B-4A19-B439-A96743862558}.Debug-LLVM|ARM64.ActiveCfg = Debug|Win32
		{B17D5217-D79B-4A19-B439-A96743862558}.Debug-LLVM|Win32.ActiveCfg = Debug|Win32
		{B17D5217-D79B-4A19-B439-A96743862558}.Debug-LLVM|x64.ActiveCfg = Debug|Win32
		{B17D5217-D79B-4A19-B439-A96743862558}.Release|ARM64.ActiveCfg = Release|Win32
		{B17D5217-D79B-4A19-B439-A96743862558}.Release|ARM64.Build.0 = Release|Win32
		{B17D5217-D79B-4A19-B439-A96743862558}.Release|Win32.ActiveCfg = Release|Win32
		{B17D5217-D79B-4A19-B439-A96743862558}.Release|Win32.Build.0 = Release|Win32
		{B17D5217-D79B-4A19-B439-A96743862558}.Release|x64.ActiveCfg = Release|Win32
		{B17D5217-D79B-4A19-B439-A96743862558}.Release|x64.Build.0 = Release|Win32
		{B17D5217-D79B-4A19-B439-A96743862558}.Test|ARM64.ActiveCfg = Debug|Win32
		{B17D5217-D79B-4A19-B439-A96743862558}.Test|Win32.ActiveCfg = Release|Win32
		{B17D5217-D79B-4A19-B439-A96743862558}.Test|x64.ActiveCfg = Release|Win32
		{DB50FB8F-1547-4D64-A892-D29500E7CBB3}.Debug|ARM64.ActiveCfg = Debug|Win32
		{DB50FB8F-1547-4D64-A892-D29500E7CBB3}.Debug|Win32.ActiveCfg = Debug|Win32
		{DB50FB8F-1547-4D64-A892-D29500E7CBB3}.Debug|x64.ActiveCfg = Debug|Win32
		{DB50FB8F-1547-4D64-A892-D29500E7CBB3}.Debug-Asan|ARM64.ActiveCfg = Debug|Win32
		{DB50FB8F-1547-4D64-A892-D29500E7CBB3}.Debug-Asan|Win32.ActiveCfg = Debug|Win32
		{DB50FB8F-1547-4D64-A892-D29500E7CBB3}.Debug-Asan|x64.ActiveCfg = Debug|Win32
		{DB50FB8F-1547-4D64-A892-D29500E7CBB3}.Debug-LLVM|ARM64.ActiveCfg = Debug|Win32
		{DB50FB8F-1547-4D64-A892-D29500E7CBB3}.Debug-LLVM|Win32.ActiveCfg = Debug|Win32
		{DB50FB8F-1547-4D64-A892-D29500E7CBB3}.Debug-LLVM|x64.ActiveCfg = Debug|Win32
		{DB50FB8F-1547-4D64-A892-D29500E7CBB3}.Release|ARM64.ActiveCfg = Release|Win32
		{DB50FB8F-1547-4D64-A892-D29500E7CBB3}.Release|ARM64.Build.0 = Release|Win32
		{DB50FB8F-1547-4D64-A892-D29500E7CBB3}.Release|Win32.ActiveCfg = Release|Win32
		{DB50FB8F-1547-4D64-A892-D29500E7CBB3}.Release|Win32.Build.0 = Release|Win32
		{DB50FB8F-1547-4D64-A892-D29500E7CBB3}.Release|x64.ActiveCfg = Release|Win32
		{DB50FB8F-1547-4D64-A892-D29500E7CBB3}.Release|x64.Build.0 = Release|Win32
		{DB50FB8F-1547-4D64-A892-D29500E7CBB3}.Test|ARM64.ActiveCfg = Debug|Win32
		{DB50FB8F-1547-4D64-A892-D29500E7CBB3}.Test|Win32.ActiveCfg = Release|Win32
		{DB50FB8F-1547-4D64-A892-D29500E7CBB3}.Test|x64.ActiveCfg = Release|Win32
		{FBE246F1-7C03-4238-B771-801523BFCBDA}.Debug|ARM64.ActiveCfg = Debug|Win32
		{FBE246F1-7C03-4238-B771-801523BFCBDA}.Debug|Win32.ActiveCfg = Debug|Win32
		{FBE246F1-7C03-4238-B771-801523BFCBDA}.Debug|x64.ActiveCfg = Debug|Win32
		{FBE246F1-7C03-4238-B771-801523BFCBDA}.Debug-Asan|ARM64.ActiveCfg = Debug|Win32
		{FBE246F1-7C03-4238-B771-801523BFCBDA}.Debug-Asan|Win32.ActiveCfg = Debug|Win32
		{FBE246F1-7C03-4238-B771-801523BFCBDA}.Debug-Asan|x64.ActiveCfg = Debug|Win32
		{FBE246F1-7C03-4238-B771-801523BFCBDA}.Debug-LLVM|ARM64.ActiveCfg = Debug|Win32
		{FBE246F1-7C03-4238-B771-801523BFCBDA}.Debug-LLVM|Win32.ActiveCfg = Debug|Win32
		{FBE246F1-7C03-4238-B771-801523BFCBDA}.Debug-LLVM|x64.ActiveCfg = Debug|Win32
		{FBE246F1-7C03-4238-B771-801523BFCBDA}.Release|ARM64.ActiveCfg = Release|Win32
		{FBE246F1-7C03-4238-B771-801523BFCBDA}.Release|ARM64.Build.0 = Release|Win32
		{FBE246F1-7C03-4238-B771-801523BFCBDA}.Release|Win32.ActiveCfg = Release|Win32
		{FBE246F1-7C03-4238-B771-801523BFCBDA}.Release|Win32.Build.0 = Release|Win32
		{FBE246F1-7C03-4238-B771-801523BFCBDA}.Release|x64.ActiveCfg = Release|Win32
		{FBE246F1-7C03-4238-B771-801523BFCBDA}.Release|x64.Build.0 = Release|Win32
		{FBE246F1-7C03-4238-B771-801523BFCBDA}.Test|ARM64.ActiveCfg = Debug|Win32
		{FBE246F1-7C03-4238-B771-801523BFCBDA}.Test|Win32.ActiveCfg = Release|Win32
		{FBE246F1-7C03-4238-B771-801523BFCBDA}.Test|x64.ActiveCfg = Release|Win32
		{9C2DE9F7-9181-4FA4-8DC0-05779A631C32}.Debug|ARM64.ActiveCfg = Debug|Win32
		{9C2DE9F7-9181-4FA4-8DC0-05779A631C32}.Debug|Win32.ActiveCfg = Debug|Win32
		{9C2DE9F7-9181-4FA4-8DC0-05779A631C32}.Debug|x64.ActiveCfg = Debug|Win32
		{9C2DE9F7-9181-4FA4-8DC0-05779A631C32}.Debug-Asan|ARM64.ActiveCfg = Debug|Win32
		{9C2DE9F7-9181-4FA4-8DC0-05779A631C32}.Debug-Asan|Win32.ActiveCfg = Debug|Win32
		{9C2DE9F7-9181-4FA4-8DC0-05779A631C32}.Debug-Asan|x64.ActiveCfg = Debug|Win32
		{9C2DE9F7-9181-4FA4-8DC0-05779A631C32}.Debug-LLVM|ARM64.ActiveCfg = Debug|Win32
		{9C2DE9F7-9181-4FA4-8DC0-05779A631C32}.Debug-LLVM|Win32.ActiveCfg = Debug|Win32
		{9C2DE9F7-9181-4FA4-8DC0-05779A631C32}.Debug-LLVM|x64.ActiveCfg = Debug|Win32
		{9C2DE9F7-9181-4FA4-8DC0-05779A631C32}.Release|ARM64.ActiveCfg = Release|Win32
		{9C2DE9F7-9181-4FA4-8DC0-05779A631C32}.Release|ARM64.Build.0 = Release|Win32
		{9C2DE9F7-9181-4FA4-8DC0-05779A631C32}.Release|Win32.ActiveCfg = Release|Win32
		{9C2DE9F7-9181-4FA4-8DC0-05779A631C32}.Release|Win32.Build.0 = Release|Win32
		{9C2DE9F7-9181-4FA4-8DC0-05779A631C32}.Release|x64.ActiveCfg = Release|Win32
		{9C2DE9F7-9181-4FA4-8DC0-05779A631C32}.Release|x64.Build.0 = Release|Win32
		{9C2DE9F7-9181-4FA4-8DC0-05779A631C32}.Test|ARM64.ActiveCfg = Debug|Win32
		{9C2DE9F7-9181-4FA4-8DC0-05779A631C32}.Test|Win32.ActiveCfg = Release|Win32
		{9C2DE9F7-9181-4FA4-8DC0-05779A631C32}.Test|x64.ActiveCfg = Release|Win32
		{D9350B7E-1EB4-41FC-81DB-FEB223A911F4}.Debug|ARM64.ActiveCfg = Debug|Win32
		{D9350B7E-1EB4-41FC-81DB-FEB223A911F4}.Debug|Win32.ActiveCfg = Debug|Win32
		{D9350B7E-1EB4-41FC-81DB-FEB223A911F4}.Debug|x64.ActiveCfg = Debug|Win32
		{D9350B7E-1EB4-41FC-81DB-FEB223A911F4}.Debug-Asan|ARM64.ActiveCfg = Debug|Win32
		{D9350B7E-1EB4-41FC-81DB-FEB223A911F4}.Debug-Asan|Win32.ActiveCfg = Debug|Win32
		{D9350B7E-1EB4-41FC-81DB-FEB223A911F4}.Debug-Asan|x64.ActiveCfg = Debug|Win32
		{D9350B7E-1EB4-41FC-81DB-FEB223A911F4}.Debug-LLVM|ARM64.ActiveCfg = Debug|Win32
		{D9350B7E-1EB4-41FC-81DB-FEB223A911F4}.Debug-LLVM|Win32.ActiveCfg = Debug|Win32
		{D9350B7E-1EB4-41FC-81DB-FEB223A911F4}.Debug-LLVM|x64.ActiveCfg = Debug|Win32
		{D9350B7E-1EB4-41FC-81DB-FEB223A911F4}.Release|ARM64.ActiveCfg = Release|Win32
		{D9350B7E-1EB4-41FC-81DB-FEB223A911F4}.Release|ARM64.Build.0 = Release|Win32
		{D9350B7E-1EB4-41FC-81DB-FEB223A911F4}.Release|Win32.ActiveCfg = Release|Win32
		{D9350B7E-1EB4-41FC-81DB-FEB223A911F4}.Release|Win32.Build.0 = Release|Win32
		{D9350B7E-1EB4-41FC-81DB-FEB223A911F4}.Release|x64.ActiveCfg = Release|Win32
		{D9350B7E-1EB4-41FC-81DB-FEB223A911F4}.Release|x64.Build.0 = Release|Win32
		{D9350B7E-1EB4-41FC-81DB-FEB223A911F4}.Test|ARM64.ActiveCfg = Debug|Win32
		{D9350B7E-1EB4-41FC-81DB-FEB223A911F4}.Test|Win32.ActiveCfg = Release|Win32
		{D9350B7E-1EB4-41FC-81DB-FEB223A911F4}.Test|x64.ActiveCfg = Release|Win32
		{E885F322-0EE6-4BD3-A35D-B262EFA94639}.Debug|ARM64.ActiveCfg = Debug|Win32
		{E885F322-0EE6-4BD3-A35D-B262EFA94639}.Debug|Win32.ActiveCfg = Debug|Win32
		{E885F322-0EE6-4BD3-A35D-B262EFA94639}.Debug|x64.ActiveCfg = Debug|Win32
		{E885F322-0EE6-4BD3-A35D-B262EFA94639}.Debug-Asan|ARM64.ActiveCfg = Debug|Win32
		{E885F322-0EE6-4BD3-A35D-B262EFA94639}.Debug-Asan|Win32.ActiveCfg = Debug|Win32
		{E885F322-0EE6-4BD3-A35D-B262EFA94639}.Debug-Asan|x64.ActiveCfg = Debug|Win32
		{E885F322-0EE6-4BD3-A35D-B262EFA94639}.Debug-LLVM|ARM64.ActiveCfg = Debug|Win32
		{E885F322-0EE6-4BD3-A35D-B262EFA94639}.Debug-LLVM|Win32.ActiveCfg = Debug|Win32
		{E885F322-0EE6-4BD3-A35D-B262EFA94639}.Debug-LLVM|x64.ActiveCfg = Debug|Win32
		{E885F322-0EE6-4BD3-A35D-B262EFA94639}.Release|ARM64.ActiveCfg = Release|Win32
		{E885F322-0EE6-4BD3-A35D-B262EFA94639}.Release|ARM64.Build.0 = Release|Win32
		{E885F322-0EE6-4BD3-A35D-B262EFA94639}.Release|Win32.ActiveCfg = Release|Win32
		{E885F322-0EE6-4BD3-A35D-B262EFA94639}.Release|Win32.Build.0 = Release|Win32
		{E885F322-0EE6-4BD3-A35D-B262EFA94639}.Release|x64.ActiveCfg = Release|Win32
		{E885F322-0EE6-4BD3-A35D-B262EFA94639}.Release|x64.Build.0 = Release|Win32
		{E885F322-0EE6-4BD3-A35D-B262EFA94639}.Test|ARM64.ActiveCfg = Debug|Win32
		{E885F322-0EE6-4BD3-A35D-B262EFA94639}.Test|Win32.ActiveCfg = Release|Win32
		{E885F322-0EE6-4BD3-A35D-B262EFA94639}.Test|x64.ActiveCfg = Release|Win32
		{B31026C5-6BAF-4C69-BB4C-9C811B1BEEC7}.Debug|ARM64.ActiveCfg = Debug|Win32
		{B31026C5-6BAF-4C69-BB4C-9C811B1BEEC7}.Debug|Win32.ActiveCfg = Debug|Win32
		{B31026C5-6BAF-4C69-BB4C-9C811B1BEEC7}.Debug|x64.ActiveCfg = Debug|Win32
		{B31026C5-6BAF-4C69-BB4C-9C811B1BEEC7}.Debug-Asan|ARM64.ActiveCfg = Debug|Win32
		{B31026C5-6BAF-4C69-BB4C-9C811B1BEEC7}.Debug-Asan|Win32.ActiveCfg = Debug|Win32
		{B31026C5-6BAF-4C69-BB4C-9C811B1BEEC7}.Debug-Asan|x64.ActiveCfg = Debug|Win32
		{B31026C5-6BAF-4C69-BB4C-9C811B1BEEC7}.Debug-LLVM|ARM64.ActiveCfg = Debug|Win32
		{B31026C5-6BAF-4C69-BB4C-9C811B1BEEC7}.Debug-LLVM|Win32.ActiveCfg = Debug|Win32
		{B31026C5-6BAF-4C69-BB4C-9C811B1BEEC7}.Debug-LLVM|x64.ActiveCfg = Debug|Win32
		{B31026C5-6BAF-4C69-BB4C-9C811B1BEEC7}.Release|ARM64.ActiveCfg = Release|Win32
		{B31026C5-6BAF-4C69-BB4C-9C811B1BEEC7}.Release|ARM64.Build.0 = Release|Win32
		{B31026C5-6BAF-4C69-BB4C-9C811B1BEEC7}.Release|Win32.ActiveCfg = Release|Win32
		{B31026C5-6BAF-4C69-BB4C-9C811B1BEEC7}.Release|Win32.Build.0 = Release|Win32
		{B31026C5-6BAF-4C69-BB4C-9C811B1BEEC7}.Release|x64.ActiveCfg = Release|Win32
		{B31026C5-6BAF-4C69-BB4C-9C811B1BEEC7}.Release|x64.Build.0 = Release|Win32
		{B31026C5-6BAF-4C69-BB4C-9C811B1BEEC7}.Test|ARM64.ActiveCfg = Debug|Win32
		{B31026C5-6BAF-4C69-BB4C-9C811B1BEEC7}.Test|Win32.ActiveCfg = Release|Win32
		{B31026C5-6BAF-4C69-BB4C-9C811B1BEEC7}.Test|x64.ActiveCfg = Release|Win32
		{C12096BF-F80B-4ABE-892C-247AF2A5458A}.Debug|ARM64.ActiveCfg = Debug|Win32
		{C12096BF-F80B-4ABE-892C-247AF2A5458A}.Debug|Win32.ActiveCfg = Debug|Win32
		{C12096BF-F80B-4ABE-892C-247AF2A5458A}.Debug|x64.ActiveCfg = Debug|Win32
		{C12096BF-F80B-4ABE-892C-247AF2A5458A}.Debug-Asan|ARM64.ActiveCfg = Debug|Win32
		{C12096BF-F80B-4ABE-892C-247AF2A5458A}.Debug-Asan|Win32.ActiveCfg = Debug|Win32
		{C12096BF-F80B-4ABE-892C-247AF2A5458A}.Debug-Asan|x64.ActiveCfg = Debug|Win32
		{C12096BF-F80B-4ABE-892C-247AF2A5458A}.Debug-LLVM|ARM64.ActiveCfg = Debug|Win32
		{C12096BF-F80B-4ABE-892C-247AF2A5458A}.Debug-LLVM|Win32.ActiveCfg = Debug|Win32
		{C12096BF-F80B-4ABE-892C-247AF2A5458A}.Debug-LLVM|x64.ActiveCfg = Debug|Win32
		{C12096BF-F80B-4ABE-892C-247AF2A5458A}.Release|ARM64.ActiveCfg = Release|Win32
		{C12096BF-F80B-4ABE-892C-247AF2A5458A}.Release|ARM64.Build.0 = Release|Win32
		{C12096BF-F80B-4ABE-892C-247AF2A5458A}.Release|Win32.ActiveCfg = Release|Win32
		{C12096BF-F80B-4ABE-892C-247AF2A5458A}.Release|Win32.Build.0 = Release|Win32
		{C12096BF-F80B-4ABE-892C-247AF2A5458A}.Release|x64.ActiveCfg = Release|Win32
		{C12096BF-F80B-4ABE-892C-247AF2A5458A}.Release|x64.Build.0 = Release|Win32
		{C12096BF-F80B-4ABE-892C-247AF2A5458A}.Test|ARM64.ActiveCfg = Debug|Win32
		{C12096BF-F80B-4ABE-892C-247AF2A5458A}.Test|Win32.ActiveCfg = Release|Win32
		{C12096BF-F80B-4ABE-892C-247AF2A5458A}.Test|x64.ActiveCfg = Release|Win32
		{3CD109B0-FB57-446C-AE40-CF4FD45793EF}.Debug|ARM64.ActiveCfg = Debug|x64
		{3CD109B0-FB57-446C-AE40-CF4FD45793EF}.Debug|Win32.ActiveCfg = Debug|x86
		{3CD109B0-FB57-446C-AE40-CF4FD45793EF}.Debug|x64.ActiveCfg = Debug|x86
		{3CD109B0-FB57-446C-AE40-CF4FD45793EF}.Debug-Asan|ARM64.ActiveCfg = Debug|x64
		{3CD109B0-FB57-446C-AE40-CF4FD45793EF}.Debug-Asan|Win32.ActiveCfg = Debug|x86
		{3CD109B0-FB57-446C-AE40-CF4FD45793EF}.Debug-Asan|x64.ActiveCfg = Debug|x64
		{3CD109B0-FB57-446C-AE40-CF4FD45793EF}.Debug-LLVM|ARM64.ActiveCfg = Debug|x64
		{3CD109B0-FB57-446C-AE40-CF4FD45793EF}.Debug-LLVM|Win32.ActiveCfg = Debug|x86
		{3CD109B0-FB57-446C-AE40-CF4FD45793EF}.Debug-LLVM|x64.ActiveCfg = Debug|x64
		{3CD109B0-FB57-446C-AE40-CF4FD45793EF}.Release|ARM64.ActiveCfg = Release|x64
		{3CD109B0-FB57-446C-AE40-CF4FD45793EF}.Release|Win32.ActiveCfg = Release|x86
		{3CD109B0-FB57-446C-AE40-CF4FD45793EF}.Release|Win32.Build.0 = Release|x86
		{3CD109B0-FB57-446C-AE40-CF4FD45793EF}.Release|x64.ActiveCfg = Release|x64
		{3CD109B0-FB57-446C-AE40-CF4FD45793EF}.Release|x64.Build.0 = Release|x64
		{3CD109B0-FB57-446C-AE40-CF4FD45793EF}.Test|ARM64.ActiveCfg = Release|x64
		{3CD109B0-FB57-446C-AE40-CF4FD45793EF}.Test|Win32.ActiveCfg = Release|x86
		{3CD109B0-FB57-446C-AE40-CF4FD45793EF}.Test|x64.ActiveCfg = Release|x86
		{1964E0F5-1A0F-4CB1-BAB5-B793F130F0FB}.Debug|ARM64.ActiveCfg = Debug|ARM64
		{1964E0F5-1A0F-4CB1-BAB5-B793F130F0FB}.Debug|Win32.ActiveCfg = Debug|Win32
		{1964E0F5-1A0F-4CB1-BAB5-B793F130F0FB}.Debug|x64.ActiveCfg = Debug|x64
		{1964E0F5-1A0F-4CB1-BAB5-B793F130F0FB}.Debug-Asan|ARM64.ActiveCfg = Debug|ARM64
		{1964E0F5-1A0F-4CB1-BAB5-B793F130F0FB}.Debug-Asan|Win32.ActiveCfg = Debug-Asan|Win32
		{1964E0F5-1A0F-4CB1-BAB5-B793F130F0FB}.Debug-Asan|Win32.Build.0 = Debug-Asan|Win32
		{1964E0F5-1A0F-4CB1-BAB5-B793F130F0FB}.Debug-Asan|x64.ActiveCfg = Debug-Asan|x64
		{1964E0F5-1A0F-4CB1-BAB5-B793F130F0FB}.Debug-Asan|x64.Build.0 = Debug-Asan|x64
		{1964E0F5-1A0F-4CB1-BAB5-B793F130F0FB}.Debug-LLVM|ARM64.ActiveCfg = Debug-LLVM|ARM64
		{1964E0F5-1A0F-4CB1-BAB5-B793F130F0FB}.Debug-LLVM|Win32.ActiveCfg = Debug-LLVM|Win32
		{1964E0F5-1A0F-4CB1-BAB5-B793F130F0FB}.Debug-LLVM|x64.ActiveCfg = Debug-LLVM|x64
		{1964E0F5-1A0F-4CB1-BAB5-B793F130F0FB}.Release|ARM64.ActiveCfg = Release|ARM64
		{1964E0F5-1A0F-4CB1-BAB5-B793F130F0FB}.Release|ARM64.Build.0 = Release|ARM64
		{1964E0F5-1A0F-4CB1-BAB5-B793F130F0FB}.Release|Win32.ActiveCfg = Release|Win32
		{1964E0F5-1A0F-4CB1-BAB5-B793F130F0FB}.Release|Win32.Build.0 = Release|Win32
		{1964E0F5-1A0F-4CB1-BAB5-B793F130F0FB}.Release|x64.ActiveCfg = Release|x64
		{1964E0F5-1A0F-4CB1-BAB5-B793F130F0FB}.Release|x64.Build.0 = Release|x64
		{1964E0F5-1A0F-4CB1-BAB5-B793F130F0FB}.Test|ARM64.ActiveCfg = Debug|Win32
		{1964E0F5-1A0F-4CB1-BAB5-B793F130F0FB}.Test|Win32.ActiveCfg = Release|Win32
		{1964E0F5-1A0F-4CB1-BAB5-B793F130F0FB}.Test|x64.ActiveCfg = Release|x64
		{AD497D19-0B88-4E37-95B9-991C6514B156}.Debug|ARM64.ActiveCfg = Debug|Win32
		{AD497D19-0B88-4E37-95B9-991C6514B156}.Debug|Win32.ActiveCfg = Debug|Win32
		{AD497D19-0B88-4E37-95B9-991C6514B156}.Debug|x64.ActiveCfg = Debug|Win32
		{AD497D19-0B88-4E37-95B9-991C6514B156}.Debug-Asan|ARM64.ActiveCfg = Debug|Win32
		{AD497D19-0B88-4E37-95B9-991C6514B156}.Debug-Asan|Win32.ActiveCfg = Debug|Win32
		{AD497D19-0B88-4E37-95B9-991C6514B156}.Debug-Asan|x64.ActiveCfg = Debug|Win32
		{AD497D19-0B88-4E37-95B9-991C6514B156}.Debug-LLVM|ARM64.ActiveCfg = Debug|Win32
		{AD497D19-0B88-4E37-95B9-991C6514B156}.Debug-LLVM|Win32.ActiveCfg = Debug|Win32
		{AD497D19-0B88-4E37-95B9-991C6514B156}.Debug-LLVM|x64.ActiveCfg = Debug|Win32
		{AD497D19-0B88-4E37-95B9-991C6514B156}.Release|ARM64.ActiveCfg = Release|Win32
		{AD497D19-0B88-4E37-95B9-991C6514B156}.Release|ARM64.Build.0 = Release|Win32
		{AD497D19-0B88-4E37-95B9-991C6514B156}.Release|Win32.ActiveCfg = Release|Win32
		{AD497D19-0B88-4E37-95B9-991C6514B156}.Release|Win32.Build.0 = Release|Win32
		{AD497D19-0B88-4E37-95B9-991C6514B156}.Release|x64.ActiveCfg = Release|Win32
		{AD497D19-0B88-4E37-95B9-991C6514B156}.Release|x64.Build.0 = Release|Win32
		{AD497D19-0B88-4E37-95B9-991C6514B156}.Test|ARM64.ActiveCfg = Debug|Win32
		{AD497D19-0B88-4E37-95B9-991C6514B156}.Test|Win32.ActiveCfg = Release|Win32
		{AD497D19-0B88-4E37-95B9-991C6514B156}.Test|x64.ActiveCfg = Release|Win32
		{41047779-715C-4018-B21C-2AEAD581E54D}.Debug|ARM64.ActiveCfg = Debug|Win32
		{41047779-715C-4018-B21C-2AEAD581E54D}.Debug|Win32.ActiveCfg = Debug|Win32
		{41047779-715C-4018-B21C-2AEAD581E54D}.Debug|x64.ActiveCfg = Debug|Win32
		{41047779-715C-4018-B21C-2AEAD581E54D}.Debug-Asan|ARM64.ActiveCfg = Debug|Win32
		{41047779-715C-4018-B21C-2AEAD581E54D}.Debug-Asan|Win32.ActiveCfg = Debug|Win32
		{41047779-715C-4018-B21C-2AEAD581E54D}.Debug-Asan|x64.ActiveCfg = Debug|Win32
		{41047779-715C-4018-B21C-2AEAD581E54D}.Debug-LLVM|ARM64.ActiveCfg = Debug|Win32
		{41047779-715C-4018-B21C-2AEAD581E54D}.Debug-LLVM|Win32.ActiveCfg = Debug|Win32
		{41047779-715C-4018-B21C-2AEAD581E54D}.Debug-LLVM|x64.ActiveCfg = Debug|Win32
		{41047779-715C-4018-B21C-2AEAD581E54D}.Release|ARM64.ActiveCfg = Release|Win32
		{41047779-715C-4018-B21C-2AEAD581E54D}.Release|ARM64.Build.0 = Release|Win32
		{41047779-715C-4018-B21C-2AEAD581E54D}.Release|Win32.ActiveCfg = Release|Win32
		{41047779-715C-4018-B21C-2AEAD581E54D}.Release|Win32.Build.0 = Release|Win32
		{41047779-715C-4018-B21C-2AEAD581E54D}.Release|x64.ActiveCfg = Release|Win32
		{41047779-715C-4018-B21C-2AEAD581E54D}.Release|x64.Build.0 = Release|Win32
		{41047779-715C-4018-B21C-2AEAD581E54D}.Test|ARM64.ActiveCfg = Debug|Win32
		{41047779-715C-4018-B21C-2AEAD581E54D}.Test|Win32.ActiveCfg = Release|Win32
		{41047779-715C-4018-B21C-2AEAD581E54D}.Test|x64.ActiveCfg = Release|Win32
		{D480B32C-BDF2-4364-92C9-2A0E446AE9CD}.Debug|ARM64.ActiveCfg = Debug|Win32
		{D480B32C-BDF2-4364-92C9-2A0E446AE9CD}.Debug|Win32.ActiveCfg = Debug|Win32
		{D480B32C-BDF2-4364-92C9-2A0E446AE9CD}.Debug|x64.ActiveCfg = Debug|Win32
		{D480B32C-BDF2-4364-92C9-2A0E446AE9CD}.Debug-Asan|ARM64.ActiveCfg = Debug|Win32
		{D480B32C-BDF2-4364-92C9-2A0E446AE9CD}.Debug-Asan|Win32.ActiveCfg = Debug|Win32
		{D480B32C-BDF2-4364-92C9-2A0E446AE9CD}.Debug-Asan|x64.ActiveCfg = Debug|Win32
		{D480B32C-BDF2-4364-92C9-2A0E446AE9CD}.Debug-LLVM|ARM64.ActiveCfg = Debug|Win32
		{D480B32C-BDF2-4364-92C9-2A0E446AE9CD}.Debug-LLVM|Win32.ActiveCfg = Debug|Win32
		{D480B32C-BDF2-4364-92C9-2A0E446AE9CD}.Debug-LLVM|x64.ActiveCfg = Debug|Win32
		{D480B32C-BDF2-4364-92C9-2A0E446AE9CD}.Release|ARM64.ActiveCfg = Release|Win32
		{D480B32C-BDF2-4364-92C9-2A0E446AE9CD}.Release|ARM64.Build.0 = Release|Win32
		{D480B32C-BDF2-4364-92C9-2A0E446AE9CD}.Release|Win32.ActiveCfg = Release|Win32
		{D480B32C-BDF2-4364-92C9-2A0E446AE9CD}.Release|Win32.Build.0 = Release|Win32
		{D480B32C-BDF2-4364-92C9-2A0E446AE9CD}.Release|x64.ActiveCfg = Release|Win32
		{D480B32C-BDF2-4364-92C9-2A0E446AE9CD}.Release|x64.Build.0 = Release|Win32
		{D480B32C-BDF2-4364-92C9-2A0E446AE9CD}.Test|ARM64.ActiveCfg = Debug|Win32
		{D480B32C-BDF2-4364-92C9-2A0E446AE9CD}.Test|Win32.ActiveCfg = Release|Win32
		{D480B32C-BDF2-4364-92C9-2A0E446AE9CD}.Test|x64.ActiveCfg = Release|Win32
		{C76E8EF4-B0BD-4B8A-87BF-09F4CD129D7B}.Debug|ARM64.ActiveCfg = Debug|Win32
		{C76E8EF4-B0BD-4B8A-87BF-09F4CD129D7B}.Debug|Win32.ActiveCfg = Debug|Win32
		{C76E8EF4-B0BD-4B8A-87BF-09F4CD129D7B}.Debug|x64.ActiveCfg = Debug|Win32
		{C76E8EF4-B0BD-4B8A-87BF-09F4CD129D7B}.Debug-Asan|ARM64.ActiveCfg = Debug|Win32
		{C76E8EF4-B0BD-4B8A-87BF-09F4CD129D7B}.Debug-Asan|Win32.ActiveCfg = Debug|Win32
		{C76E8EF4-B0BD-4B8A-87BF-09F4CD129D7B}.Debug-Asan|x64.ActiveCfg = Debug|Win32
		{C76E8EF4-B0BD-4B8A-87BF-09F4CD129D7B}.Debug-LLVM|ARM64.ActiveCfg = Debug|Win32
		{C76E8EF4-B0BD-4B8A-87BF-09F4CD129D7B}.Debug-LLVM|Win32.ActiveCfg = Debug|Win32
		{C76E8EF4-B0BD-4B8A-87BF-09F4CD129D7B}.Debug-LLVM|x64.ActiveCfg = Debug|Win32
		{C76E8EF4-B0BD-4B8A-87BF-09F4CD129D7B}.Release|ARM64.ActiveCfg = Release|Win32
		{C76E8EF4-B0BD-4B8A-87BF-09F4CD129D7B}.Release|ARM64.Build.0 = Release|Win32
		{C76E8EF4-B0BD-4B8A-87BF-09F4CD129D7B}.Release|Win32.ActiveCfg = Release|Win32
		{C76E8EF4-B0BD-4B8A-87BF-09F4CD129D7B}.Release|Win32.Build.0 = Release|Win32
		{C76E8EF4-B0BD-4B8A-87BF-09F4CD129D7B}.Release|x64.ActiveCfg = Release|Win32
		{C76E8EF4-B0BD-4B8A-87BF-09F4CD129D7B}.Release|x64.Build.0 = Release|Win32
		{C76E8EF4-B0BD-4B8A-87BF-09F4CD129D7B}.Test|ARM64.ActiveCfg = Debug|Win32
		{C76E8EF4-B0BD-4B8A-87BF-09F4CD129D7B}.Test|Win32.ActiveCfg = Release|Win32
		{C76E8EF4-B0BD-4B8A-87BF-09F4CD129D7B}.Test|x64.ActiveCfg = Release|Win32
		{EA5B918A-CE1E-4E03-81A7-C9E7A590627C}.Debug|ARM64.ActiveCfg = Debug|Win32
		{EA5B918A-CE1E-4E03-81A7-C9E7A590627C}.Debug|Win32.ActiveCfg = Debug|Win32
		{EA5B918A-CE1E-4E03-81A7-C9E7A590627C}.Debug|x64.ActiveCfg = Debug|Win32
		{EA5B918A-CE1E-4E03-81A7-C9E7A590627C}.Debug-Asan|ARM64.ActiveCfg = Debug|Win32
		{EA5B918A-CE1E-4E03-81A7-C9E7A590627C}.Debug-Asan|Win32.ActiveCfg = Debug|Win32
		{EA5B918A-CE1E-4E03-81A7-C9E7A590627C}.Debug-Asan|x64.ActiveCfg = Debug|Win32
		{EA5B918A-CE1E-4E03-81A7-C9E7A590627C}.Debug-LLVM|ARM64.ActiveCfg = Debug|Win32
		{EA5B918A-CE1E-4E03-81A7-C9E7A590627C}.Debug-LLVM|Win32.ActiveCfg = Debug|Win32
		{EA5B918A-CE1E-4E03-81A7-C9E7A590627C}.Debug-LLVM|x64.ActiveCfg = Debug|Win32
		{EA5B918A-CE1E-4E03-81A7-C9E7A590627C}.Release|ARM64.ActiveCfg = Release|Win32
		{EA5B918A-CE1E-4E03-81A7-C9E7A590627C}.Release|ARM64.Build.0 = Release|Win32
		{EA5B918A-CE1E-4E03-81A7-C9E7A590627C}.Release|Win32.ActiveCfg = Release|Win32
		{EA5B918A-CE1E-4E03-81A7-C9E7A590627C}.Release|Win32.Build.0 = Release|Win32
		{EA5B918A-CE1E-4E03-81A7-C9E7A590627C}.Release|x64.ActiveCfg = Release|Win32
		{EA5B918A-CE1E-4E03-81A7-C9E7A590627C}.Release|x64.Build.0 = Release|Win32
		{EA5B918A-CE1E-4E03-81A7-C9E7A590627C}.Test|ARM64.ActiveCfg = Debug|Win32
		{EA5B918A-CE1E-4E03-81A7-C9E7A590627C}.Test|Win32.ActiveCfg = Debug|Win32
		{EA5B918A-CE1E-4E03-81A7-C9E7A590627C}.Test|x64.ActiveCfg = Debug|Win32
		{28A90A7D-8A10-4772-9882-1ECA5ADFA72E}.Debug|ARM64.ActiveCfg = Debug|Win32
		{28A90A7D-8A10-4772-9882-1ECA5ADFA72E}.Debug|Win32.ActiveCfg = Debug|Win32
		{28A90A7D-8A10-4772-9882-1ECA5ADFA72E}.Debug|x64.ActiveCfg = Debug|Win32
		{28A90A7D-8A10-4772-9882-1ECA5ADFA72E}.Debug-Asan|ARM64.ActiveCfg = Debug|Win32
		{28A90A7D-8A10-4772-9882-1ECA5ADFA72E}.Debug-Asan|Win32.ActiveCfg = Debug|Win32
		{28A90A7D-8A10-4772-9882-1ECA5ADFA72E}.Debug-Asan|x64.ActiveCfg = Debug|Win32
		{28A90A7D-8A10-4772-9882-1ECA5ADFA72E}.Debug-LLVM|ARM64.ActiveCfg = Debug|Win32
		{28A90A7D-8A10-4772-9882-1ECA5ADFA72E}.Debug-LLVM|Win32.ActiveCfg = Debug|Win32
		{28A90A7D-8A10-4772-9882-1ECA5ADFA72E}.Debug-LLVM|x64.ActiveCfg = Debug|Win32
		{28A90A7D-8A10-4772-9882-1ECA5ADFA72E}.Release|ARM64.ActiveCfg = Release|Win32
		{28A90A7D-8A10-4772-9882-1ECA5ADFA72E}.Release|ARM64.Build.0 = Release|Win32
		{28A90A7D-8A10-4772-9882-1ECA5ADFA72E}.Release|Win32.ActiveCfg = Release|Win32
		{28A90A7D-8A10-4772-9882-1ECA5ADFA72E}.Release|Win32.Build.0 = Release|Win32
		{28A90A7D-8A10-4772-9882-1ECA5ADFA72E}.Release|x64.ActiveCfg = Release|Win32
		{28A90A7D-8A10-4772-9882-1ECA5ADFA72E}.Release|x64.Build.0 = Release|Win32
		{28A90A7D-8A10-4772-9882-1ECA5ADFA72E}.Test|ARM64.ActiveCfg = Debug|Win32
		{28A90A7D-8A10-4772-9882-1ECA5ADFA72E}.Test|Win32.ActiveCfg = Debug|Win32
		{28A90A7D-8A10-4772-9882-1ECA5ADFA72E}.Test|x64.ActiveCfg = Debug|Win32
	EndGlobalSection
	GlobalSection(SolutionProperties) = preSolution
		HideSolutionNode = FALSE
	EndGlobalSection
	GlobalSection(NestedProjects) = preSolution
		{B04F5FB8-E387-46CA-95E3-FB5EB9BA13AA} = {F29F24CD-0668-462F-80AE-649CB12F1860}
		{41A8E3D6-1DA0-4659-92E4-4DA770A3301E} = {F29F24CD-0668-462F-80AE-649CB12F1860}
		{F7E8D901-B316-447D-95F7-7FC45A34E2B0} = {F29F24CD-0668-462F-80AE-649CB12F1860}
		{866A029F-39B3-4FA4-9FBD-45C2F24CDB11} = {F29F24CD-0668-462F-80AE-649CB12F1860}
		{0556BC85-8759-4DF3-B000-8861C1DF5FFB} = {F29F24CD-0668-462F-80AE-649CB12F1860}
		{3009733D-08D2-4050-B7E6-F1D691CD00ED} = {F29F24CD-0668-462F-80AE-649CB12F1860}
		{1610CD3C-0F28-46D8-8BB3-8DF637614AA0} = {F29F24CD-0668-462F-80AE-649CB12F1860}
		{F71CBEDC-07F5-4C44-ACAF-2E4C1FF83F44} = {F29F24CD-0668-462F-80AE-649CB12F1860}
		{A6ED4294-D661-433D-AA3B-6E08377E8660} = {F29F24CD-0668-462F-80AE-649CB12F1860}
		{56F9DE1E-4A09-4295-B79D-E77F8EF7A72F} = {F29F24CD-0668-462F-80AE-649CB12F1860}
		{EA394F59-EA04-49BE-85FE-8801452BFCE3} = {F29F24CD-0668-462F-80AE-649CB12F1860}
		{36663C1C-AFC5-4AE6-A3E0-DF35FD0A529E} = {F29F24CD-0668-462F-80AE-649CB12F1860}
		{9EEBE31B-C6EC-4602-AF18-70A1B2655ED3} = {F29F24CD-0668-462F-80AE-649CB12F1860}
		{8D9A2712-7719-4A37-95F2-032CBC4433FA} = {F29F24CD-0668-462F-80AE-649CB12F1860}
		{B17D5217-D79B-4A19-B439-A96743862558} = {F29F24CD-0668-462F-80AE-649CB12F1860}
		{DB50FB8F-1547-4D64-A892-D29500E7CBB3} = {F29F24CD-0668-462F-80AE-649CB12F1860}
		{FBE246F1-7C03-4238-B771-801523BFCBDA} = {F29F24CD-0668-462F-80AE-649CB12F1860}
		{9C2DE9F7-9181-4FA4-8DC0-05779A631C32} = {F29F24CD-0668-462F-80AE-649CB12F1860}
		{D9350B7E-1EB4-41FC-81DB-FEB223A911F4} = {F29F24CD-0668-462F-80AE-649CB12F1860}
		{E885F322-0EE6-4BD3-A35D-B262EFA94639} = {F29F24CD-0668-462F-80AE-649CB12F1860}
		{B31026C5-6BAF-4C69-BB4C-9C811B1BEEC7} = {F29F24CD-0668-462F-80AE-649CB12F1860}
		{C12096BF-F80B-4ABE-892C-247AF2A5458A} = {F29F24CD-0668-462F-80AE-649CB12F1860}
		{AD497D19-0B88-4E37-95B9-991C6514B156} = {F29F24CD-0668-462F-80AE-649CB12F1860}
		{41047779-715C-4018-B21C-2AEAD581E54D} = {F29F24CD-0668-462F-80AE-649CB12F1860}
		{D480B32C-BDF2-4364-92C9-2A0E446AE9CD} = {F29F24CD-0668-462F-80AE-649CB12F1860}
		{C76E8EF4-B0BD-4B8A-87BF-09F4CD129D7B} = {F29F24CD-0668-462F-80AE-649CB12F1860}
		{EA5B918A-CE1E-4E03-81A7-C9E7A590627C} = {F29F24CD-0668-462F-80AE-649CB12F1860}
		{28A90A7D-8A10-4772-9882-1ECA5ADFA72E} = {F29F24CD-0668-462F-80AE-649CB12F1860}
	EndGlobalSection
	GlobalSection(ExtensibilityGlobals) = postSolution
		SolutionGuid = {504CEF86-1D85-4DF5-84B2-ECA032747EC4}
	EndGlobalSection
EndGlobal
