<?xml version="1.0" encoding="utf-8"?>
<Project ToolsVersion="4.0" xmlns="http://schemas.microsoft.com/developer/msbuild/2003">
  <ItemGroup>
    <ClCompile Include="BrowsingHandler.cpp">
      <Filter>Source Files</Filter>
    </ClCompile>
    <ClCompile Include="ColumnManager.cpp">
      <Filter>Source Files</Filter>
    </ClCompile>
    <ClCompile Include="DirectoryModificationHandler.cpp">
      <Filter>Source Files</Filter>
    </ClCompile>
    <ClCompile Include="GroupManager.cpp">
      <Filter>Source Files</Filter>
    </ClCompile>
    <ClCompile Include="HandleThumbnails.cpp">
      <Filter>Source Files</Filter>
    </ClCompile>
    <ClCompile Include="iDropTarget.cpp">
      <Filter>Source Files</Filter>
    </ClCompile>
    <ClCompile Include="iFolderView.cpp">
      <Filter>Source Files</Filter>
    </ClCompile>
    <ClCompile Include="iPathManager.cpp">
      <Filter>Source Files</Filter>
    </ClCompile>
    <ClCompile Include="iShellBrowser.cpp">
      <Filter>Source Files</Filter>
    </ClCompile>
    <ClCompile Include="SortManager.cpp">
      <Filter>Source Files</Filter>
    </ClCompile>
    <ClCompile Include="stdafx.cpp">
      <Filter>Source Files</Filter>
    </ClCompile>
  </ItemGroup>
  <ItemGroup>
    <ClInclude Include="iPathManager.h">
      <Filter>Header Files</Filter>
    </ClInclude>
    <ClInclude Include="iShellBrowser_internal.h">
      <Filter>Header Files</Filter>
    </ClInclude>
    <ClInclude Include="iShellView.h">
      <Filter>Header Files</Filter>
    </ClInclude>
    <ClInclude Include="stdafx.h">
      <Filter>Header Files</Filter>
    </ClInclude>
  </ItemGroup>
  <ItemGroup>
    <Filter Include="Source Files">
      <UniqueIdentifier>{11702aae-4420-4683-aa73-0c5e14ae5b8b}</UniqueIdentifier>
    </Filter>
    <Filter Include="Header Files">
      <UniqueIdentifier>{cb1ca225-fd1a-4139-80c1-94909ebbb36f}</UniqueIdentifier>
    </Filter>
    <Filter Include="Resource Files">
      <UniqueIdentifier>{e8da1c9c-bd87-42aa-b75b-6772d07c58dc}</UniqueIdentifier>
    </Filter>
  </ItemGroup>
</Project>