<?xml version="1.0" encoding="utf-8"?>
<Project ToolsVersion="4.0" xmlns="http://schemas.microsoft.com/developer/msbuild/2003">
  <ItemGroup>
    <ClCompile Include="BookmarkClipboardTest.cpp">
      <Filter>Bookmarks</Filter>
    </ClCompile>
    <ClCompile Include="BookmarkItemTest.cpp">
      <Filter>Bookmarks</Filter>
    </ClCompile>
    <ClCompile Include="BookmarkTreeTest.cpp">
      <Filter>Bookmarks</Filter>
    </ClCompile>
    <ClCompile Include="ShellNavigationControllerTest.cpp">
      <Filter>ShellBrowser</Filter>
    </ClCompile>
    <ClCompile Include="BookmarkDropperTest.cpp">
      <Filter>Bookmarks</Filter>
    </ClCompile>
    <ClCompile Include="ApplicationHelperTest.cpp">
      <Filter>Application Toolbar</Filter>
    </ClCompile>
    <ClCompile Include="BookmarkXmlStorageTest.cpp">
      <Filter>Bookmarks</Filter>
    </ClCompile>
    <ClCompile Include="ResourceTestHelper.cpp" />
    <ClCompile Include="BookmarkRegistryStorageTest.cpp">
      <Filter>Bookmarks</Filter>
    </ClCompile>
    <ClCompile Include="BookmarkStorageTestHelper.cpp">
      <Filter>Bookmarks</Filter>
    </ClCompile>
    <ClCompile Include="ManifestTest.cpp">
      <Filter>Plugins</Filter>
    </ClCompile>
    <ClCompile Include="AcceleratorParserTest.cpp">
      <Filter>Plugins</Filter>
    </ClCompile>
    <ClCompile Include="DriveModelTest.cpp">
      <Filter>Drives Toolbar</Filter>
    </ClCompile>
    <ClCompile Include="ApplicationTest.cpp">
      <Filter>Application Toolbar</Filter>
    </ClCompile>
    <ClCompile Include="ApplicationToolbarXmlStorageTest.cpp">
      <Filter>Application Toolbar</Filter>
    </ClCompile>
    <ClCompile Include="ApplicationToolbarRegistryStorageTest.cpp">
      <Filter>Application Toolbar</Filter>
    </ClCompile>
    <ClCompile Include="ApplicationToolbarStorageTestHelper.cpp">
      <Filter>Application Toolbar</Filter>
    </ClCompile>
    <ClCompile Include="XmlStorageTestHelper.cpp">
      <Filter>Storage</Filter>
    </ClCompile>
    <ClCompile Include="RegistryStorageTestHelper.cpp">
      <Filter>Storage</Filter>
    </ClCompile>
    <ClCompile Include="CachedIconsTest.cpp">
      <Filter>Helper\Shell</Filter>
    </ClCompile>
    <ClCompile Include="DataObjectImplTest.cpp">
      <Filter>Helper\Data Exchange\Drag and Drop</Filter>
    </ClCompile>
    <ClCompile Include="ShellHelperTest.cpp">
      <Filter>Helper\Shell</Filter>
    </ClCompile>
    <ClCompile Include="StringHelperTest.cpp">
      <Filter>Helper\Miscellaneous</Filter>
    </ClCompile>
    <ClCompile Include="RegistrySettingsTest.cpp">
      <Filter>Helper\Settings</Filter>
    </ClCompile>
    <ClCompile Include="ClipboardTest.cpp">
      <Filter>Helper\Data Exchange\Clipboard</Filter>
    </ClCompile>
    <ClCompile Include="pch.cpp" />
    <ClCompile Include="ColorRuleRegistryStorageTest.cpp">
      <Filter>Color Rules</Filter>
    </ClCompile>
    <ClCompile Include="ColorRulesStorageTestHelper.cpp">
      <Filter>Color Rules</Filter>
    </ClCompile>
    <ClCompile Include="ColorRuleXmlStorageTest.cpp">
      <Filter>Color Rules</Filter>
    </ClCompile>
    <ClCompile Include="ColorRuleTest.cpp">
      <Filter>Color Rules</Filter>
    </ClCompile>
    <ClCompile Include="MovableModelTest.cpp">
      <Filter>Helper\Miscellaneous</Filter>
    </ClCompile>
    <ClCompile Include="HelperTest.cpp">
      <Filter>Helper\Miscellaneous</Filter>
    </ClCompile>
    <ClCompile Include="PidlHelperTest.cpp">
      <Filter>Helper\Shell</Filter>
    </ClCompile>
    <ClCompile Include="TabTest.cpp">
      <Filter>Tabs</Filter>
    </ClCompile>
    <ClCompile Include="GdiplusHelperTest.cpp">
      <Filter>Helper\Miscellaneous</Filter>
    </ClCompile>
    <ClCompile Include="ControlsTest.cpp">
      <Filter>Helper\Control Support</Filter>
    </ClCompile>
    <ClCompile Include="CustomFontStorageTest.cpp">
      <Filter>Core</Filter>
    </ClCompile>
    <ClCompile Include="OneShotTimerTest.cpp">
      <Filter>Core</Filter>
    </ClCompile>
    <ClCompile Include="BrowserCommandControllerTest.cpp">
      <Filter>Core</Filter>
    </ClCompile>
    <ClCompile Include="ShellBrowserFake.cpp">
      <Filter>ShellBrowser</Filter>
    </ClCompile>
    <ClCompile Include="ShellBrowserHistoryHelperTest.cpp">
      <Filter>History</Filter>
    </ClCompile>
    <ClCompile Include="MainRebarRegistryStorageTest.cpp">
      <Filter>Main Rebar</Filter>
    </ClCompile>
    <ClCompile Include="MainRebarStorageTestHelper.cpp">
      <Filter>Main Rebar</Filter>
    </ClCompile>
    <ClCompile Include="MainRebarXmlStorageTest.cpp">
      <Filter>Main Rebar</Filter>
    </ClCompile>
    <ClCompile Include="TabRegistryStorageTest.cpp">
      <Filter>Tabs</Filter>
    </ClCompile>
    <ClCompile Include="TabXmlStorageTest.cpp">
      <Filter>Tabs</Filter>
    </ClCompile>
    <ClCompile Include="TabStorageTestHelper.cpp">
      <Filter>Tabs</Filter>
    </ClCompile>
    <ClCompile Include="ApplicationDropperTest.cpp">
      <Filter>Application Toolbar</Filter>
    </ClCompile>
    <ClCompile Include="DragDropTestHelper.cpp" />
    <ClCompile Include="Main.cpp" />
    <ClCompile Include="ViewModeHelperTest.cpp">
      <Filter>Core</Filter>
    </ClCompile>
    <ClCompile Include="MainToolbarStorageTest.cpp">
      <Filter>Main Toolbar</Filter>
    </ClCompile>
    <ClCompile Include="ImageHelperTest.cpp">
      <Filter>Helper\Miscellaneous</Filter>
    </ClCompile>
    <ClCompile Include="ResourceHelperTest.cpp">
      <Filter>Helper\Miscellaneous</Filter>
    </ClCompile>
    <ClCompile Include="ServiceProviderTest.cpp">
      <Filter>Context Menu Support</Filter>
    </ClCompile>
    <ClCompile Include="TabHistoryMenuTest.cpp">
      <Filter>Core\UI</Filter>
    </ClCompile>
    <ClCompile Include="ShellItemsMenuTest.cpp">
      <Filter>Core\UI</Filter>
    </ClCompile>
    <ClCompile Include="MenuHelperTest.cpp">
      <Filter>Helper\Control Support</Filter>
    </ClCompile>
    <ClCompile Include="PopupMenuViewTest.cpp">
      <Filter>Core\UI\Views</Filter>
    </ClCompile>
    <ClCompile Include="GlobalHistoryMenuTest.cpp">
      <Filter>Core\UI</Filter>
    </ClCompile>
    <ClCompile Include="HistoryServiceTest.cpp">
      <Filter>History</Filter>
    </ClCompile>
    <ClCompile Include="ShellTestHelper.cpp" />
    <ClCompile Include="FrequentLocationsModelTest.cpp">
      <Filter>Frequent Locations</Filter>
    </ClCompile>
    <ClCompile Include="DragDropHelperTest.cpp">
      <Filter>Helper\Data Exchange\Drag and Drop</Filter>
    </ClCompile>
    <ClCompile Include="PasteSymLinksServerClientTest.cpp">
      <Filter>Data Exchange\Clipboard</Filter>
    </ClCompile>
    <ClCompile Include="CommandLineSplitterTest.cpp">
      <Filter>Core</Filter>
    </ClCompile>
    <ClCompile Include="DataExchangeHelperTest.cpp">
      <Filter>Helper\Data Exchange</Filter>
    </ClCompile>
    <ClCompile Include="ImageTestHelper.cpp" />
    <ClCompile Include="VersionTest.cpp">
      <Filter>Core</Filter>
    </ClCompile>
    <ClCompile Include="VersionHelperTest.cpp">
      <Filter>Core</Filter>
    </ClCompile>
    <ClCompile Include="AcceleratorHelperTest.cpp">
      <Filter>Core\Accelerators</Filter>
    </ClCompile>
    <ClCompile Include="AcceleratorManagerTest.cpp">
      <Filter>Core\Accelerators</Filter>
    </ClCompile>
    <ClCompile Include="AcceleratorTestHelper.cpp">
      <Filter>Core\Accelerators</Filter>
    </ClCompile>
    <ClCompile Include="ShellIconLoaderFake.cpp">
      <Filter>Core</Filter>
    </ClCompile>
    <ClCompile Include="UIThreadExecutorTest.cpp">
      <Filter>Async\Executors</Filter>
    </ClCompile>
    <ClCompile Include="ComStaThreadPoolExecutorTest.cpp">
      <Filter>Async\Executors</Filter>
    </ClCompile>
    <ClCompile Include="ExecutorTestBase.cpp">
      <Filter>Async\Executors</Filter>
    </ClCompile>
    <ClCompile Include="ExecutorTestHelper.cpp">
      <Filter>Async\Executors</Filter>
    </ClCompile>
    <ClCompile Include="RuntimeTest.cpp">
      <Filter>Async</Filter>
    </ClCompile>
    <ClCompile Include="RuntimeHelperTest.cpp">
      <Filter>Async</Filter>
    </ClCompile>
    <ClCompile Include="AsyncIconFetcherTest.cpp">
      <Filter>Core</Filter>
    </ClCompile>
    <ClCompile Include="RuntimeTestHelper.cpp">
      <Filter>Async</Filter>
    </ClCompile>
    <ClCompile Include="MessageLoop.cpp">
      <Filter>Async</Filter>
    </ClCompile>
    <ClCompile Include="CommandLineTest.cpp">
      <Filter>Core</Filter>
    </ClCompile>
    <ClCompile Include="BrowserTrackerTest.cpp">
      <Filter>Core</Filter>
    </ClCompile>
    <ClCompile Include="FeatureListTest.cpp">
      <Filter>Core</Filter>
    </ClCompile>
    <ClCompile Include="BrowserListTest.cpp">
      <Filter>Core</Filter>
    </ClCompile>
    <ClCompile Include="ModelessDialogListTest.cpp">
      <Filter>Dialog Support</Filter>
    </ClCompile>
    <ClCompile Include="ColumnRegistryStorageTest.cpp">
      <Filter>Column Storage</Filter>
    </ClCompile>
    <ClCompile Include="ColumnStorageTest.cpp">
      <Filter>Column Storage</Filter>
    </ClCompile>
    <ClCompile Include="ColumnStorageTestHelper.cpp">
      <Filter>Column Storage</Filter>
    </ClCompile>
    <ClCompile Include="ColumnXmlStorageTest.cpp">
      <Filter>Column Storage</Filter>
    </ClCompile>
    <ClCompile Include="DefaultColumnXmlStorageTest.cpp">
      <Filter>Column Storage</Filter>
    </ClCompile>
    <ClCompile Include="DefaultColumnRegistryStorageTest.cpp">
      <Filter>Column Storage</Filter>
    </ClCompile>
    <ClCompile Include="WindowRegistryStorageTest.cpp">
      <Filter>Windows</Filter>
    </ClCompile>
    <ClCompile Include="WindowXmlStorageTest.cpp">
      <Filter>Windows</Filter>
    </ClCompile>
    <ClCompile Include="WindowStorageTestHelper.cpp">
      <Filter>Windows</Filter>
    </ClCompile>
    <ClCompile Include="ProcessManagerTest.cpp">
      <Filter>Core</Filter>
    </ClCompile>
    <ClCompile Include="ConfigXmlStorageTest.cpp">
      <Filter>Config</Filter>
    </ClCompile>
    <ClCompile Include="ConfigRegistryStorageTest.cpp">
      <Filter>Config</Filter>
    </ClCompile>
    <ClCompile Include="ConfigStorageTestHelper.cpp">
      <Filter>Config</Filter>
    </ClCompile>
    <ClCompile Include="LanguageHelperTest.cpp">
      <Filter>Core</Filter>
    </ClCompile>
    <ClCompile Include="TabRestorerTest.cpp">
      <Filter>Tabs</Filter>
    </ClCompile>
  </ItemGroup>
  <ItemGroup>
    <Filter Include="Bookmarks">
      <UniqueIdentifier>{7dd3ae31-2bd9-4bf2-99c5-8bf64e5f1f5c}</UniqueIdentifier>
    </Filter>
    <Filter Include="Helper">
      <UniqueIdentifier>{486e737f-f618-476b-a8e5-4baef24e3c9c}</UniqueIdentifier>
    </Filter>
    <Filter Include="ShellBrowser">
      <UniqueIdentifier>{7ac66260-1cf9-4a66-b10f-9746b340444d}</UniqueIdentifier>
    </Filter>
    <Filter Include="Resource Files">
      <UniqueIdentifier>{d79645af-c720-443f-aeb6-c40b1167b6bb}</UniqueIdentifier>
    </Filter>
    <Filter Include="Application Toolbar">
      <UniqueIdentifier>{50add424-80be-4374-a9f1-c40b3c8f18ec}</UniqueIdentifier>
    </Filter>
    <Filter Include="Plugins">
      <UniqueIdentifier>{a4c6e860-5447-45a4-9c38-43404e4883bf}</UniqueIdentifier>
    </Filter>
    <Filter Include="Drives Toolbar">
      <UniqueIdentifier>{eebf535f-03fa-4f78-9ef6-eeabf13f1530}</UniqueIdentifier>
    </Filter>
    <Filter Include="Storage">
      <UniqueIdentifier>{7042eb7a-fa80-40c3-9b18-ffdc1a65e513}</UniqueIdentifier>
    </Filter>
    <Filter Include="Helper\Shell">
      <UniqueIdentifier>{ebff0c35-38df-426b-b598-43b788aa751e}</UniqueIdentifier>
    </Filter>
    <Filter Include="Helper\Data Exchange">
      <UniqueIdentifier>{e85681b4-6cf8-4b95-927c-dbd538bc6d24}</UniqueIdentifier>
    </Filter>
    <Filter Include="Helper\Data Exchange\Drag and Drop">
      <UniqueIdentifier>{164ad606-cd00-4c65-9876-4c5ba445f906}</UniqueIdentifier>
    </Filter>
    <Filter Include="Helper\Miscellaneous">
      <UniqueIdentifier>{c5bada54-a50b-4d05-998a-b63583520136}</UniqueIdentifier>
    </Filter>
    <Filter Include="Helper\Settings">
      <UniqueIdentifier>{95d9ff99-0410-43a6-b30b-740876190973}</UniqueIdentifier>
    </Filter>
    <Filter Include="Helper\Data Exchange\Clipboard">
      <UniqueIdentifier>{516b410f-8b61-48a5-8870-1dc716e62992}</UniqueIdentifier>
    </Filter>
    <Filter Include="Color Rules">
      <UniqueIdentifier>{6642ce38-3d5a-404a-bd42-e4ab89f4fe91}</UniqueIdentifier>
    </Filter>
    <Filter Include="Tabs">
      <UniqueIdentifier>{d70d355e-ee53-4060-8e33-1c5a87ef6f71}</UniqueIdentifier>
    </Filter>
    <Filter Include="Helper\Control Support">
      <UniqueIdentifier>{f38f6dfe-d7e3-42de-a5a3-36fade1c4691}</UniqueIdentifier>
    </Filter>
    <Filter Include="Core">
      <UniqueIdentifier>{809ce47f-d408-403f-8be2-2b4c3c7de69a}</UniqueIdentifier>
    </Filter>
    <Filter Include="History">
      <UniqueIdentifier>{e02a8fdc-5c31-4cb1-9bd5-c1f3d9450e51}</UniqueIdentifier>
    </Filter>
    <Filter Include="Main Rebar">
      <UniqueIdentifier>{37c140aa-7806-46a2-b067-48685d705ce9}</UniqueIdentifier>
    </Filter>
    <Filter Include="Main Toolbar">
      <UniqueIdentifier>{c61de3f5-5b11-4d9f-880d-4afcb5363ac6}</UniqueIdentifier>
    </Filter>
    <Filter Include="Context Menu Support">
      <UniqueIdentifier>{eadab4ea-5008-4359-9e40-273fa813fba8}</UniqueIdentifier>
    </Filter>
    <Filter Include="Core\UI">
      <UniqueIdentifier>{7af7278c-c56b-48b1-b069-4346b3f79c17}</UniqueIdentifier>
    </Filter>
    <Filter Include="Core\UI\Views">
      <UniqueIdentifier>{b80d11e6-4361-4b55-9b78-470549e95b2f}</UniqueIdentifier>
    </Filter>
    <Filter Include="Frequent Locations">
      <UniqueIdentifier>{608f3f32-fe72-473c-af0b-a9acec71dfcd}</UniqueIdentifier>
    </Filter>
    <Filter Include="Data Exchange">
      <UniqueIdentifier>{076a2725-31ce-44cf-a4be-99f710f72705}</UniqueIdentifier>
    </Filter>
    <Filter Include="Data Exchange\Clipboard">
      <UniqueIdentifier>{5c4bd6f7-12e3-4e04-a155-20a51b38b5fc}</UniqueIdentifier>
    </Filter>
    <Filter Include="Core\Accelerators">
      <UniqueIdentifier>{8573b1f7-785d-4e8a-8646-136d0fd51cbd}</UniqueIdentifier>
    </Filter>
    <Filter Include="Async">
      <UniqueIdentifier>{cfea53f6-fa8f-44e2-bab6-aec5d3922741}</UniqueIdentifier>
    </Filter>
    <Filter Include="Async\Executors">
      <UniqueIdentifier>{de6aab16-37e4-436f-817b-780f1e35ee98}</UniqueIdentifier>
    </Filter>
    <Filter Include="Dialog Support">
      <UniqueIdentifier>{c92534bc-73a2-4e24-8f9d-d7552e2acd5b}</UniqueIdentifier>
    </Filter>
    <Filter Include="Column Storage">
      <UniqueIdentifier>{99c509cf-2bb8-492a-8fdb-e3a588b04f69}</UniqueIdentifier>
    </Filter>
    <Filter Include="Windows">
      <UniqueIdentifier>{099d031f-db3c-4d82-87a6-265361e70edf}</UniqueIdentifier>
    </Filter>
    <Filter Include="Config">
      <UniqueIdentifier>{1980882f-109e-4b79-a547-fea9e4850a36}</UniqueIdentifier>
    </Filter>
  </ItemGroup>
  <ItemGroup>
    <ResourceCompile Include="TestExplorer++.rc">
      <Filter>Resource Files</Filter>
    </ResourceCompile>
    <ResourceCompile Include="TestResources.rc">
      <Filter>Resource Files</Filter>
    </ResourceCompile>
  </ItemGroup>
  <ItemGroup>
    <ClInclude Include="BookmarkTreeHelper.h">
      <Filter>Bookmarks</Filter>
    </ClInclude>
    <ClInclude Include="ResourceTestHelper.h" />
    <ClInclude Include="BookmarkStorageTestHelper.h">
      <Filter>Bookmarks</Filter>
    </ClInclude>
    <ClInclude Include="ApplicationToolbarStorageTestHelper.h">
      <Filter>Application Toolbar</Filter>
    </ClInclude>
    <ClInclude Include="RegistryStorageTestHelper.h">
      <Filter>Storage</Filter>
    </ClInclude>
    <ClInclude Include="XmlStorageTestHelper.h">
      <Filter>Storage</Filter>
    </ClInclude>
    <ClInclude Include="pch.h" />
    <ClInclude Include="ColorRulesStorageTestHelper.h">
      <Filter>Color Rules</Filter>
    </ClInclude>
    <ClInclude Include="MovableModelHelper.h">
      <Filter>Storage</Filter>
    </ClInclude>
    <ClInclude Include="IconFetcherMock.h">
      <Filter>Core</Filter>
    </ClInclude>
    <ClInclude Include="TabNavigationMock.h">
      <Filter>Core</Filter>
    </ClInclude>
    <ClInclude Include="ShellBrowserFake.h">
      <Filter>ShellBrowser</Filter>
    </ClInclude>
    <ClInclude Include="MainRebarStorageTestHelper.h">
      <Filter>Main Rebar</Filter>
    </ClInclude>
    <ClInclude Include="TabStorageTestHelper.h">
      <Filter>Tabs</Filter>
    </ClInclude>
    <ClInclude Include="DragDropTestHelper.h" />
    <ClInclude Include="TestResources.h">
      <Filter>Resource Files</Filter>
    </ClInclude>
    <ClInclude Include="BrowserWindowMock.h">
      <Filter>Core</Filter>
    </ClInclude>
    <ClInclude Include="ShellTestHelper.h" />
    <ClInclude Include="ImageTestHelper.h" />
    <ClInclude Include="AcceleratorTestHelper.h">
      <Filter>Core\Accelerators</Filter>
    </ClInclude>
    <ClInclude Include="ShellIconLoaderFake.h">
      <Filter>Core</Filter>
    </ClInclude>
    <ClInclude Include="ExecutorTestBase.h">
      <Filter>Async\Executors</Filter>
    </ClInclude>
    <ClInclude Include="ExecutorTestHelper.h">
      <Filter>Async\Executors</Filter>
    </ClInclude>
    <ClInclude Include="RuntimeTestHelper.h">
      <Filter>Async</Filter>
    </ClInclude>
    <ClInclude Include="MessageLoop.h">
      <Filter>Async</Filter>
    </ClInclude>
    <ClInclude Include="GeneratorTestHelper.h">
      <Filter>Core</Filter>
    </ClInclude>
    <ClInclude Include="ColumnStorageTestHelper.h">
      <Filter>Column Storage</Filter>
    </ClInclude>
    <ClInclude Include="WindowStorageTestHelper.h">
      <Filter>Windows</Filter>
    </ClInclude>
    <ClInclude Include="StorageTestHelper.h">
      <Filter>Storage</Filter>
    </ClInclude>
    <ClInclude Include="ConfigStorageTestHelper.h">
      <Filter>Config</Filter>
    </ClInclude>
  </ItemGroup>
  <ItemGroup>
    <Image Include="EmbeddedResources\basic.png">
      <Filter>Resource Files</Filter>
    </Image>
  </ItemGroup>
</Project>