<?xml version="1.0" encoding="utf-8"?>
<Project ToolsVersion="4.0" xmlns="http://schemas.microsoft.com/developer/msbuild/2003">
  <ItemGroup>
    <ClCompile Include="TestAcceleratorParser.cpp" />
    <ClCompile Include="TestManifest.cpp" />
    <ClCompile Include="TestViewModeHelper.cpp" />
    <ClCompile Include="TestBookmarkItem.cpp">
      <Filter>Bookmarks</Filter>
    </ClCompile>
    <ClCompile Include="TestBookmarkTree.cpp">
      <Filter>Bookmarks</Filter>
    </ClCompile>
    <ClCompile Include="TestBookmarkClipboard.cpp">
      <Filter>Bookmarks</Filter>
    </ClCompile>
    <ClCompile Include="TestCachedIcons.cpp">
      <Filter>Helper</Filter>
    </ClCompile>
    <ClCompile Include="Main.cpp" />
    <ClCompile Include="$(MSBuildThisFileDirectory)..\..\lib\native\src\gtest\gtest-all.cc" />
    <ClCompile Include="$(MSBuildThisFileDirectory)..\..\lib\native\src\gmock\gmock-all.cc" />
  </ItemGroup>
  <ItemGroup>
    <None Include="packages.config" />
  </ItemGroup>
  <ItemGroup>
    <Filter Include="Bookmarks">
      <UniqueIdentifier>{7dd3ae31-2bd9-4bf2-99c5-8bf64e5f1f5c}</UniqueIdentifier>
    </Filter>
    <Filter Include="Helper">
      <UniqueIdentifier>{486e737f-f618-476b-a8e5-4baef24e3c9c}</UniqueIdentifier>
    </Filter>
    <Filter Include="Resource Files">
      <UniqueIdentifier>{d79645af-c720-443f-aeb6-c40b1167b6bb}</UniqueIdentifier>
    </Filter>
  </ItemGroup>
  <ItemGroup>
    <ResourceCompile Include="TestExplorer++.rc">
      <Filter>Resource Files</Filter>
    </ResourceCompile>
  </ItemGroup>
</Project>