
Microsoft Visual Studio Solution File, Format Version 10.00
# Visual Studio 2008
Project("{8BC9CEB8-8B4A-11D0-8D11-00A0C91BC942}") = "Explorer++ES", "Explorer++ES\Explorer++ES.vcproj", "{0556BC85-8759-4DF3-B000-8861C1DF5FFB}"
EndProject
Global
	GlobalSection(SolutionConfigurationPlatforms) = preSolution
		Debug|Win32 = Debug|Win32
		Release|Win32 = Release|Win32
	EndGlobalSection
	GlobalSection(ProjectConfigurationPlatforms) = postSolution
		{0556BC85-8759-4DF3-B000-8861C1DF5FFB}.Debug|Win32.ActiveCfg = Debug|Win32
		{0556BC85-8759-4DF3-B000-8861C1DF5FFB}.Debug|Win32.Build.0 = Debug|Win32
		{0556BC85-8759-4DF3-B000-8861C1DF5FFB}.Release|Win32.ActiveCfg = Release|Win32
		{0556BC85-8759-4DF3-B000-8861C1DF5FFB}.Release|Win32.Build.0 = Release|Win32
	EndGlobalSection
	GlobalSection(SolutionProperties) = preSolution
		HideSolutionNode = FALSE
	EndGlobalSection
EndGlobal
