<?xml version="1.0" encoding="utf-8"?>
<Project ToolsVersion="4.0" xmlns="http://schemas.microsoft.com/developer/msbuild/2003">
  <ItemGroup>
    <ClCompile Include="Bookmark.cpp">
      <Filter>Source Files</Filter>
    </ClCompile>
    <ClCompile Include="Buffer.cpp">
      <Filter>Source Files</Filter>
    </ClCompile>
    <ClCompile Include="Controls.c">
      <Filter>Source Files</Filter>
    </ClCompile>
    <ClCompile Include="CustomMenu.cpp">
      <Filter>Source Files</Filter>
    </ClCompile>
    <ClCompile Include="DriveInfo.cpp">
      <Filter>Source Files</Filter>
    </ClCompile>
    <ClCompile Include="DropHandler.cpp">
      <Filter>Source Files</Filter>
    </ClCompile>
    <ClCompile Include="FolderSize.cpp">
      <Filter>Source Files</Filter>
    </ClCompile>
    <ClCompile Include="Helper.cpp">
      <Filter>Source Files</Filter>
    </ClCompile>
    <ClCompile Include="iDataObject.cpp">
      <Filter>Source Files</Filter>
    </ClCompile>
    <ClCompile Include="iDirectoryMonitor.cpp">
      <Filter>Source Files</Filter>
    </ClCompile>
    <ClCompile Include="iEnumFormatEtc.cpp">
      <Filter>Source Files</Filter>
    </ClCompile>
    <ClCompile Include="ShellHelper.cpp">
      <Filter>Source Files</Filter>
    </ClCompile>
    <ClCompile Include="stdafx.cpp">
      <Filter>Source Files</Filter>
    </ClCompile>
    <ClCompile Include="ContextMenuManager.cpp">
      <Filter>Source Files</Filter>
    </ClCompile>
    <ClCompile Include="BaseDialog.cpp">
      <Filter>Source Files</Filter>
    </ClCompile>
    <ClCompile Include="FileContextMenuManager.cpp">
      <Filter>Source Files</Filter>
    </ClCompile>
    <ClCompile Include="StatusBar.cpp">
      <Filter>Source Files</Filter>
    </ClCompile>
    <ClCompile Include="ReferenceCount.cpp">
      <Filter>Source Files</Filter>
    </ClCompile>
    <ClCompile Include="DialogSettings.cpp">
      <Filter>Source Files</Filter>
    </ClCompile>
    <ClCompile Include="XMLSettings.cpp">
      <Filter>Source Files</Filter>
    </ClCompile>
    <ClCompile Include="SetDefaultFileManager.cpp">
      <Filter>Source Files</Filter>
    </ClCompile>
    <ClCompile Include="ResizableDialog.cpp">
      <Filter>Source Files</Filter>
    </ClCompile>
    <ClCompile Include="RegistrySettings.cpp">
      <Filter>Source Files</Filter>
    </ClCompile>
    <ClCompile Include="FileActionHandler.cpp">
      <Filter>Source Files</Filter>
    </ClCompile>
    <ClCompile Include="FileOperations.cpp">
      <Filter>Source Files</Filter>
    </ClCompile>
  </ItemGroup>
  <ItemGroup>
    <ClInclude Include="Bookmark.h">
      <Filter>Header Files</Filter>
    </ClInclude>
    <ClInclude Include="Buffer.h">
      <Filter>Header Files</Filter>
    </ClInclude>
    <ClInclude Include="Controls.h">
      <Filter>Header Files</Filter>
    </ClInclude>
    <ClInclude Include="CustomMenu.h">
      <Filter>Header Files</Filter>
    </ClInclude>
    <ClInclude Include="DropHandler.h">
      <Filter>Header Files</Filter>
    </ClInclude>
    <ClInclude Include="FileOperations.h">
      <Filter>Header Files</Filter>
    </ClInclude>
    <ClInclude Include="FolderSize.h">
      <Filter>Header Files</Filter>
    </ClInclude>
    <ClInclude Include="Helper.h">
      <Filter>Header Files</Filter>
    </ClInclude>
    <ClInclude Include="iDataObject.h">
      <Filter>Header Files</Filter>
    </ClInclude>
    <ClInclude Include="iDirectoryMonitor.h">
      <Filter>Header Files</Filter>
    </ClInclude>
    <ClInclude Include="stdafx.h">
      <Filter>Header Files</Filter>
    </ClInclude>
    <ClInclude Include="iEnumFormatEtc.h">
      <Filter>Header Files</Filter>
    </ClInclude>
    <ClInclude Include="ContextMenuManager.h">
      <Filter>Header Files</Filter>
    </ClInclude>
    <ClInclude Include="ShellHelper.h">
      <Filter>Header Files</Filter>
    </ClInclude>
    <ClInclude Include="BaseDialog.h">
      <Filter>Header Files</Filter>
    </ClInclude>
    <ClInclude Include="FileContextMenuManager.h">
      <Filter>Header Files</Filter>
    </ClInclude>
    <ClInclude Include="StatusBar.h">
      <Filter>Header Files</Filter>
    </ClInclude>
    <ClInclude Include="ReferenceCount.h">
      <Filter>Header Files</Filter>
    </ClInclude>
    <ClInclude Include="DialogSettings.h">
      <Filter>Header Files</Filter>
    </ClInclude>
    <ClInclude Include="XMLSettings.h">
      <Filter>Header Files</Filter>
    </ClInclude>
    <ClInclude Include="SetDefaultFileManager.h">
      <Filter>Header Files</Filter>
    </ClInclude>
    <ClInclude Include="ResizableDialog.h">
      <Filter>Header Files</Filter>
    </ClInclude>
    <ClInclude Include="RegistrySettings.h">
      <Filter>Header Files</Filter>
    </ClInclude>
    <ClInclude Include="FileActionHandler.h">
      <Filter>Header Files</Filter>
    </ClInclude>
  </ItemGroup>
  <ItemGroup>
    <Filter Include="Source Files">
      <UniqueIdentifier>{9a9f4520-e49c-4e93-a3d5-447dfffaf540}</UniqueIdentifier>
    </Filter>
    <Filter Include="Header Files">
      <UniqueIdentifier>{ae1e72d9-3fd9-43e3-b707-8e38b190d179}</UniqueIdentifier>
    </Filter>
    <Filter Include="Resource Files">
      <UniqueIdentifier>{e8f7900c-74b7-46e5-a93a-ea871a69c786}</UniqueIdentifier>
    </Filter>
  </ItemGroup>
</Project>